// !$*UTF8*$!
{
	archiveVersion = 1;
	classes = {
	};
	objectVersion = 56;
	objects = {

/* Begin PBXBuildFile section */
		8B348C702A223E18009DD175 /* Folder.swift in Sources */ = {isa = PBXBuildFile; fileRef = 8B348C6F2A223E18009DD175 /* Folder.swift */; };
		8B348C712A223E18009DD175 /* SourceError.swift in Sources */ = {isa = PBXBuildFile; fileRef = 8B348C6A2A223E18009DD175 /* SourceError.swift */; };
		8B348C722A223E18009DD175 /* TypstSourceFile.swift in Sources */ = {isa = PBXBuildFile; fileRef = 8B348C6B2A223E18009DD175 /* TypstSourceFile.swift */; };
		8B348C732A223E18009DD175 /* SourceProtocol.swift in Sources */ = {isa = PBXBuildFile; fileRef = 8B348C6C2A223E18009DD175 /* SourceProtocol.swift */; };
		8B348C742A223E18009DD175 /* GenericFile.swift in Sources */ = {isa = PBXBuildFile; fileRef = 8B348C6D2A223E18009DD175 /* GenericFile.swift */; };
		8B348C752A223E18009DD175 /* ImageFile.swift in Sources */ = {isa = PBXBuildFile; fileRef = 8B348C6E2A223E18009DD175 /* ImageFile.swift */; };
		8B348C7D2A225462009DD175 /* WorkbenchViewController.swift in Sources */ = {isa = PBXBuildFile; fileRef = 8B348C7C2A225462009DD175 /* WorkbenchViewController.swift */; };
		8B348C7F2A22567B009DD175 /* DocumentCreationView.swift in Sources */ = {isa = PBXBuildFile; fileRef = 8B348C7E2A22567B009DD175 /* DocumentCreationView.swift */; };
		8B348C892A22B0A2009DD175 /* SidebarItemViewModel.swift in Sources */ = {isa = PBXBuildFile; fileRef = 8B348C882A22B0A2009DD175 /* SidebarItemViewModel.swift */; };
		8B4F2B6E2A21376D007A15D7 /* AppDelegate.swift in Sources */ = {isa = PBXBuildFile; fileRef = 8B4F2B6D2A21376D007A15D7 /* AppDelegate.swift */; };
		8B4F2B702A21376D007A15D7 /* DocumentBrowserViewController.swift in Sources */ = {isa = PBXBuildFile; fileRef = 8B4F2B6F2A21376D007A15D7 /* DocumentBrowserViewController.swift */; };
		8B4F2B772A21376D007A15D7 /* Main.storyboard in Resources */ = {isa = PBXBuildFile; fileRef = 8B4F2B752A21376D007A15D7 /* Main.storyboard */; };
		8B4F2B792A21376E007A15D7 /* Assets.xcassets in Resources */ = {isa = PBXBuildFile; fileRef = 8B4F2B782A21376E007A15D7 /* Assets.xcassets */; };
		8B4F2B7C2A21376E007A15D7 /* LaunchScreen.storyboard in Resources */ = {isa = PBXBuildFile; fileRef = 8B4F2B7A2A21376E007A15D7 /* LaunchScreen.storyboard */; };
		8B4F2C302A222626007A15D7 /* QuickLook.framework in Frameworks */ = {isa = PBXBuildFile; fileRef = 8B4F2C2F2A222626007A15D7 /* QuickLook.framework */; };
		8B4F2C352A222627007A15D7 /* PreviewProvider.swift in Sources */ = {isa = PBXBuildFile; fileRef = 8B4F2C342A222627007A15D7 /* PreviewProvider.swift */; };
		8B4F2C3C2A222627007A15D7 /* Preview.appex in Embed Foundation Extensions */ = {isa = PBXBuildFile; fileRef = 8B4F2C2D2A222626007A15D7 /* Preview.appex */; platformFilter = ios; settings = {ATTRIBUTES = (RemoveHeadersOnCopy, ); }; };
		8B4F2C472A2226AD007A15D7 /* QuickLookThumbnailing.framework in Frameworks */ = {isa = PBXBuildFile; fileRef = 8B4F2C462A2226AD007A15D7 /* QuickLookThumbnailing.framework */; };
		8B4F2C4A2A2226AD007A15D7 /* ThumbnailProvider.swift in Sources */ = {isa = PBXBuildFile; fileRef = 8B4F2C492A2226AD007A15D7 /* ThumbnailProvider.swift */; };
		8B4F2C4E2A2226AD007A15D7 /* Thumbnail.appex in Embed Foundation Extensions */ = {isa = PBXBuildFile; fileRef = 8B4F2C452A2226AD007A15D7 /* Thumbnail.appex */; platformFilter = ios; settings = {ATTRIBUTES = (RemoveHeadersOnCopy, ); }; };
		8B4F2C542A222E6F007A15D7 /* RootSplitViewController.swift in Sources */ = {isa = PBXBuildFile; fileRef = 8B4F2C532A222E6F007A15D7 /* RootSplitViewController.swift */; };
		8B4F2C582A2236C0007A15D7 /* SidebarViewController.swift in Sources */ = {isa = PBXBuildFile; fileRef = 8B4F2C572A2236C0007A15D7 /* SidebarViewController.swift */; };
		8B4F2C5B2A223B64007A15D7 /* SerifianDocument.swift in Sources */ = {isa = PBXBuildFile; fileRef = 8B4F2C5A2A223B64007A15D7 /* SerifianDocument.swift */; };
		8B4F2C642A223C8B007A15D7 /* SerifianDocument+Compile.swift in Sources */ = {isa = PBXBuildFile; fileRef = 8B4F2C5F2A223C8B007A15D7 /* SerifianDocument+Compile.swift */; };
		8B4F2C652A223C8B007A15D7 /* DocumentError.swift in Sources */ = {isa = PBXBuildFile; fileRef = 8B4F2C602A223C8B007A15D7 /* DocumentError.swift */; };
		8B4F2C662A223C8B007A15D7 /* SerifianDocument+Thumbnail.swift in Sources */ = {isa = PBXBuildFile; fileRef = 8B4F2C612A223C8B007A15D7 /* SerifianDocument+Thumbnail.swift */; };
		8B4F2C672A223C8B007A15D7 /* DocumentMetadata.swift in Sources */ = {isa = PBXBuildFile; fileRef = 8B4F2C622A223C8B007A15D7 /* DocumentMetadata.swift */; };
		8B4F2C682A223C8B007A15D7 /* SerifianDocument+FileManager.swift in Sources */ = {isa = PBXBuildFile; fileRef = 8B4F2C632A223C8B007A15D7 /* SerifianDocument+FileManager.swift */; };
		8B87B6FE2A3668BA00287D9F /* AutocompletableSource.swift in Sources */ = {isa = PBXBuildFile; fileRef = 8B87B6FD2A3668BA00287D9F /* AutocompletableSource.swift */; };
		8B9561B32A235B6C001E0F6F /* DraggableDividerView.swift in Sources */ = {isa = PBXBuildFile; fileRef = 8B9561B22A235B6B001E0F6F /* DraggableDividerView.swift */; };
		8B9561B52A23B1DF001E0F6F /* CGRect+Center.swift in Sources */ = {isa = PBXBuildFile; fileRef = 8B9561B42A23B1DF001E0F6F /* CGRect+Center.swift */; };
		8BCC9C2B2AC6113300F4522B /* Runestone in Frameworks */ = {isa = PBXBuildFile; productRef = 8BCC9C2A2AC6113300F4522B /* Runestone */; };
		8BD4CB012AC61A20001D4E43 /* Example.sr in Resources */ = {isa = PBXBuildFile; fileRef = 8BD4CB002AC61A1F001D4E43 /* Example.sr */; };
		8BD4CB262AC61D8D001D4E43 /* Cargo.toml in Resources */ = {isa = PBXBuildFile; fileRef = 8BD4CB032AC61D8D001D4E43 /* Cargo.toml */; };
		8BD4CB272AC61D8D001D4E43 /* grammar.js in Resources */ = {isa = PBXBuildFile; fileRef = 8BD4CB042AC61D8D001D4E43 /* grammar.js */; };
		8BD4CB282AC61D8D001D4E43 /* LICENSE in Resources */ = {isa = PBXBuildFile; fileRef = 8BD4CB052AC61D8D001D4E43 /* LICENSE */; };
		8BD4CB292AC61D8D001D4E43 /* binding.gyp in Resources */ = {isa = PBXBuildFile; fileRef = 8BD4CB062AC61D8D001D4E43 /* binding.gyp */; };
		8BD4CB302AC61D8D001D4E43 /* highlights.scm in Resources */ = {isa = PBXBuildFile; fileRef = 8BD4CB0F2AC61D8D001D4E43 /* highlights.scm */; };
		8BD4CB312AC61D8D001D4E43 /* injections.scm in Resources */ = {isa = PBXBuildFile; fileRef = 8BD4CB102AC61D8D001D4E43 /* injections.scm */; };
		8BD4CB332AC61D8D001D4E43 /* README.md in Resources */ = {isa = PBXBuildFile; fileRef = 8BD4CB122AC61D8D001D4E43 /* README.md */; };
		8BD4CB342AC61D8D001D4E43 /* .gitignore in Resources */ = {isa = PBXBuildFile; fileRef = 8BD4CB132AC61D8D001D4E43 /* .gitignore */; };
		8BD4CB362AC61D8D001D4E43 /* package.json in Resources */ = {isa = PBXBuildFile; fileRef = 8BD4CB152AC61D8D001D4E43 /* package.json */; };
		8BD4CB3A2AC61D8D001D4E43 /* build.rs in Resources */ = {isa = PBXBuildFile; fileRef = 8BD4CB1B2AC61D8D001D4E43 /* build.rs */; };
		8BD4CB3D2AC61D8D001D4E43 /* node-types.json in Resources */ = {isa = PBXBuildFile; fileRef = 8BD4CB202AC61D8D001D4E43 /* node-types.json */; };
		8BD4CB3E2AC61D8D001D4E43 /* grammar.json in Resources */ = {isa = PBXBuildFile; fileRef = 8BD4CB232AC61D8D001D4E43 /* grammar.json */; };
		8BD4CB402AC61D8D001D4E43 /* parser.c in Sources */ = {isa = PBXBuildFile; fileRef = 8BD4CB252AC61D8D001D4E43 /* parser.c */; };
		8BD4CB432AC6235E001D4E43 /* EditorTheme.swift in Sources */ = {isa = PBXBuildFile; fileRef = 8BD4CB422AC6235E001D4E43 /* EditorTheme.swift */; };
		8BD4CB462AC62FB0001D4E43 /* scanner.cc in Sources */ = {isa = PBXBuildFile; fileRef = 8BD4CB452AC62FAF001D4E43 /* scanner.cc */; };
		AD2B63C72ABC2B7F00DAF85E /* AutocompleteResult+Clean.swift in Sources */ = {isa = PBXBuildFile; fileRef = AD2B63C62ABC2B7F00DAF85E /* AutocompleteResult+Clean.swift */; };
		AD2B63E92ABC6C1D00DAF85E /* InriaSerif-Bold.ttf in Resources */ = {isa = PBXBuildFile; fileRef = AD2B63CB2ABC6C1D00DAF85E /* InriaSerif-Bold.ttf */; };
		AD2B63EA2ABC6C1D00DAF85E /* NotoSerifHebrew-Bold.ttf in Resources */ = {isa = PBXBuildFile; fileRef = AD2B63CC2ABC6C1D00DAF85E /* NotoSerifHebrew-Bold.ttf */; };
		AD2B63EB2ABC6C1D00DAF85E /* NewCMMath-Regular.otf in Resources */ = {isa = PBXBuildFile; fileRef = AD2B63CD2ABC6C1D00DAF85E /* NewCMMath-Regular.otf */; };
		AD2B63EC2ABC6C1D00DAF85E /* IBMPlexSerif-Regular.ttf in Resources */ = {isa = PBXBuildFile; fileRef = AD2B63CE2ABC6C1D00DAF85E /* IBMPlexSerif-Regular.ttf */; };
		AD2B63ED2ABC6C1D00DAF85E /* NewCM10-Regular.otf in Resources */ = {isa = PBXBuildFile; fileRef = AD2B63CF2ABC6C1D00DAF85E /* NewCM10-Regular.otf */; };
		AD2B63EE2ABC6C1D00DAF85E /* InriaSerif-Regular.ttf in Resources */ = {isa = PBXBuildFile; fileRef = AD2B63D02ABC6C1D00DAF85E /* InriaSerif-Regular.ttf */; };
		AD2B63EF2ABC6C1D00DAF85E /* NewCM10-Italic.otf in Resources */ = {isa = PBXBuildFile; fileRef = AD2B63D12ABC6C1D00DAF85E /* NewCM10-Italic.otf */; };
		AD2B63F02ABC6C1D00DAF85E /* Roboto-Regular.ttf in Resources */ = {isa = PBXBuildFile; fileRef = AD2B63D22ABC6C1D00DAF85E /* Roboto-Regular.ttf */; };
		AD2B63F12ABC6C1D00DAF85E /* LinLibertine_RB.ttf in Resources */ = {isa = PBXBuildFile; fileRef = AD2B63D32ABC6C1D00DAF85E /* LinLibertine_RB.ttf */; };
		AD2B63F22ABC6C1D00DAF85E /* DejaVuSansMono-BoldOblique.ttf in Resources */ = {isa = PBXBuildFile; fileRef = AD2B63D42ABC6C1D00DAF85E /* DejaVuSansMono-BoldOblique.ttf */; };
		AD2B63F32ABC6C1D00DAF85E /* NewCMMath-Book.otf in Resources */ = {isa = PBXBuildFile; fileRef = AD2B63D52ABC6C1D00DAF85E /* NewCMMath-Book.otf */; };
		AD2B63F42ABC6C1D00DAF85E /* NotoSerifCJKsc-Regular.otf in Resources */ = {isa = PBXBuildFile; fileRef = AD2B63D62ABC6C1D00DAF85E /* NotoSerifCJKsc-Regular.otf */; };
		AD2B63F52ABC6C1D00DAF85E /* Ubuntu-Regular.ttf in Resources */ = {isa = PBXBuildFile; fileRef = AD2B63D72ABC6C1D00DAF85E /* Ubuntu-Regular.ttf */; };
		AD2B63F62ABC6C1D00DAF85E /* FiraMath-Regular.otf in Resources */ = {isa = PBXBuildFile; fileRef = AD2B63D82ABC6C1D00DAF85E /* FiraMath-Regular.otf */; };
		AD2B63F72ABC6C1D00DAF85E /* NotoColorEmoji.ttf in Resources */ = {isa = PBXBuildFile; fileRef = AD2B63D92ABC6C1D00DAF85E /* NotoColorEmoji.ttf */; };
		AD2B63F82ABC6C1D00DAF85E /* LinLibertine_RI.ttf in Resources */ = {isa = PBXBuildFile; fileRef = AD2B63DA2ABC6C1D00DAF85E /* LinLibertine_RI.ttf */; };
		AD2B63F92ABC6C1D00DAF85E /* DejaVuSansMono.ttf in Resources */ = {isa = PBXBuildFile; fileRef = AD2B63DB2ABC6C1D00DAF85E /* DejaVuSansMono.ttf */; };
		AD2B63FA2ABC6C1D00DAF85E /* NewCM10-Bold.otf in Resources */ = {isa = PBXBuildFile; fileRef = AD2B63DC2ABC6C1D00DAF85E /* NewCM10-Bold.otf */; };
		AD2B63FB2ABC6C1D00DAF85E /* InriaSerif-Italic.ttf in Resources */ = {isa = PBXBuildFile; fileRef = AD2B63DD2ABC6C1D00DAF85E /* InriaSerif-Italic.ttf */; };
		AD2B63FC2ABC6C1D00DAF85E /* PTSans-Regular.ttf in Resources */ = {isa = PBXBuildFile; fileRef = AD2B63DE2ABC6C1D00DAF85E /* PTSans-Regular.ttf */; };
		AD2B63FD2ABC6C1D00DAF85E /* TwitterColorEmoji.ttf in Resources */ = {isa = PBXBuildFile; fileRef = AD2B63DF2ABC6C1D00DAF85E /* TwitterColorEmoji.ttf */; };
		AD2B63FE2ABC6C1D00DAF85E /* LinLibertine_R.ttf in Resources */ = {isa = PBXBuildFile; fileRef = AD2B63E02ABC6C1D00DAF85E /* LinLibertine_R.ttf */; };
		AD2B63FF2ABC6C1D00DAF85E /* DejaVuSansMono-Bold.ttf in Resources */ = {isa = PBXBuildFile; fileRef = AD2B63E12ABC6C1D00DAF85E /* DejaVuSansMono-Bold.ttf */; };
		AD2B64002ABC6C1D00DAF85E /* NotoSansSymbols2-Regular.ttf in Resources */ = {isa = PBXBuildFile; fileRef = AD2B63E22ABC6C1D00DAF85E /* NotoSansSymbols2-Regular.ttf */; };
		AD2B64012ABC6C1D00DAF85E /* DejaVuSansMono-Oblique.ttf in Resources */ = {isa = PBXBuildFile; fileRef = AD2B63E32ABC6C1D00DAF85E /* DejaVuSansMono-Oblique.ttf */; };
		AD2B64022ABC6C1D00DAF85E /* NewCM10-BoldItalic.otf in Resources */ = {isa = PBXBuildFile; fileRef = AD2B63E42ABC6C1D00DAF85E /* NewCM10-BoldItalic.otf */; };
		AD2B64032ABC6C1D00DAF85E /* NotoSansArabic-Regular.ttf in Resources */ = {isa = PBXBuildFile; fileRef = AD2B63E52ABC6C1D00DAF85E /* NotoSansArabic-Regular.ttf */; };
		AD2B64042ABC6C1D00DAF85E /* NotoSerifHebrew-Regular.ttf in Resources */ = {isa = PBXBuildFile; fileRef = AD2B63E62ABC6C1D00DAF85E /* NotoSerifHebrew-Regular.ttf */; };
		AD2B64052ABC6C1D00DAF85E /* LinLibertine_RBI.ttf in Resources */ = {isa = PBXBuildFile; fileRef = AD2B63E72ABC6C1D00DAF85E /* LinLibertine_RBI.ttf */; };
		AD2B64062ABC6C1D00DAF85E /* InriaSerif-BoldItalic.ttf in Resources */ = {isa = PBXBuildFile; fileRef = AD2B63E82ABC6C1D00DAF85E /* InriaSerif-BoldItalic.ttf */; };
		AD2B64082ABC6C4000DAF85E /* SerifianDocument+Fonts.swift in Sources */ = {isa = PBXBuildFile; fileRef = AD2B64072ABC6C4000DAF85E /* SerifianDocument+Fonts.swift */; };
		AD334FB72A7703AD006FCB04 /* UIResponder+Swizzle.swift in Sources */ = {isa = PBXBuildFile; fileRef = AD334FB62A7703AD006FCB04 /* UIResponder+Swizzle.swift */; };
		AD49CE1B2AB737CC0068D5B1 /* AutocompletePopupItem.swift in Sources */ = {isa = PBXBuildFile; fileRef = AD49CE1A2AB737CC0068D5B1 /* AutocompletePopupItem.swift */; };
		AD49CE1D2AB738090068D5B1 /* AutocompleteResult+Fuseable.swift in Sources */ = {isa = PBXBuildFile; fileRef = AD49CE1C2AB738090068D5B1 /* AutocompleteResult+Fuseable.swift */; };
		AD49CE202AB7384D0068D5B1 /* AutocompleteCoordinator.swift in Sources */ = {isa = PBXBuildFile; fileRef = AD49CE1F2AB7384D0068D5B1 /* AutocompleteCoordinator.swift */; };
		AD49CE222AB75C240068D5B1 /* UITextRange+Intersection.swift in Sources */ = {isa = PBXBuildFile; fileRef = AD49CE212AB75C240068D5B1 /* UITextRange+Intersection.swift */; };
		AD8DC5D52A8E8421008E2717 /* AutocompletePopup.swift in Sources */ = {isa = PBXBuildFile; fileRef = AD8DC5D42A8E8421008E2717 /* AutocompletePopup.swift */; };
		AD8DC5DA2A900CD1008E2717 /* Fuse in Frameworks */ = {isa = PBXBuildFile; productRef = AD8DC5D92A900CD1008E2717 /* Fuse */; };
		AD9DA7032AC42D59001099AA /* SerifianDocument+TypstCompilerDelegate.swift in Sources */ = {isa = PBXBuildFile; fileRef = AD9DA7022AC42D59001099AA /* SerifianDocument+TypstCompilerDelegate.swift */; };
		AD9FF0212A90FE9E00C6EADD /* AutocompletePopupHostingController.swift in Sources */ = {isa = PBXBuildFile; fileRef = AD9FF0202A90FE9E00C6EADD /* AutocompletePopupHostingController.swift */; };
		AD9FF0222A9106C700C6EADD /* TypstEditorViewController.swift in Sources */ = {isa = PBXBuildFile; fileRef = 8BE0E0C92A2D27FD00A64EB1 /* TypstEditorViewController.swift */; };
		ADB569E52A8E633400F67C54 /* SwiftyTypst in Frameworks */ = {isa = PBXBuildFile; productRef = ADB569E42A8E633400F67C54 /* SwiftyTypst */; };
		ADCA13592AC0ABE1000A5EFC /* Empty.sr in Resources */ = {isa = PBXBuildFile; fileRef = ADCA13582AC0ABE1000A5EFC /* Empty.sr */; };
		ADCA135B2AC0C175000A5EFC /* CompilationErrorsView.swift in Sources */ = {isa = PBXBuildFile; fileRef = ADCA135A2AC0C175000A5EFC /* CompilationErrorsView.swift */; };
		ADCA135D2AC0C325000A5EFC /* CompilationError+Identifiable.swift in Sources */ = {isa = PBXBuildFile; fileRef = ADCA135C2AC0C325000A5EFC /* CompilationError+Identifiable.swift */; };
		ADCFDA542ABC884600C2C555 /* SwiftyTypst in Frameworks */ = {isa = PBXBuildFile; productRef = ADCFDA532ABC884600C2C555 /* SwiftyTypst */; };
/* End PBXBuildFile section */

/* Begin PBXContainerItemProxy section */
		8B4F2C3A2A222627007A15D7 /* PBXContainerItemProxy */ = {
			isa = PBXContainerItemProxy;
			containerPortal = 8B4F2B622A21376D007A15D7 /* Project object */;
			proxyType = 1;
			remoteGlobalIDString = 8B4F2C2C2A222626007A15D7;
			remoteInfo = Preview;
		};
		8B4F2C4C2A2226AD007A15D7 /* PBXContainerItemProxy */ = {
			isa = PBXContainerItemProxy;
			containerPortal = 8B4F2B622A21376D007A15D7 /* Project object */;
			proxyType = 1;
			remoteGlobalIDString = 8B4F2C442A2226AD007A15D7;
			remoteInfo = Thumbnail;
		};
/* End PBXContainerItemProxy section */

/* Begin PBXCopyFilesBuildPhase section */
		8B4F2C402A222627007A15D7 /* Embed Foundation Extensions */ = {
			isa = PBXCopyFilesBuildPhase;
			buildActionMask = 2147483647;
			dstPath = "";
			dstSubfolderSpec = 13;
			files = (
				8B4F2C3C2A222627007A15D7 /* Preview.appex in Embed Foundation Extensions */,
				8B4F2C4E2A2226AD007A15D7 /* Thumbnail.appex in Embed Foundation Extensions */,
			);
			name = "Embed Foundation Extensions";
			runOnlyForDeploymentPostprocessing = 0;
		};
/* End PBXCopyFilesBuildPhase section */

/* Begin PBXFileReference section */
		8B348C6A2A223E18009DD175 /* SourceError.swift */ = {isa = PBXFileReference; lastKnownFileType = sourcecode.swift; path = SourceError.swift; sourceTree = "<group>"; };
		8B348C6B2A223E18009DD175 /* TypstSourceFile.swift */ = {isa = PBXFileReference; lastKnownFileType = sourcecode.swift; path = TypstSourceFile.swift; sourceTree = "<group>"; };
		8B348C6C2A223E18009DD175 /* SourceProtocol.swift */ = {isa = PBXFileReference; lastKnownFileType = sourcecode.swift; path = SourceProtocol.swift; sourceTree = "<group>"; };
		8B348C6D2A223E18009DD175 /* GenericFile.swift */ = {isa = PBXFileReference; lastKnownFileType = sourcecode.swift; path = GenericFile.swift; sourceTree = "<group>"; };
		8B348C6E2A223E18009DD175 /* ImageFile.swift */ = {isa = PBXFileReference; lastKnownFileType = sourcecode.swift; path = ImageFile.swift; sourceTree = "<group>"; };
		8B348C6F2A223E18009DD175 /* Folder.swift */ = {isa = PBXFileReference; lastKnownFileType = sourcecode.swift; path = Folder.swift; sourceTree = "<group>"; };
		8B348C7C2A225462009DD175 /* WorkbenchViewController.swift */ = {isa = PBXFileReference; lastKnownFileType = sourcecode.swift; path = WorkbenchViewController.swift; sourceTree = "<group>"; };
		8B348C7E2A22567B009DD175 /* DocumentCreationView.swift */ = {isa = PBXFileReference; lastKnownFileType = sourcecode.swift; path = DocumentCreationView.swift; sourceTree = "<group>"; };
		8B348C882A22B0A2009DD175 /* SidebarItemViewModel.swift */ = {isa = PBXFileReference; fileEncoding = 4; lastKnownFileType = sourcecode.swift; path = SidebarItemViewModel.swift; sourceTree = "<group>"; };
		8B4F2B6A2A21376D007A15D7 /* Serifian.app */ = {isa = PBXFileReference; explicitFileType = wrapper.application; includeInIndex = 0; path = Serifian.app; sourceTree = BUILT_PRODUCTS_DIR; };
		8B4F2B6D2A21376D007A15D7 /* AppDelegate.swift */ = {isa = PBXFileReference; lastKnownFileType = sourcecode.swift; path = AppDelegate.swift; sourceTree = "<group>"; };
		8B4F2B6F2A21376D007A15D7 /* DocumentBrowserViewController.swift */ = {isa = PBXFileReference; lastKnownFileType = sourcecode.swift; path = DocumentBrowserViewController.swift; sourceTree = "<group>"; };
		8B4F2B762A21376D007A15D7 /* Base */ = {isa = PBXFileReference; lastKnownFileType = file.storyboard; name = Base; path = Base.lproj/Main.storyboard; sourceTree = "<group>"; };
		8B4F2B782A21376E007A15D7 /* Assets.xcassets */ = {isa = PBXFileReference; lastKnownFileType = folder.assetcatalog; path = Assets.xcassets; sourceTree = "<group>"; };
		8B4F2B7B2A21376E007A15D7 /* Base */ = {isa = PBXFileReference; lastKnownFileType = file.storyboard; name = Base; path = Base.lproj/LaunchScreen.storyboard; sourceTree = "<group>"; };
		8B4F2B7D2A21376E007A15D7 /* Info.plist */ = {isa = PBXFileReference; lastKnownFileType = text.plist.xml; path = Info.plist; sourceTree = "<group>"; };
		8B4F2C2D2A222626007A15D7 /* Preview.appex */ = {isa = PBXFileReference; explicitFileType = "wrapper.app-extension"; includeInIndex = 0; path = Preview.appex; sourceTree = BUILT_PRODUCTS_DIR; };
		8B4F2C2F2A222626007A15D7 /* QuickLook.framework */ = {isa = PBXFileReference; lastKnownFileType = wrapper.framework; name = QuickLook.framework; path = System/Library/Frameworks/QuickLook.framework; sourceTree = SDKROOT; };
		8B4F2C342A222627007A15D7 /* PreviewProvider.swift */ = {isa = PBXFileReference; lastKnownFileType = sourcecode.swift; path = PreviewProvider.swift; sourceTree = "<group>"; };
		8B4F2C392A222627007A15D7 /* Info.plist */ = {isa = PBXFileReference; lastKnownFileType = text.plist.xml; path = Info.plist; sourceTree = "<group>"; };
		8B4F2C452A2226AD007A15D7 /* Thumbnail.appex */ = {isa = PBXFileReference; explicitFileType = "wrapper.app-extension"; includeInIndex = 0; path = Thumbnail.appex; sourceTree = BUILT_PRODUCTS_DIR; };
		8B4F2C462A2226AD007A15D7 /* QuickLookThumbnailing.framework */ = {isa = PBXFileReference; lastKnownFileType = wrapper.framework; name = QuickLookThumbnailing.framework; path = System/Library/Frameworks/QuickLookThumbnailing.framework; sourceTree = SDKROOT; };
		8B4F2C492A2226AD007A15D7 /* ThumbnailProvider.swift */ = {isa = PBXFileReference; lastKnownFileType = sourcecode.swift; path = ThumbnailProvider.swift; sourceTree = "<group>"; };
		8B4F2C4B2A2226AD007A15D7 /* Info.plist */ = {isa = PBXFileReference; lastKnownFileType = text.plist.xml; path = Info.plist; sourceTree = "<group>"; };
		8B4F2C532A222E6F007A15D7 /* RootSplitViewController.swift */ = {isa = PBXFileReference; lastKnownFileType = sourcecode.swift; path = RootSplitViewController.swift; sourceTree = "<group>"; };
		8B4F2C572A2236C0007A15D7 /* SidebarViewController.swift */ = {isa = PBXFileReference; lastKnownFileType = sourcecode.swift; path = SidebarViewController.swift; sourceTree = "<group>"; };
		8B4F2C5A2A223B64007A15D7 /* SerifianDocument.swift */ = {isa = PBXFileReference; lastKnownFileType = sourcecode.swift; path = SerifianDocument.swift; sourceTree = "<group>"; };
		8B4F2C5F2A223C8B007A15D7 /* SerifianDocument+Compile.swift */ = {isa = PBXFileReference; fileEncoding = 4; lastKnownFileType = sourcecode.swift; path = "SerifianDocument+Compile.swift"; sourceTree = "<group>"; };
		8B4F2C602A223C8B007A15D7 /* DocumentError.swift */ = {isa = PBXFileReference; fileEncoding = 4; lastKnownFileType = sourcecode.swift; path = DocumentError.swift; sourceTree = "<group>"; };
		8B4F2C612A223C8B007A15D7 /* SerifianDocument+Thumbnail.swift */ = {isa = PBXFileReference; fileEncoding = 4; lastKnownFileType = sourcecode.swift; path = "SerifianDocument+Thumbnail.swift"; sourceTree = "<group>"; };
		8B4F2C622A223C8B007A15D7 /* DocumentMetadata.swift */ = {isa = PBXFileReference; fileEncoding = 4; lastKnownFileType = sourcecode.swift; path = DocumentMetadata.swift; sourceTree = "<group>"; };
		8B4F2C632A223C8B007A15D7 /* SerifianDocument+FileManager.swift */ = {isa = PBXFileReference; fileEncoding = 4; lastKnownFileType = sourcecode.swift; path = "SerifianDocument+FileManager.swift"; sourceTree = "<group>"; };
		8B87B6FD2A3668BA00287D9F /* AutocompletableSource.swift */ = {isa = PBXFileReference; lastKnownFileType = sourcecode.swift; path = AutocompletableSource.swift; sourceTree = "<group>"; };
		8B9561B22A235B6B001E0F6F /* DraggableDividerView.swift */ = {isa = PBXFileReference; lastKnownFileType = sourcecode.swift; path = DraggableDividerView.swift; sourceTree = "<group>"; };
		8B9561B42A23B1DF001E0F6F /* CGRect+Center.swift */ = {isa = PBXFileReference; lastKnownFileType = sourcecode.swift; path = "CGRect+Center.swift"; sourceTree = "<group>"; };
		8BC05B0C2A6C278E00C4B69A /* Serifian.entitlements */ = {isa = PBXFileReference; lastKnownFileType = text.plist.entitlements; path = Serifian.entitlements; sourceTree = "<group>"; };
		8BC05B0D2A6C278E00C4B69A /* Preview.entitlements */ = {isa = PBXFileReference; lastKnownFileType = text.plist.entitlements; path = Preview.entitlements; sourceTree = "<group>"; };
		8BC05B0E2A6C278E00C4B69A /* Thumbnail.entitlements */ = {isa = PBXFileReference; lastKnownFileType = text.plist.entitlements; path = Thumbnail.entitlements; sourceTree = "<group>"; };
		8BD4CB002AC61A1F001D4E43 /* Example.sr */ = {isa = PBXFileReference; lastKnownFileType = wrapper; path = Example.sr; sourceTree = "<group>"; };
		8BD4CB032AC61D8D001D4E43 /* Cargo.toml */ = {isa = PBXFileReference; fileEncoding = 4; lastKnownFileType = text; path = Cargo.toml; sourceTree = "<group>"; };
		8BD4CB042AC61D8D001D4E43 /* grammar.js */ = {isa = PBXFileReference; fileEncoding = 4; lastKnownFileType = sourcecode.javascript; path = grammar.js; sourceTree = "<group>"; };
		8BD4CB052AC61D8D001D4E43 /* LICENSE */ = {isa = PBXFileReference; fileEncoding = 4; lastKnownFileType = text; path = LICENSE; sourceTree = "<group>"; };
		8BD4CB062AC61D8D001D4E43 /* binding.gyp */ = {isa = PBXFileReference; fileEncoding = 4; lastKnownFileType = text; path = binding.gyp; sourceTree = "<group>"; };
		8BD4CB0F2AC61D8D001D4E43 /* highlights.scm */ = {isa = PBXFileReference; fileEncoding = 4; lastKnownFileType = text; path = highlights.scm; sourceTree = "<group>"; };
		8BD4CB102AC61D8D001D4E43 /* injections.scm */ = {isa = PBXFileReference; fileEncoding = 4; lastKnownFileType = text; path = injections.scm; sourceTree = "<group>"; };
		8BD4CB122AC61D8D001D4E43 /* README.md */ = {isa = PBXFileReference; fileEncoding = 4; lastKnownFileType = net.daringfireball.markdown; path = README.md; sourceTree = "<group>"; };
		8BD4CB132AC61D8D001D4E43 /* .gitignore */ = {isa = PBXFileReference; fileEncoding = 4; lastKnownFileType = text; path = .gitignore; sourceTree = "<group>"; };
		8BD4CB152AC61D8D001D4E43 /* package.json */ = {isa = PBXFileReference; fileEncoding = 4; lastKnownFileType = text.json; path = package.json; sourceTree = "<group>"; };
		8BD4CB1B2AC61D8D001D4E43 /* build.rs */ = {isa = PBXFileReference; fileEncoding = 4; lastKnownFileType = text; path = build.rs; sourceTree = "<group>"; };
		8BD4CB202AC61D8D001D4E43 /* node-types.json */ = {isa = PBXFileReference; fileEncoding = 4; lastKnownFileType = text.json; path = "node-types.json"; sourceTree = "<group>"; };
		8BD4CB222AC61D8D001D4E43 /* parser.h */ = {isa = PBXFileReference; fileEncoding = 4; lastKnownFileType = sourcecode.c.h; path = parser.h; sourceTree = "<group>"; };
		8BD4CB232AC61D8D001D4E43 /* grammar.json */ = {isa = PBXFileReference; fileEncoding = 4; lastKnownFileType = text.json; path = grammar.json; sourceTree = "<group>"; };
		8BD4CB252AC61D8D001D4E43 /* parser.c */ = {isa = PBXFileReference; fileEncoding = 4; lastKnownFileType = sourcecode.c.c; path = parser.c; sourceTree = "<group>"; };
		8BD4CB422AC6235E001D4E43 /* EditorTheme.swift */ = {isa = PBXFileReference; lastKnownFileType = sourcecode.swift; path = EditorTheme.swift; sourceTree = "<group>"; };
		8BD4CB442AC62DC9001D4E43 /* TreeSitterTypst.h */ = {isa = PBXFileReference; lastKnownFileType = sourcecode.c.h; path = TreeSitterTypst.h; sourceTree = "<group>"; };
		8BD4CB452AC62FAF001D4E43 /* scanner.cc */ = {isa = PBXFileReference; fileEncoding = 4; lastKnownFileType = sourcecode.cpp.cpp; path = scanner.cc; sourceTree = "<group>"; };
		8BE0E0C92A2D27FD00A64EB1 /* TypstEditorViewController.swift */ = {isa = PBXFileReference; lastKnownFileType = sourcecode.swift; path = TypstEditorViewController.swift; sourceTree = "<group>"; };
		AD2B63C62ABC2B7F00DAF85E /* AutocompleteResult+Clean.swift */ = {isa = PBXFileReference; lastKnownFileType = sourcecode.swift; path = "AutocompleteResult+Clean.swift"; sourceTree = "<group>"; };
		AD2B63CB2ABC6C1D00DAF85E /* InriaSerif-Bold.ttf */ = {isa = PBXFileReference; lastKnownFileType = file; path = "InriaSerif-Bold.ttf"; sourceTree = "<group>"; };
		AD2B63CC2ABC6C1D00DAF85E /* NotoSerifHebrew-Bold.ttf */ = {isa = PBXFileReference; lastKnownFileType = file; path = "NotoSerifHebrew-Bold.ttf"; sourceTree = "<group>"; };
		AD2B63CD2ABC6C1D00DAF85E /* NewCMMath-Regular.otf */ = {isa = PBXFileReference; lastKnownFileType = file; path = "NewCMMath-Regular.otf"; sourceTree = "<group>"; };
		AD2B63CE2ABC6C1D00DAF85E /* IBMPlexSerif-Regular.ttf */ = {isa = PBXFileReference; lastKnownFileType = file; path = "IBMPlexSerif-Regular.ttf"; sourceTree = "<group>"; };
		AD2B63CF2ABC6C1D00DAF85E /* NewCM10-Regular.otf */ = {isa = PBXFileReference; lastKnownFileType = file; path = "NewCM10-Regular.otf"; sourceTree = "<group>"; };
		AD2B63D02ABC6C1D00DAF85E /* InriaSerif-Regular.ttf */ = {isa = PBXFileReference; lastKnownFileType = file; path = "InriaSerif-Regular.ttf"; sourceTree = "<group>"; };
		AD2B63D12ABC6C1D00DAF85E /* NewCM10-Italic.otf */ = {isa = PBXFileReference; lastKnownFileType = file; path = "NewCM10-Italic.otf"; sourceTree = "<group>"; };
		AD2B63D22ABC6C1D00DAF85E /* Roboto-Regular.ttf */ = {isa = PBXFileReference; lastKnownFileType = file; path = "Roboto-Regular.ttf"; sourceTree = "<group>"; };
		AD2B63D32ABC6C1D00DAF85E /* LinLibertine_RB.ttf */ = {isa = PBXFileReference; lastKnownFileType = file; path = LinLibertine_RB.ttf; sourceTree = "<group>"; };
		AD2B63D42ABC6C1D00DAF85E /* DejaVuSansMono-BoldOblique.ttf */ = {isa = PBXFileReference; lastKnownFileType = file; path = "DejaVuSansMono-BoldOblique.ttf"; sourceTree = "<group>"; };
		AD2B63D52ABC6C1D00DAF85E /* NewCMMath-Book.otf */ = {isa = PBXFileReference; lastKnownFileType = file; path = "NewCMMath-Book.otf"; sourceTree = "<group>"; };
		AD2B63D62ABC6C1D00DAF85E /* NotoSerifCJKsc-Regular.otf */ = {isa = PBXFileReference; lastKnownFileType = file; path = "NotoSerifCJKsc-Regular.otf"; sourceTree = "<group>"; };
		AD2B63D72ABC6C1D00DAF85E /* Ubuntu-Regular.ttf */ = {isa = PBXFileReference; lastKnownFileType = file; path = "Ubuntu-Regular.ttf"; sourceTree = "<group>"; };
		AD2B63D82ABC6C1D00DAF85E /* FiraMath-Regular.otf */ = {isa = PBXFileReference; lastKnownFileType = file; path = "FiraMath-Regular.otf"; sourceTree = "<group>"; };
		AD2B63D92ABC6C1D00DAF85E /* NotoColorEmoji.ttf */ = {isa = PBXFileReference; lastKnownFileType = file; path = NotoColorEmoji.ttf; sourceTree = "<group>"; };
		AD2B63DA2ABC6C1D00DAF85E /* LinLibertine_RI.ttf */ = {isa = PBXFileReference; lastKnownFileType = file; path = LinLibertine_RI.ttf; sourceTree = "<group>"; };
		AD2B63DB2ABC6C1D00DAF85E /* DejaVuSansMono.ttf */ = {isa = PBXFileReference; lastKnownFileType = file; path = DejaVuSansMono.ttf; sourceTree = "<group>"; };
		AD2B63DC2ABC6C1D00DAF85E /* NewCM10-Bold.otf */ = {isa = PBXFileReference; lastKnownFileType = file; path = "NewCM10-Bold.otf"; sourceTree = "<group>"; };
		AD2B63DD2ABC6C1D00DAF85E /* InriaSerif-Italic.ttf */ = {isa = PBXFileReference; lastKnownFileType = file; path = "InriaSerif-Italic.ttf"; sourceTree = "<group>"; };
		AD2B63DE2ABC6C1D00DAF85E /* PTSans-Regular.ttf */ = {isa = PBXFileReference; lastKnownFileType = file; path = "PTSans-Regular.ttf"; sourceTree = "<group>"; };
		AD2B63DF2ABC6C1D00DAF85E /* TwitterColorEmoji.ttf */ = {isa = PBXFileReference; lastKnownFileType = file; path = TwitterColorEmoji.ttf; sourceTree = "<group>"; };
		AD2B63E02ABC6C1D00DAF85E /* LinLibertine_R.ttf */ = {isa = PBXFileReference; lastKnownFileType = file; path = LinLibertine_R.ttf; sourceTree = "<group>"; };
		AD2B63E12ABC6C1D00DAF85E /* DejaVuSansMono-Bold.ttf */ = {isa = PBXFileReference; lastKnownFileType = file; path = "DejaVuSansMono-Bold.ttf"; sourceTree = "<group>"; };
		AD2B63E22ABC6C1D00DAF85E /* NotoSansSymbols2-Regular.ttf */ = {isa = PBXFileReference; lastKnownFileType = file; path = "NotoSansSymbols2-Regular.ttf"; sourceTree = "<group>"; };
		AD2B63E32ABC6C1D00DAF85E /* DejaVuSansMono-Oblique.ttf */ = {isa = PBXFileReference; lastKnownFileType = file; path = "DejaVuSansMono-Oblique.ttf"; sourceTree = "<group>"; };
		AD2B63E42ABC6C1D00DAF85E /* NewCM10-BoldItalic.otf */ = {isa = PBXFileReference; lastKnownFileType = file; path = "NewCM10-BoldItalic.otf"; sourceTree = "<group>"; };
		AD2B63E52ABC6C1D00DAF85E /* NotoSansArabic-Regular.ttf */ = {isa = PBXFileReference; lastKnownFileType = file; path = "NotoSansArabic-Regular.ttf"; sourceTree = "<group>"; };
		AD2B63E62ABC6C1D00DAF85E /* NotoSerifHebrew-Regular.ttf */ = {isa = PBXFileReference; lastKnownFileType = file; path = "NotoSerifHebrew-Regular.ttf"; sourceTree = "<group>"; };
		AD2B63E72ABC6C1D00DAF85E /* LinLibertine_RBI.ttf */ = {isa = PBXFileReference; lastKnownFileType = file; path = LinLibertine_RBI.ttf; sourceTree = "<group>"; };
		AD2B63E82ABC6C1D00DAF85E /* InriaSerif-BoldItalic.ttf */ = {isa = PBXFileReference; lastKnownFileType = file; path = "InriaSerif-BoldItalic.ttf"; sourceTree = "<group>"; };
		AD2B64072ABC6C4000DAF85E /* SerifianDocument+Fonts.swift */ = {isa = PBXFileReference; lastKnownFileType = sourcecode.swift; path = "SerifianDocument+Fonts.swift"; sourceTree = "<group>"; };
		AD334FB62A7703AD006FCB04 /* UIResponder+Swizzle.swift */ = {isa = PBXFileReference; fileEncoding = 4; lastKnownFileType = sourcecode.swift; path = "UIResponder+Swizzle.swift"; sourceTree = "<group>"; };
		AD49CE1A2AB737CC0068D5B1 /* AutocompletePopupItem.swift */ = {isa = PBXFileReference; lastKnownFileType = sourcecode.swift; path = AutocompletePopupItem.swift; sourceTree = "<group>"; };
		AD49CE1C2AB738090068D5B1 /* AutocompleteResult+Fuseable.swift */ = {isa = PBXFileReference; lastKnownFileType = sourcecode.swift; path = "AutocompleteResult+Fuseable.swift"; sourceTree = "<group>"; };
		AD49CE1F2AB7384D0068D5B1 /* AutocompleteCoordinator.swift */ = {isa = PBXFileReference; lastKnownFileType = sourcecode.swift; path = AutocompleteCoordinator.swift; sourceTree = "<group>"; };
		AD49CE212AB75C240068D5B1 /* UITextRange+Intersection.swift */ = {isa = PBXFileReference; lastKnownFileType = sourcecode.swift; path = "UITextRange+Intersection.swift"; sourceTree = "<group>"; };
		AD8DC5D42A8E8421008E2717 /* AutocompletePopup.swift */ = {isa = PBXFileReference; lastKnownFileType = sourcecode.swift; path = AutocompletePopup.swift; sourceTree = "<group>"; };
		AD9DA7022AC42D59001099AA /* SerifianDocument+TypstCompilerDelegate.swift */ = {isa = PBXFileReference; lastKnownFileType = sourcecode.swift; path = "SerifianDocument+TypstCompilerDelegate.swift"; sourceTree = "<group>"; };
		AD9FF0202A90FE9E00C6EADD /* AutocompletePopupHostingController.swift */ = {isa = PBXFileReference; lastKnownFileType = sourcecode.swift; path = AutocompletePopupHostingController.swift; sourceTree = "<group>"; };
		ADCA13582AC0ABE1000A5EFC /* Empty.sr */ = {isa = PBXFileReference; lastKnownFileType = wrapper; path = Empty.sr; sourceTree = "<group>"; };
		ADCA135A2AC0C175000A5EFC /* CompilationErrorsView.swift */ = {isa = PBXFileReference; lastKnownFileType = sourcecode.swift; path = CompilationErrorsView.swift; sourceTree = "<group>"; };
		ADCA135C2AC0C325000A5EFC /* CompilationError+Identifiable.swift */ = {isa = PBXFileReference; lastKnownFileType = sourcecode.swift; path = "CompilationError+Identifiable.swift"; sourceTree = "<group>"; };
/* End PBXFileReference section */

/* Begin PBXFrameworksBuildPhase section */
		8B4F2B672A21376D007A15D7 /* Frameworks */ = {
			isa = PBXFrameworksBuildPhase;
			buildActionMask = 2147483647;
			files = (
				8BCC9C2B2AC6113300F4522B /* Runestone in Frameworks */,
				ADB569E52A8E633400F67C54 /* SwiftyTypst in Frameworks */,
				ADCFDA542ABC884600C2C555 /* SwiftyTypst in Frameworks */,
				AD8DC5DA2A900CD1008E2717 /* Fuse in Frameworks */,
			);
			runOnlyForDeploymentPostprocessing = 0;
		};
		8B4F2C2A2A222626007A15D7 /* Frameworks */ = {
			isa = PBXFrameworksBuildPhase;
			buildActionMask = 2147483647;
			files = (
				8B4F2C302A222626007A15D7 /* QuickLook.framework in Frameworks */,
			);
			runOnlyForDeploymentPostprocessing = 0;
		};
		8B4F2C422A2226AD007A15D7 /* Frameworks */ = {
			isa = PBXFrameworksBuildPhase;
			buildActionMask = 2147483647;
			files = (
				8B4F2C472A2226AD007A15D7 /* QuickLookThumbnailing.framework in Frameworks */,
			);
			runOnlyForDeploymentPostprocessing = 0;
		};
/* End PBXFrameworksBuildPhase section */

/* Begin PBXGroup section */
		8B348C762A223E22009DD175 /* Sources */ = {
			isa = PBXGroup;
			children = (
				8B87B6FF2A366D5D00287D9F /* Protocols */,
				8B348C6F2A223E18009DD175 /* Folder.swift */,
				8B348C6D2A223E18009DD175 /* GenericFile.swift */,
				8B348C6E2A223E18009DD175 /* ImageFile.swift */,
				8B348C882A22B0A2009DD175 /* SidebarItemViewModel.swift */,
				8B348C6A2A223E18009DD175 /* SourceError.swift */,
				8B348C6C2A223E18009DD175 /* SourceProtocol.swift */,
				8B348C6B2A223E18009DD175 /* TypstSourceFile.swift */,
			);
			path = Sources;
			sourceTree = "<group>";
		};
		8B348C772A224A66009DD175 /* Views */ = {
			isa = PBXGroup;
			children = (
				AD49CE1E2AB7383B0068D5B1 /* Autocomplete */,
				ADCA135A2AC0C175000A5EFC /* CompilationErrorsView.swift */,
				8B348C7E2A22567B009DD175 /* DocumentCreationView.swift */,
				8B9561B22A235B6B001E0F6F /* DraggableDividerView.swift */,
			);
			path = Views;
			sourceTree = "<group>";
		};
		8B348C802A225925009DD175 /* Templates */ = {
			isa = PBXGroup;
			children = (
				ADCA13582AC0ABE1000A5EFC /* Empty.sr */,
				8BD4CB002AC61A1F001D4E43 /* Example.sr */,
			);
			path = Templates;
			sourceTree = "<group>";
		};
		8B348C852A22A66C009DD175 /* Utilities */ = {
			isa = PBXGroup;
			children = (
				AD2B63C62ABC2B7F00DAF85E /* AutocompleteResult+Clean.swift */,
				AD49CE1C2AB738090068D5B1 /* AutocompleteResult+Fuseable.swift */,
				8BD4CB422AC6235E001D4E43 /* EditorTheme.swift */,
				8B9561B42A23B1DF001E0F6F /* CGRect+Center.swift */,
				ADCA135C2AC0C325000A5EFC /* CompilationError+Identifiable.swift */,
				AD334FB62A7703AD006FCB04 /* UIResponder+Swizzle.swift */,
				AD49CE212AB75C240068D5B1 /* UITextRange+Intersection.swift */,
			);
			path = Utilities;
			sourceTree = "<group>";
		};
		8B4F2B612A21376D007A15D7 = {
			isa = PBXGroup;
			children = (
				AD2B63CA2ABC6C1D00DAF85E /* Fonts */,
				8B348C802A225925009DD175 /* Templates */,
				8B4F2B6C2A21376D007A15D7 /* Serifian */,
				8B4F2C312A222627007A15D7 /* Preview */,
				8B4F2C482A2226AD007A15D7 /* Thumbnail */,
				8BD4CB022AC61D8D001D4E43 /* TreeSitterTypst */,
				8BD4CB442AC62DC9001D4E43 /* TreeSitterTypst.h */,
				8BD4CB452AC62FAF001D4E43 /* scanner.cc */,
				8B4F2C2E2A222626007A15D7 /* Frameworks */,
				8B4F2B6B2A21376D007A15D7 /* Products */,
			);
			sourceTree = "<group>";
		};
		8B4F2B6B2A21376D007A15D7 /* Products */ = {
			isa = PBXGroup;
			children = (
				8B4F2B6A2A21376D007A15D7 /* Serifian.app */,
				8B4F2C2D2A222626007A15D7 /* Preview.appex */,
				8B4F2C452A2226AD007A15D7 /* Thumbnail.appex */,
			);
			name = Products;
			sourceTree = "<group>";
		};
		8B4F2B6C2A21376D007A15D7 /* Serifian */ = {
			isa = PBXGroup;
			children = (
				8BC05B0C2A6C278E00C4B69A /* Serifian.entitlements */,
				8B348C852A22A66C009DD175 /* Utilities */,
				8B348C772A224A66009DD175 /* Views */,
				8B4F2C592A223B46007A15D7 /* Models */,
				8B4F2C522A222E1C007A15D7 /* View Controllers */,
				8B4F2B6D2A21376D007A15D7 /* AppDelegate.swift */,
				8B4F2B752A21376D007A15D7 /* Main.storyboard */,
				8B4F2B782A21376E007A15D7 /* Assets.xcassets */,
				8B4F2B7A2A21376E007A15D7 /* LaunchScreen.storyboard */,
				8B4F2B7D2A21376E007A15D7 /* Info.plist */,
			);
			path = Serifian;
			sourceTree = "<group>";
		};
		8B4F2C2E2A222626007A15D7 /* Frameworks */ = {
			isa = PBXGroup;
			children = (
				8B4F2C2F2A222626007A15D7 /* QuickLook.framework */,
				8B4F2C462A2226AD007A15D7 /* QuickLookThumbnailing.framework */,
			);
			name = Frameworks;
			sourceTree = "<group>";
		};
		8B4F2C312A222627007A15D7 /* Preview */ = {
			isa = PBXGroup;
			children = (
				8BC05B0D2A6C278E00C4B69A /* Preview.entitlements */,
				8B4F2C342A222627007A15D7 /* PreviewProvider.swift */,
				8B4F2C392A222627007A15D7 /* Info.plist */,
			);
			path = Preview;
			sourceTree = "<group>";
		};
		8B4F2C482A2226AD007A15D7 /* Thumbnail */ = {
			isa = PBXGroup;
			children = (
				8BC05B0E2A6C278E00C4B69A /* Thumbnail.entitlements */,
				8B4F2C492A2226AD007A15D7 /* ThumbnailProvider.swift */,
				8B4F2C4B2A2226AD007A15D7 /* Info.plist */,
			);
			path = Thumbnail;
			sourceTree = "<group>";
		};
		8B4F2C522A222E1C007A15D7 /* View Controllers */ = {
			isa = PBXGroup;
			children = (
				AD9FF0202A90FE9E00C6EADD /* AutocompletePopupHostingController.swift */,
				8B4F2B6F2A21376D007A15D7 /* DocumentBrowserViewController.swift */,
				8B4F2C532A222E6F007A15D7 /* RootSplitViewController.swift */,
				8B4F2C572A2236C0007A15D7 /* SidebarViewController.swift */,
				8BE0E0C92A2D27FD00A64EB1 /* TypstEditorViewController.swift */,
				8B348C7C2A225462009DD175 /* WorkbenchViewController.swift */,
			);
			path = "View Controllers";
			sourceTree = "<group>";
		};
		8B4F2C592A223B46007A15D7 /* Models */ = {
			isa = PBXGroup;
			children = (
				8B348C762A223E22009DD175 /* Sources */,
				8B4F2C5E2A223C77007A15D7 /* Document */,
			);
			path = Models;
			sourceTree = "<group>";
		};
		8B4F2C5E2A223C77007A15D7 /* Document */ = {
			isa = PBXGroup;
			children = (
				8B4F2C602A223C8B007A15D7 /* DocumentError.swift */,
				8B4F2C622A223C8B007A15D7 /* DocumentMetadata.swift */,
				8B4F2C5A2A223B64007A15D7 /* SerifianDocument.swift */,
				8B4F2C5F2A223C8B007A15D7 /* SerifianDocument+Compile.swift */,
				8B4F2C632A223C8B007A15D7 /* SerifianDocument+FileManager.swift */,
				AD2B64072ABC6C4000DAF85E /* SerifianDocument+Fonts.swift */,
				8B4F2C612A223C8B007A15D7 /* SerifianDocument+Thumbnail.swift */,
				AD9DA7022AC42D59001099AA /* SerifianDocument+TypstCompilerDelegate.swift */,
			);
			path = Document;
			sourceTree = "<group>";
		};
		8B87B6FF2A366D5D00287D9F /* Protocols */ = {
			isa = PBXGroup;
			children = (
				8B87B6FD2A3668BA00287D9F /* AutocompletableSource.swift */,
			);
			path = Protocols;
			sourceTree = "<group>";
		};
		8BD4CB022AC61D8D001D4E43 /* TreeSitterTypst */ = {
			isa = PBXGroup;
			children = (
				8BD4CB032AC61D8D001D4E43 /* Cargo.toml */,
				8BD4CB042AC61D8D001D4E43 /* grammar.js */,
				8BD4CB052AC61D8D001D4E43 /* LICENSE */,
				8BD4CB062AC61D8D001D4E43 /* binding.gyp */,
				8BD4CB0E2AC61D8D001D4E43 /* queries */,
				8BD4CB122AC61D8D001D4E43 /* README.md */,
				8BD4CB132AC61D8D001D4E43 /* .gitignore */,
				8BD4CB152AC61D8D001D4E43 /* package.json */,
				8BD4CB182AC61D8D001D4E43 /* bindings */,
				8BD4CB1F2AC61D8D001D4E43 /* src */,
			);
			path = TreeSitterTypst;
			sourceTree = "<group>";
		};
		8BD4CB0E2AC61D8D001D4E43 /* queries */ = {
			isa = PBXGroup;
			children = (
				8BD4CB0F2AC61D8D001D4E43 /* highlights.scm */,
				8BD4CB102AC61D8D001D4E43 /* injections.scm */,
			);
			path = queries;
			sourceTree = "<group>";
		};
		8BD4CB182AC61D8D001D4E43 /* bindings */ = {
			isa = PBXGroup;
			children = (
				8BD4CB192AC61D8D001D4E43 /* rust */,
			);
			path = bindings;
			sourceTree = "<group>";
		};
		8BD4CB192AC61D8D001D4E43 /* rust */ = {
			isa = PBXGroup;
			children = (
				8BD4CB1B2AC61D8D001D4E43 /* build.rs */,
			);
			path = rust;
			sourceTree = "<group>";
		};
		8BD4CB1F2AC61D8D001D4E43 /* src */ = {
			isa = PBXGroup;
			children = (
				8BD4CB202AC61D8D001D4E43 /* node-types.json */,
				8BD4CB212AC61D8D001D4E43 /* tree_sitter */,
				8BD4CB232AC61D8D001D4E43 /* grammar.json */,
				8BD4CB252AC61D8D001D4E43 /* parser.c */,
			);
			path = src;
			sourceTree = "<group>";
		};
		8BD4CB212AC61D8D001D4E43 /* tree_sitter */ = {
			isa = PBXGroup;
			children = (
				8BD4CB222AC61D8D001D4E43 /* parser.h */,
			);
			path = tree_sitter;
			sourceTree = "<group>";
		};
		AD2B63CA2ABC6C1D00DAF85E /* Fonts */ = {
			isa = PBXGroup;
			children = (
				AD2B63CB2ABC6C1D00DAF85E /* InriaSerif-Bold.ttf */,
				AD2B63CC2ABC6C1D00DAF85E /* NotoSerifHebrew-Bold.ttf */,
				AD2B63CD2ABC6C1D00DAF85E /* NewCMMath-Regular.otf */,
				AD2B63CE2ABC6C1D00DAF85E /* IBMPlexSerif-Regular.ttf */,
				AD2B63CF2ABC6C1D00DAF85E /* NewCM10-Regular.otf */,
				AD2B63D02ABC6C1D00DAF85E /* InriaSerif-Regular.ttf */,
				AD2B63D12ABC6C1D00DAF85E /* NewCM10-Italic.otf */,
				AD2B63D22ABC6C1D00DAF85E /* Roboto-Regular.ttf */,
				AD2B63D32ABC6C1D00DAF85E /* LinLibertine_RB.ttf */,
				AD2B63D42ABC6C1D00DAF85E /* DejaVuSansMono-BoldOblique.ttf */,
				AD2B63D52ABC6C1D00DAF85E /* NewCMMath-Book.otf */,
				AD2B63D62ABC6C1D00DAF85E /* NotoSerifCJKsc-Regular.otf */,
				AD2B63D72ABC6C1D00DAF85E /* Ubuntu-Regular.ttf */,
				AD2B63D82ABC6C1D00DAF85E /* FiraMath-Regular.otf */,
				AD2B63D92ABC6C1D00DAF85E /* NotoColorEmoji.ttf */,
				AD2B63DA2ABC6C1D00DAF85E /* LinLibertine_RI.ttf */,
				AD2B63DB2ABC6C1D00DAF85E /* DejaVuSansMono.ttf */,
				AD2B63DC2ABC6C1D00DAF85E /* NewCM10-Bold.otf */,
				AD2B63DD2ABC6C1D00DAF85E /* InriaSerif-Italic.ttf */,
				AD2B63DE2ABC6C1D00DAF85E /* PTSans-Regular.ttf */,
				AD2B63DF2ABC6C1D00DAF85E /* TwitterColorEmoji.ttf */,
				AD2B63E02ABC6C1D00DAF85E /* LinLibertine_R.ttf */,
				AD2B63E12ABC6C1D00DAF85E /* DejaVuSansMono-Bold.ttf */,
				AD2B63E22ABC6C1D00DAF85E /* NotoSansSymbols2-Regular.ttf */,
				AD2B63E32ABC6C1D00DAF85E /* DejaVuSansMono-Oblique.ttf */,
				AD2B63E42ABC6C1D00DAF85E /* NewCM10-BoldItalic.otf */,
				AD2B63E52ABC6C1D00DAF85E /* NotoSansArabic-Regular.ttf */,
				AD2B63E62ABC6C1D00DAF85E /* NotoSerifHebrew-Regular.ttf */,
				AD2B63E72ABC6C1D00DAF85E /* LinLibertine_RBI.ttf */,
				AD2B63E82ABC6C1D00DAF85E /* InriaSerif-BoldItalic.ttf */,
			);
			path = Fonts;
			sourceTree = "<group>";
		};
		AD49CE1E2AB7383B0068D5B1 /* Autocomplete */ = {
			isa = PBXGroup;
			children = (
				AD8DC5D42A8E8421008E2717 /* AutocompletePopup.swift */,
				AD49CE1A2AB737CC0068D5B1 /* AutocompletePopupItem.swift */,
				AD49CE1F2AB7384D0068D5B1 /* AutocompleteCoordinator.swift */,
			);
			path = Autocomplete;
			sourceTree = "<group>";
		};
/* End PBXGroup section */

/* Begin PBXNativeTarget section */
		8B4F2B692A21376D007A15D7 /* Serifian */ = {
			isa = PBXNativeTarget;
			buildConfigurationList = 8B4F2B802A21376E007A15D7 /* Build configuration list for PBXNativeTarget "Serifian" */;
			buildPhases = (
				8B4F2B662A21376D007A15D7 /* Sources */,
				8B4F2B672A21376D007A15D7 /* Frameworks */,
				8B4F2B682A21376D007A15D7 /* Resources */,
				8B4F2C402A222627007A15D7 /* Embed Foundation Extensions */,
			);
			buildRules = (
			);
			dependencies = (
				8B4F2C3B2A222627007A15D7 /* PBXTargetDependency */,
				8B4F2C4D2A2226AD007A15D7 /* PBXTargetDependency */,
			);
			name = Serifian;
			packageProductDependencies = (
				ADB569E42A8E633400F67C54 /* SwiftyTypst */,
				AD8DC5D92A900CD1008E2717 /* Fuse */,
				ADCFDA532ABC884600C2C555 /* SwiftyTypst */,
				8BCC9C2A2AC6113300F4522B /* Runestone */,
			);
			productName = Serifian;
			productReference = 8B4F2B6A2A21376D007A15D7 /* Serifian.app */;
			productType = "com.apple.product-type.application";
		};
		8B4F2C2C2A222626007A15D7 /* Preview */ = {
			isa = PBXNativeTarget;
			buildConfigurationList = 8B4F2C3D2A222627007A15D7 /* Build configuration list for PBXNativeTarget "Preview" */;
			buildPhases = (
				8B4F2C292A222626007A15D7 /* Sources */,
				8B4F2C2A2A222626007A15D7 /* Frameworks */,
				8B4F2C2B2A222626007A15D7 /* Resources */,
			);
			buildRules = (
			);
			dependencies = (
			);
			name = Preview;
			productName = Preview;
			productReference = 8B4F2C2D2A222626007A15D7 /* Preview.appex */;
			productType = "com.apple.product-type.app-extension";
		};
		8B4F2C442A2226AD007A15D7 /* Thumbnail */ = {
			isa = PBXNativeTarget;
			buildConfigurationList = 8B4F2C4F2A2226AD007A15D7 /* Build configuration list for PBXNativeTarget "Thumbnail" */;
			buildPhases = (
				8B4F2C412A2226AD007A15D7 /* Sources */,
				8B4F2C422A2226AD007A15D7 /* Frameworks */,
				8B4F2C432A2226AD007A15D7 /* Resources */,
			);
			buildRules = (
			);
			dependencies = (
			);
			name = Thumbnail;
			productName = Thumbnail;
			productReference = 8B4F2C452A2226AD007A15D7 /* Thumbnail.appex */;
			productType = "com.apple.product-type.app-extension";
		};
/* End PBXNativeTarget section */

/* Begin PBXProject section */
		8B4F2B622A21376D007A15D7 /* Project object */ = {
			isa = PBXProject;
			attributes = {
				BuildIndependentTargetsInParallel = 1;
				LastSwiftUpdateCheck = 1430;
				LastUpgradeCheck = 1500;
				TargetAttributes = {
					8B4F2B692A21376D007A15D7 = {
						CreatedOnToolsVersion = 14.3;
					};
					8B4F2C2C2A222626007A15D7 = {
						CreatedOnToolsVersion = 14.3;
					};
					8B4F2C442A2226AD007A15D7 = {
						CreatedOnToolsVersion = 14.3;
					};
				};
			};
			buildConfigurationList = 8B4F2B652A21376D007A15D7 /* Build configuration list for PBXProject "Serifian" */;
			compatibilityVersion = "Xcode 14.0";
			developmentRegion = en;
			hasScannedForEncodings = 0;
			knownRegions = (
				en,
				Base,
			);
			mainGroup = 8B4F2B612A21376D007A15D7;
			packageReferences = (
				AD8DC5D82A900C83008E2717 /* XCRemoteSwiftPackageReference "fuse-swift" */,
				ADCFDA522ABC884600C2C555 /* XCRemoteSwiftPackageReference "SwiftyTypst" */,
				8BCC9C292AC6113300F4522B /* XCRemoteSwiftPackageReference "Runestone" */,
			);
			productRefGroup = 8B4F2B6B2A21376D007A15D7 /* Products */;
			projectDirPath = "";
			projectRoot = "";
			targets = (
				8B4F2B692A21376D007A15D7 /* Serifian */,
				8B4F2C2C2A222626007A15D7 /* Preview */,
				8B4F2C442A2226AD007A15D7 /* Thumbnail */,
			);
		};
/* End PBXProject section */

/* Begin PBXResourcesBuildPhase section */
		8B4F2B682A21376D007A15D7 /* Resources */ = {
			isa = PBXResourcesBuildPhase;
			buildActionMask = 2147483647;
			files = (
				8BD4CB362AC61D8D001D4E43 /* package.json in Resources */,
				AD2B63ED2ABC6C1D00DAF85E /* NewCM10-Regular.otf in Resources */,
				AD2B64062ABC6C1D00DAF85E /* InriaSerif-BoldItalic.ttf in Resources */,
				8BD4CB302AC61D8D001D4E43 /* highlights.scm in Resources */,
				AD2B64002ABC6C1D00DAF85E /* NotoSansSymbols2-Regular.ttf in Resources */,
				AD2B63EA2ABC6C1D00DAF85E /* NotoSerifHebrew-Bold.ttf in Resources */,
				ADCA13592AC0ABE1000A5EFC /* Empty.sr in Resources */,
				AD2B63F92ABC6C1D00DAF85E /* DejaVuSansMono.ttf in Resources */,
				AD2B63EC2ABC6C1D00DAF85E /* IBMPlexSerif-Regular.ttf in Resources */,
				8BD4CB342AC61D8D001D4E43 /* .gitignore in Resources */,
				AD2B63E92ABC6C1D00DAF85E /* InriaSerif-Bold.ttf in Resources */,
				8BD4CB272AC61D8D001D4E43 /* grammar.js in Resources */,
				AD2B63FD2ABC6C1D00DAF85E /* TwitterColorEmoji.ttf in Resources */,
				AD2B63F82ABC6C1D00DAF85E /* LinLibertine_RI.ttf in Resources */,
				8B4F2B7C2A21376E007A15D7 /* LaunchScreen.storyboard in Resources */,
				8BD4CB3A2AC61D8D001D4E43 /* build.rs in Resources */,
				AD2B63FC2ABC6C1D00DAF85E /* PTSans-Regular.ttf in Resources */,
				8BD4CB332AC61D8D001D4E43 /* README.md in Resources */,
				8BD4CB262AC61D8D001D4E43 /* Cargo.toml in Resources */,
				AD2B64012ABC6C1D00DAF85E /* DejaVuSansMono-Oblique.ttf in Resources */,
				AD2B64022ABC6C1D00DAF85E /* NewCM10-BoldItalic.otf in Resources */,
				AD2B64032ABC6C1D00DAF85E /* NotoSansArabic-Regular.ttf in Resources */,
				8BD4CB3D2AC61D8D001D4E43 /* node-types.json in Resources */,
				AD2B63F22ABC6C1D00DAF85E /* DejaVuSansMono-BoldOblique.ttf in Resources */,
				8BD4CB3E2AC61D8D001D4E43 /* grammar.json in Resources */,
				8BD4CB012AC61A20001D4E43 /* Example.sr in Resources */,
				AD2B63F32ABC6C1D00DAF85E /* NewCMMath-Book.otf in Resources */,
				AD2B63EB2ABC6C1D00DAF85E /* NewCMMath-Regular.otf in Resources */,
				AD2B63F52ABC6C1D00DAF85E /* Ubuntu-Regular.ttf in Resources */,
				8B4F2B792A21376E007A15D7 /* Assets.xcassets in Resources */,
				AD2B63F02ABC6C1D00DAF85E /* Roboto-Regular.ttf in Resources */,
				AD2B63FE2ABC6C1D00DAF85E /* LinLibertine_R.ttf in Resources */,
				8BD4CB292AC61D8D001D4E43 /* binding.gyp in Resources */,
				AD2B64052ABC6C1D00DAF85E /* LinLibertine_RBI.ttf in Resources */,
				AD2B63F72ABC6C1D00DAF85E /* NotoColorEmoji.ttf in Resources */,
				AD2B63F42ABC6C1D00DAF85E /* NotoSerifCJKsc-Regular.otf in Resources */,
				AD2B63FA2ABC6C1D00DAF85E /* NewCM10-Bold.otf in Resources */,
				AD2B63F62ABC6C1D00DAF85E /* FiraMath-Regular.otf in Resources */,
				8BD4CB282AC61D8D001D4E43 /* LICENSE in Resources */,
				AD2B63EE2ABC6C1D00DAF85E /* InriaSerif-Regular.ttf in Resources */,
				AD2B63FB2ABC6C1D00DAF85E /* InriaSerif-Italic.ttf in Resources */,
				AD2B63FF2ABC6C1D00DAF85E /* DejaVuSansMono-Bold.ttf in Resources */,
				AD2B64042ABC6C1D00DAF85E /* NotoSerifHebrew-Regular.ttf in Resources */,
				8B4F2B772A21376D007A15D7 /* Main.storyboard in Resources */,
				AD2B63F12ABC6C1D00DAF85E /* LinLibertine_RB.ttf in Resources */,
				8BD4CB312AC61D8D001D4E43 /* injections.scm in Resources */,
				AD2B63EF2ABC6C1D00DAF85E /* NewCM10-Italic.otf in Resources */,
			);
			runOnlyForDeploymentPostprocessing = 0;
		};
		8B4F2C2B2A222626007A15D7 /* Resources */ = {
			isa = PBXResourcesBuildPhase;
			buildActionMask = 2147483647;
			files = (
			);
			runOnlyForDeploymentPostprocessing = 0;
		};
		8B4F2C432A2226AD007A15D7 /* Resources */ = {
			isa = PBXResourcesBuildPhase;
			buildActionMask = 2147483647;
			files = (
			);
			runOnlyForDeploymentPostprocessing = 0;
		};
/* End PBXResourcesBuildPhase section */

/* Begin PBXSourcesBuildPhase section */
		8B4F2B662A21376D007A15D7 /* Sources */ = {
			isa = PBXSourcesBuildPhase;
			buildActionMask = 2147483647;
			files = (
				8B4F2C672A223C8B007A15D7 /* DocumentMetadata.swift in Sources */,
				8B4F2C582A2236C0007A15D7 /* SidebarViewController.swift in Sources */,
				ADCA135D2AC0C325000A5EFC /* CompilationError+Identifiable.swift in Sources */,
				8B4F2C642A223C8B007A15D7 /* SerifianDocument+Compile.swift in Sources */,
				AD49CE1D2AB738090068D5B1 /* AutocompleteResult+Fuseable.swift in Sources */,
				8B4F2B702A21376D007A15D7 /* DocumentBrowserViewController.swift in Sources */,
				AD2B63C72ABC2B7F00DAF85E /* AutocompleteResult+Clean.swift in Sources */,
				8B348C7F2A22567B009DD175 /* DocumentCreationView.swift in Sources */,
				8B348C732A223E18009DD175 /* SourceProtocol.swift in Sources */,
				8B4F2B6E2A21376D007A15D7 /* AppDelegate.swift in Sources */,
				8B4F2C662A223C8B007A15D7 /* SerifianDocument+Thumbnail.swift in Sources */,
				8B9561B32A235B6C001E0F6F /* DraggableDividerView.swift in Sources */,
				8BD4CB462AC62FB0001D4E43 /* scanner.cc in Sources */,
				AD8DC5D52A8E8421008E2717 /* AutocompletePopup.swift in Sources */,
				AD49CE222AB75C240068D5B1 /* UITextRange+Intersection.swift in Sources */,
				AD9FF0212A90FE9E00C6EADD /* AutocompletePopupHostingController.swift in Sources */,
				AD49CE1B2AB737CC0068D5B1 /* AutocompletePopupItem.swift in Sources */,
				AD49CE202AB7384D0068D5B1 /* AutocompleteCoordinator.swift in Sources */,
				8B348C7D2A225462009DD175 /* WorkbenchViewController.swift in Sources */,
				8B348C712A223E18009DD175 /* SourceError.swift in Sources */,
				8B348C742A223E18009DD175 /* GenericFile.swift in Sources */,
				8B4F2C682A223C8B007A15D7 /* SerifianDocument+FileManager.swift in Sources */,
				ADCA135B2AC0C175000A5EFC /* CompilationErrorsView.swift in Sources */,
				8B348C722A223E18009DD175 /* TypstSourceFile.swift in Sources */,
				AD9FF0222A9106C700C6EADD /* TypstEditorViewController.swift in Sources */,
				8B4F2C542A222E6F007A15D7 /* RootSplitViewController.swift in Sources */,
				8BD4CB432AC6235E001D4E43 /* EditorTheme.swift in Sources */,
				8B87B6FE2A3668BA00287D9F /* AutocompletableSource.swift in Sources */,
				8B348C892A22B0A2009DD175 /* SidebarItemViewModel.swift in Sources */,
				AD9DA7032AC42D59001099AA /* SerifianDocument+TypstCompilerDelegate.swift in Sources */,
				8B348C752A223E18009DD175 /* ImageFile.swift in Sources */,
				8B4F2C652A223C8B007A15D7 /* DocumentError.swift in Sources */,
				8B9561B52A23B1DF001E0F6F /* CGRect+Center.swift in Sources */,
				AD334FB72A7703AD006FCB04 /* UIResponder+Swizzle.swift in Sources */,
				8B4F2C5B2A223B64007A15D7 /* SerifianDocument.swift in Sources */,
				8B348C702A223E18009DD175 /* Folder.swift in Sources */,
				8BD4CB402AC61D8D001D4E43 /* parser.c in Sources */,
				AD2B64082ABC6C4000DAF85E /* SerifianDocument+Fonts.swift in Sources */,
			);
			runOnlyForDeploymentPostprocessing = 0;
		};
		8B4F2C292A222626007A15D7 /* Sources */ = {
			isa = PBXSourcesBuildPhase;
			buildActionMask = 2147483647;
			files = (
				8B4F2C352A222627007A15D7 /* PreviewProvider.swift in Sources */,
			);
			runOnlyForDeploymentPostprocessing = 0;
		};
		8B4F2C412A2226AD007A15D7 /* Sources */ = {
			isa = PBXSourcesBuildPhase;
			buildActionMask = 2147483647;
			files = (
				8B4F2C4A2A2226AD007A15D7 /* ThumbnailProvider.swift in Sources */,
			);
			runOnlyForDeploymentPostprocessing = 0;
		};
/* End PBXSourcesBuildPhase section */

/* Begin PBXTargetDependency section */
		8B4F2C3B2A222627007A15D7 /* PBXTargetDependency */ = {
			isa = PBXTargetDependency;
			platformFilter = ios;
			target = 8B4F2C2C2A222626007A15D7 /* Preview */;
			targetProxy = 8B4F2C3A2A222627007A15D7 /* PBXContainerItemProxy */;
		};
		8B4F2C4D2A2226AD007A15D7 /* PBXTargetDependency */ = {
			isa = PBXTargetDependency;
			platformFilter = ios;
			target = 8B4F2C442A2226AD007A15D7 /* Thumbnail */;
			targetProxy = 8B4F2C4C2A2226AD007A15D7 /* PBXContainerItemProxy */;
		};
/* End PBXTargetDependency section */

/* Begin PBXVariantGroup section */
		8B4F2B752A21376D007A15D7 /* Main.storyboard */ = {
			isa = PBXVariantGroup;
			children = (
				8B4F2B762A21376D007A15D7 /* Base */,
			);
			name = Main.storyboard;
			sourceTree = "<group>";
		};
		8B4F2B7A2A21376E007A15D7 /* LaunchScreen.storyboard */ = {
			isa = PBXVariantGroup;
			children = (
				8B4F2B7B2A21376E007A15D7 /* Base */,
			);
			name = LaunchScreen.storyboard;
			sourceTree = "<group>";
		};
/* End PBXVariantGroup section */

/* Begin XCBuildConfiguration section */
		8B4F2B7E2A21376E007A15D7 /* Debug */ = {
			isa = XCBuildConfiguration;
			buildSettings = {
				ALWAYS_SEARCH_USER_PATHS = NO;
				CLANG_ANALYZER_NONNULL = YES;
				CLANG_ANALYZER_NUMBER_OBJECT_CONVERSION = YES_AGGRESSIVE;
				CLANG_CXX_LANGUAGE_STANDARD = "gnu++20";
				CLANG_ENABLE_MODULES = YES;
				CLANG_ENABLE_OBJC_ARC = YES;
				CLANG_ENABLE_OBJC_WEAK = YES;
				CLANG_WARN_BLOCK_CAPTURE_AUTORELEASING = YES;
				CLANG_WARN_BOOL_CONVERSION = YES;
				CLANG_WARN_COMMA = YES;
				CLANG_WARN_CONSTANT_CONVERSION = YES;
				CLANG_WARN_DEPRECATED_OBJC_IMPLEMENTATIONS = YES;
				CLANG_WARN_DIRECT_OBJC_ISA_USAGE = YES_ERROR;
				CLANG_WARN_DOCUMENTATION_COMMENTS = YES;
				CLANG_WARN_EMPTY_BODY = YES;
				CLANG_WARN_ENUM_CONVERSION = YES;
				CLANG_WARN_INFINITE_RECURSION = YES;
				CLANG_WARN_INT_CONVERSION = YES;
				CLANG_WARN_NON_LITERAL_NULL_CONVERSION = YES;
				CLANG_WARN_OBJC_IMPLICIT_RETAIN_SELF = YES;
				CLANG_WARN_OBJC_LITERAL_CONVERSION = YES;
				CLANG_WARN_OBJC_ROOT_CLASS = YES_ERROR;
				CLANG_WARN_QUOTED_INCLUDE_IN_FRAMEWORK_HEADER = YES;
				CLANG_WARN_RANGE_LOOP_ANALYSIS = YES;
				CLANG_WARN_STRICT_PROTOTYPES = YES;
				CLANG_WARN_SUSPICIOUS_MOVE = YES;
				CLANG_WARN_UNGUARDED_AVAILABILITY = YES_AGGRESSIVE;
				CLANG_WARN_UNREACHABLE_CODE = YES;
				CLANG_WARN__DUPLICATE_METHOD_MATCH = YES;
				COPY_PHASE_STRIP = NO;
				DEBUG_INFORMATION_FORMAT = dwarf;
				ENABLE_STRICT_OBJC_MSGSEND = YES;
				ENABLE_TESTABILITY = YES;
				GCC_C_LANGUAGE_STANDARD = gnu11;
				GCC_DYNAMIC_NO_PIC = NO;
				GCC_NO_COMMON_BLOCKS = YES;
				GCC_OPTIMIZATION_LEVEL = 0;
				GCC_PREPROCESSOR_DEFINITIONS = (
					"DEBUG=1",
					"$(inherited)",
				);
				GCC_WARN_64_TO_32_BIT_CONVERSION = YES;
				GCC_WARN_ABOUT_RETURN_TYPE = YES_ERROR;
				GCC_WARN_UNDECLARED_SELECTOR = YES;
				GCC_WARN_UNINITIALIZED_AUTOS = YES_AGGRESSIVE;
				GCC_WARN_UNUSED_FUNCTION = YES;
				GCC_WARN_UNUSED_VARIABLE = YES;
				IPHONEOS_DEPLOYMENT_TARGET = 16.4;
				MTL_ENABLE_DEBUG_INFO = INCLUDE_SOURCE;
				MTL_FAST_MATH = YES;
				ONLY_ACTIVE_ARCH = YES;
				SDKROOT = iphoneos;
				SWIFT_ACTIVE_COMPILATION_CONDITIONS = DEBUG;
				SWIFT_OPTIMIZATION_LEVEL = "-Onone";
			};
			name = Debug;
		};
		8B4F2B7F2A21376E007A15D7 /* Release */ = {
			isa = XCBuildConfiguration;
			buildSettings = {
				ALWAYS_SEARCH_USER_PATHS = NO;
				CLANG_ANALYZER_NONNULL = YES;
				CLANG_ANALYZER_NUMBER_OBJECT_CONVERSION = YES_AGGRESSIVE;
				CLANG_CXX_LANGUAGE_STANDARD = "gnu++20";
				CLANG_ENABLE_MODULES = YES;
				CLANG_ENABLE_OBJC_ARC = YES;
				CLANG_ENABLE_OBJC_WEAK = YES;
				CLANG_WARN_BLOCK_CAPTURE_AUTORELEASING = YES;
				CLANG_WARN_BOOL_CONVERSION = YES;
				CLANG_WARN_COMMA = YES;
				CLANG_WARN_CONSTANT_CONVERSION = YES;
				CLANG_WARN_DEPRECATED_OBJC_IMPLEMENTATIONS = YES;
				CLANG_WARN_DIRECT_OBJC_ISA_USAGE = YES_ERROR;
				CLANG_WARN_DOCUMENTATION_COMMENTS = YES;
				CLANG_WARN_EMPTY_BODY = YES;
				CLANG_WARN_ENUM_CONVERSION = YES;
				CLANG_WARN_INFINITE_RECURSION = YES;
				CLANG_WARN_INT_CONVERSION = YES;
				CLANG_WARN_NON_LITERAL_NULL_CONVERSION = YES;
				CLANG_WARN_OBJC_IMPLICIT_RETAIN_SELF = YES;
				CLANG_WARN_OBJC_LITERAL_CONVERSION = YES;
				CLANG_WARN_OBJC_ROOT_CLASS = YES_ERROR;
				CLANG_WARN_QUOTED_INCLUDE_IN_FRAMEWORK_HEADER = YES;
				CLANG_WARN_RANGE_LOOP_ANALYSIS = YES;
				CLANG_WARN_STRICT_PROTOTYPES = YES;
				CLANG_WARN_SUSPICIOUS_MOVE = YES;
				CLANG_WARN_UNGUARDED_AVAILABILITY = YES_AGGRESSIVE;
				CLANG_WARN_UNREACHABLE_CODE = YES;
				CLANG_WARN__DUPLICATE_METHOD_MATCH = YES;
				COPY_PHASE_STRIP = NO;
				DEBUG_INFORMATION_FORMAT = "dwarf-with-dsym";
				ENABLE_NS_ASSERTIONS = NO;
				ENABLE_STRICT_OBJC_MSGSEND = YES;
				GCC_C_LANGUAGE_STANDARD = gnu11;
				GCC_NO_COMMON_BLOCKS = YES;
				GCC_WARN_64_TO_32_BIT_CONVERSION = YES;
				GCC_WARN_ABOUT_RETURN_TYPE = YES_ERROR;
				GCC_WARN_UNDECLARED_SELECTOR = YES;
				GCC_WARN_UNINITIALIZED_AUTOS = YES_AGGRESSIVE;
				GCC_WARN_UNUSED_FUNCTION = YES;
				GCC_WARN_UNUSED_VARIABLE = YES;
				IPHONEOS_DEPLOYMENT_TARGET = 16.4;
				MTL_ENABLE_DEBUG_INFO = NO;
				MTL_FAST_MATH = YES;
				SDKROOT = iphoneos;
				SWIFT_COMPILATION_MODE = wholemodule;
				SWIFT_OPTIMIZATION_LEVEL = "-O";
				VALIDATE_PRODUCT = YES;
			};
			name = Release;
		};
		8B4F2B812A21376E007A15D7 /* Debug */ = {
			isa = XCBuildConfiguration;
			buildSettings = {
				ALWAYS_EMBED_SWIFT_STANDARD_LIBRARIES = YES;
				ASSETCATALOG_COMPILER_APPICON_NAME = "";
				"ASSETCATALOG_COMPILER_APPICON_NAME[sdk=iphoneos*]" = "iOS Icon";
				"ASSETCATALOG_COMPILER_APPICON_NAME[sdk=macosx*]" = "macOS Beta Icon";
				ASSETCATALOG_COMPILER_GLOBAL_ACCENT_COLOR_NAME = AccentColor;
				CODE_SIGN_ENTITLEMENTS = Serifian/Serifian.entitlements;
				CODE_SIGN_STYLE = Automatic;
				CURRENT_PROJECT_VERSION = 1;
				DEVELOPMENT_TEAM = BZTVD28H6K;
				EXCLUDED_ARCHS = "";
				GENERATE_INFOPLIST_FILE = YES;
				INFOPLIST_FILE = Serifian/Info.plist;
				INFOPLIST_KEY_LSApplicationCategoryType = "public.app-category.productivity";
				INFOPLIST_KEY_UIApplicationSupportsIndirectInputEvents = YES;
				INFOPLIST_KEY_UILaunchStoryboardName = LaunchScreen;
				INFOPLIST_KEY_UIMainStoryboardFile = Main;
				INFOPLIST_KEY_UISupportedInterfaceOrientations_iPad = "UIInterfaceOrientationPortrait UIInterfaceOrientationPortraitUpsideDown UIInterfaceOrientationLandscapeLeft UIInterfaceOrientationLandscapeRight";
				INFOPLIST_KEY_UISupportedInterfaceOrientations_iPhone = "UIInterfaceOrientationPortrait UIInterfaceOrientationLandscapeLeft UIInterfaceOrientationLandscapeRight";
				INFOPLIST_KEY_UISupportsDocumentBrowser = YES;
				IPHONEOS_DEPLOYMENT_TARGET = 17.0;
				LD_RUNPATH_SEARCH_PATHS = (
					"$(inherited)",
					"@executable_path/Frameworks",
				);
				MARKETING_VERSION = 1.0;
				PRODUCT_BUNDLE_IDENTIFIER = com.persello.Serifian;
				PRODUCT_NAME = "$(TARGET_NAME)";
				SUPPORTED_PLATFORMS = "iphoneos iphonesimulator";
				SUPPORTS_MACCATALYST = YES;
				SUPPORTS_MAC_DESIGNED_FOR_IPHONE_IPAD = NO;
				SUPPORTS_XR_DESIGNED_FOR_IPHONE_IPAD = NO;
				SWIFT_EMIT_LOC_STRINGS = YES;
				SWIFT_OBJC_BRIDGING_HEADER = TreeSitterTypst.h;
				SWIFT_VERSION = 5.0;
				TARGETED_DEVICE_FAMILY = 2;
			};
			name = Debug;
		};
		8B4F2B822A21376E007A15D7 /* Release */ = {
			isa = XCBuildConfiguration;
			buildSettings = {
				ALWAYS_EMBED_SWIFT_STANDARD_LIBRARIES = YES;
				ASSETCATALOG_COMPILER_APPICON_NAME = "";
				"ASSETCATALOG_COMPILER_APPICON_NAME[sdk=iphoneos*]" = "iOS Icon";
				"ASSETCATALOG_COMPILER_APPICON_NAME[sdk=macosx*]" = "macOS Icon";
				ASSETCATALOG_COMPILER_GLOBAL_ACCENT_COLOR_NAME = AccentColor;
				CODE_SIGN_ENTITLEMENTS = Serifian/Serifian.entitlements;
				CODE_SIGN_STYLE = Automatic;
				CURRENT_PROJECT_VERSION = 1;
				DEVELOPMENT_TEAM = BZTVD28H6K;
				EXCLUDED_ARCHS = "";
				GENERATE_INFOPLIST_FILE = YES;
				INFOPLIST_FILE = Serifian/Info.plist;
				INFOPLIST_KEY_LSApplicationCategoryType = "public.app-category.productivity";
				INFOPLIST_KEY_UIApplicationSupportsIndirectInputEvents = YES;
				INFOPLIST_KEY_UILaunchStoryboardName = LaunchScreen;
				INFOPLIST_KEY_UIMainStoryboardFile = Main;
				INFOPLIST_KEY_UISupportedInterfaceOrientations_iPad = "UIInterfaceOrientationPortrait UIInterfaceOrientationPortraitUpsideDown UIInterfaceOrientationLandscapeLeft UIInterfaceOrientationLandscapeRight";
				INFOPLIST_KEY_UISupportedInterfaceOrientations_iPhone = "UIInterfaceOrientationPortrait UIInterfaceOrientationLandscapeLeft UIInterfaceOrientationLandscapeRight";
				INFOPLIST_KEY_UISupportsDocumentBrowser = YES;
				IPHONEOS_DEPLOYMENT_TARGET = 17.0;
				LD_RUNPATH_SEARCH_PATHS = (
					"$(inherited)",
					"@executable_path/Frameworks",
				);
				MARKETING_VERSION = 1.0;
				PRODUCT_BUNDLE_IDENTIFIER = com.persello.Serifian;
				PRODUCT_NAME = "$(TARGET_NAME)";
				SUPPORTED_PLATFORMS = "iphoneos iphonesimulator";
				SUPPORTS_MACCATALYST = YES;
				SUPPORTS_MAC_DESIGNED_FOR_IPHONE_IPAD = NO;
				SUPPORTS_XR_DESIGNED_FOR_IPHONE_IPAD = NO;
				SWIFT_EMIT_LOC_STRINGS = YES;
				SWIFT_OBJC_BRIDGING_HEADER = TreeSitterTypst.h;
				SWIFT_VERSION = 5.0;
				TARGETED_DEVICE_FAMILY = 2;
			};
			name = Release;
		};
		8B4F2C3E2A222627007A15D7 /* Debug */ = {
			isa = XCBuildConfiguration;
			buildSettings = {
				CODE_SIGN_ENTITLEMENTS = Preview/Preview.entitlements;
				CODE_SIGN_STYLE = Automatic;
				CURRENT_PROJECT_VERSION = 1;
				DEVELOPMENT_TEAM = BZTVD28H6K;
				GENERATE_INFOPLIST_FILE = YES;
				INFOPLIST_FILE = Preview/Info.plist;
				INFOPLIST_KEY_CFBundleDisplayName = Preview;
				INFOPLIST_KEY_NSHumanReadableCopyright = "";
				IPHONEOS_DEPLOYMENT_TARGET = 17.0;
				LD_RUNPATH_SEARCH_PATHS = (
					"$(inherited)",
					"@executable_path/Frameworks",
					"@executable_path/../../Frameworks",
				);
				MARKETING_VERSION = 1.0;
				PRODUCT_BUNDLE_IDENTIFIER = com.persello.Serifian.Preview;
				PRODUCT_NAME = "$(TARGET_NAME)";
				SKIP_INSTALL = YES;
				SUPPORTS_MACCATALYST = YES;
				SWIFT_EMIT_LOC_STRINGS = YES;
				SWIFT_VERSION = 5.0;
				TARGETED_DEVICE_FAMILY = "1,2";
			};
			name = Debug;
		};
		8B4F2C3F2A222627007A15D7 /* Release */ = {
			isa = XCBuildConfiguration;
			buildSettings = {
				CODE_SIGN_ENTITLEMENTS = Preview/Preview.entitlements;
				CODE_SIGN_STYLE = Automatic;
				CURRENT_PROJECT_VERSION = 1;
				DEVELOPMENT_TEAM = BZTVD28H6K;
				GENERATE_INFOPLIST_FILE = YES;
				INFOPLIST_FILE = Preview/Info.plist;
				INFOPLIST_KEY_CFBundleDisplayName = Preview;
				INFOPLIST_KEY_NSHumanReadableCopyright = "";
				IPHONEOS_DEPLOYMENT_TARGET = 17.0;
				LD_RUNPATH_SEARCH_PATHS = (
					"$(inherited)",
					"@executable_path/Frameworks",
					"@executable_path/../../Frameworks",
				);
				MARKETING_VERSION = 1.0;
				PRODUCT_BUNDLE_IDENTIFIER = com.persello.Serifian.Preview;
				PRODUCT_NAME = "$(TARGET_NAME)";
				SKIP_INSTALL = YES;
				SUPPORTS_MACCATALYST = YES;
				SWIFT_EMIT_LOC_STRINGS = YES;
				SWIFT_VERSION = 5.0;
				TARGETED_DEVICE_FAMILY = "1,2";
			};
			name = Release;
		};
		8B4F2C502A2226AD007A15D7 /* Debug */ = {
			isa = XCBuildConfiguration;
			buildSettings = {
				CODE_SIGN_ENTITLEMENTS = Thumbnail/Thumbnail.entitlements;
				CODE_SIGN_STYLE = Automatic;
				CURRENT_PROJECT_VERSION = 1;
				DEVELOPMENT_TEAM = BZTVD28H6K;
				GENERATE_INFOPLIST_FILE = YES;
				INFOPLIST_FILE = Thumbnail/Info.plist;
				INFOPLIST_KEY_CFBundleDisplayName = Thumbnail;
				INFOPLIST_KEY_NSHumanReadableCopyright = "";
				IPHONEOS_DEPLOYMENT_TARGET = 17.0;
				LD_RUNPATH_SEARCH_PATHS = (
					"$(inherited)",
					"@executable_path/Frameworks",
					"@executable_path/../../Frameworks",
				);
				MARKETING_VERSION = 1.0;
				PRODUCT_BUNDLE_IDENTIFIER = com.persello.Serifian.Thumbnail;
				PRODUCT_NAME = "$(TARGET_NAME)";
				SKIP_INSTALL = YES;
				SUPPORTS_MACCATALYST = YES;
				SWIFT_EMIT_LOC_STRINGS = YES;
				SWIFT_VERSION = 5.0;
				TARGETED_DEVICE_FAMILY = "1,2";
			};
			name = Debug;
		};
		8B4F2C512A2226AD007A15D7 /* Release */ = {
			isa = XCBuildConfiguration;
			buildSettings = {
				CODE_SIGN_ENTITLEMENTS = Thumbnail/Thumbnail.entitlements;
				CODE_SIGN_STYLE = Automatic;
				CURRENT_PROJECT_VERSION = 1;
				DEVELOPMENT_TEAM = BZTVD28H6K;
				GENERATE_INFOPLIST_FILE = YES;
				INFOPLIST_FILE = Thumbnail/Info.plist;
				INFOPLIST_KEY_CFBundleDisplayName = Thumbnail;
				INFOPLIST_KEY_NSHumanReadableCopyright = "";
				IPHONEOS_DEPLOYMENT_TARGET = 17.0;
				LD_RUNPATH_SEARCH_PATHS = (
					"$(inherited)",
					"@executable_path/Frameworks",
					"@executable_path/../../Frameworks",
				);
				MARKETING_VERSION = 1.0;
				PRODUCT_BUNDLE_IDENTIFIER = com.persello.Serifian.Thumbnail;
				PRODUCT_NAME = "$(TARGET_NAME)";
				SKIP_INSTALL = YES;
				SUPPORTS_MACCATALYST = YES;
				SWIFT_EMIT_LOC_STRINGS = YES;
				SWIFT_VERSION = 5.0;
				TARGETED_DEVICE_FAMILY = "1,2";
			};
			name = Release;
		};
/* End XCBuildConfiguration section */

/* Begin XCConfigurationList section */
		8B4F2B652A21376D007A15D7 /* Build configuration list for PBXProject "Serifian" */ = {
			isa = XCConfigurationList;
			buildConfigurations = (
				8B4F2B7E2A21376E007A15D7 /* Debug */,
				8B4F2B7F2A21376E007A15D7 /* Release */,
			);
			defaultConfigurationIsVisible = 0;
			defaultConfigurationName = Release;
		};
		8B4F2B802A21376E007A15D7 /* Build configuration list for PBXNativeTarget "Serifian" */ = {
			isa = XCConfigurationList;
			buildConfigurations = (
				8B4F2B812A21376E007A15D7 /* Debug */,
				8B4F2B822A21376E007A15D7 /* Release */,
			);
			defaultConfigurationIsVisible = 0;
			defaultConfigurationName = Release;
		};
		8B4F2C3D2A222627007A15D7 /* Build configuration list for PBXNativeTarget "Preview" */ = {
			isa = XCConfigurationList;
			buildConfigurations = (
				8B4F2C3E2A222627007A15D7 /* Debug */,
				8B4F2C3F2A222627007A15D7 /* Release */,
			);
			defaultConfigurationIsVisible = 0;
			defaultConfigurationName = Release;
		};
		8B4F2C4F2A2226AD007A15D7 /* Build configuration list for PBXNativeTarget "Thumbnail" */ = {
			isa = XCConfigurationList;
			buildConfigurations = (
				8B4F2C502A2226AD007A15D7 /* Debug */,
				8B4F2C512A2226AD007A15D7 /* Release */,
			);
			defaultConfigurationIsVisible = 0;
			defaultConfigurationName = Release;
		};
/* End XCConfigurationList section */

/* Begin XCRemoteSwiftPackageReference section */
		8BCC9C292AC6113300F4522B /* XCRemoteSwiftPackageReference "Runestone" */ = {
			isa = XCRemoteSwiftPackageReference;
			repositoryURL = "https://github.com/simonbs/Runestone";
			requirement = {
				kind = upToNextMajorVersion;
				minimumVersion = 0.3.2;
			};
		};
		AD8DC5D82A900C83008E2717 /* XCRemoteSwiftPackageReference "fuse-swift" */ = {
			isa = XCRemoteSwiftPackageReference;
			repositoryURL = "https://github.com/krisk/fuse-swift";
			requirement = {
				kind = upToNextMajorVersion;
				minimumVersion = 1.4.0;
			};
		};
		ADCFDA522ABC884600C2C555 /* XCRemoteSwiftPackageReference "SwiftyTypst" */ = {
			isa = XCRemoteSwiftPackageReference;
			repositoryURL = "https://github.com/persello/SwiftyTypst";
			requirement = {
				branch = master;
				kind = branch;
			};
		};
/* End XCRemoteSwiftPackageReference section */

/* Begin XCSwiftPackageProductDependency section */
		8BCC9C2A2AC6113300F4522B /* Runestone */ = {
			isa = XCSwiftPackageProductDependency;
			package = 8BCC9C292AC6113300F4522B /* XCRemoteSwiftPackageReference "Runestone" */;
			productName = Runestone;
		};
		AD8DC5D92A900CD1008E2717 /* Fuse */ = {
			isa = XCSwiftPackageProductDependency;
			package = AD8DC5D82A900C83008E2717 /* XCRemoteSwiftPackageReference "fuse-swift" */;
			productName = Fuse;
		};
		ADB569E42A8E633400F67C54 /* SwiftyTypst */ = {
			isa = XCSwiftPackageProductDependency;
			productName = SwiftyTypst;
		};
		ADCFDA532ABC884600C2C555 /* SwiftyTypst */ = {
			isa = XCSwiftPackageProductDependency;
			package = ADCFDA522ABC884600C2C555 /* XCRemoteSwiftPackageReference "SwiftyTypst" */;
			productName = SwiftyTypst;
		};
/* End XCSwiftPackageProductDependency section */
	};
	rootObject = 8B4F2B622A21376D007A15D7 /* Project object */;
}
