// !$*UTF8*$!
{
	archiveVersion = 1;
	classes = {
	};
	objectVersion = 60;
	objects = {

/* Begin PBXBuildFile section */
		8B23FE822AE46D8800E803C1 /* MainSplitViewController.swift in Sources */ = {isa = PBXBuildFile; fileRef = 8B23FE812AE46D8800E803C1 /* MainSplitViewController.swift */; };
		8B23FE852AE4739100E803C1 /* MultiFileController.swift in Sources */ = {isa = PBXBuildFile; fileRef = 8B23FE832AE4739100E803C1 /* MultiFileController.swift */; };
		8B23FE8D2AE4761400E803C1 /* FileTabHeader.swift in Sources */ = {isa = PBXBuildFile; fileRef = 8B23FE8B2AE4761400E803C1 /* FileTabHeader.swift */; };
		8B23FE8E2AE4761400E803C1 /* FileTabHeader.xib in Resources */ = {isa = PBXBuildFile; fileRef = 8B23FE8C2AE4761400E803C1 /* FileTabHeader.xib */; };
		8B2C90D42AE1C1C3005D8850 /* URL+Home.swift in Sources */ = {isa = PBXBuildFile; fileRef = 8B2C90D32AE1C1C3005D8850 /* URL+Home.swift */; };
		8B348C702A223E18009DD175 /* Folder.swift in Sources */ = {isa = PBXBuildFile; fileRef = 8B348C6F2A223E18009DD175 /* Folder.swift */; };
		8B348C712A223E18009DD175 /* SourceError.swift in Sources */ = {isa = PBXBuildFile; fileRef = 8B348C6A2A223E18009DD175 /* SourceError.swift */; };
		8B348C722A223E18009DD175 /* TypstSourceFile.swift in Sources */ = {isa = PBXBuildFile; fileRef = 8B348C6B2A223E18009DD175 /* TypstSourceFile.swift */; };
		8B348C732A223E18009DD175 /* SourceProtocol.swift in Sources */ = {isa = PBXBuildFile; fileRef = 8B348C6C2A223E18009DD175 /* SourceProtocol.swift */; };
		8B348C742A223E18009DD175 /* GenericFile.swift in Sources */ = {isa = PBXBuildFile; fileRef = 8B348C6D2A223E18009DD175 /* GenericFile.swift */; };
		8B348C752A223E18009DD175 /* ImageFile.swift in Sources */ = {isa = PBXBuildFile; fileRef = 8B348C6E2A223E18009DD175 /* ImageFile.swift */; };
		8B348C7D2A225462009DD175 /* WorkbenchViewController.swift in Sources */ = {isa = PBXBuildFile; fileRef = 8B348C7C2A225462009DD175 /* WorkbenchViewController.swift */; };
		8B348C7F2A22567B009DD175 /* DocumentCreationView.swift in Sources */ = {isa = PBXBuildFile; fileRef = 8B348C7E2A22567B009DD175 /* DocumentCreationView.swift */; };
		8B348C892A22B0A2009DD175 /* SidebarItemViewModel.swift in Sources */ = {isa = PBXBuildFile; fileRef = 8B348C882A22B0A2009DD175 /* SidebarItemViewModel.swift */; };
		8B3DE9DA2AD2F60D005060EE /* AppDelegate.swift in Sources */ = {isa = PBXBuildFile; fileRef = 8B3DE9D92AD2F60D005060EE /* AppDelegate.swift */; };
		8B3DE9DC2AD2F60D005060EE /* ViewController.swift in Sources */ = {isa = PBXBuildFile; fileRef = 8B3DE9DB2AD2F60D005060EE /* ViewController.swift */; };
		8B3DE9E02AD2F60F005060EE /* Assets.xcassets in Resources */ = {isa = PBXBuildFile; fileRef = 8B3DE9DF2AD2F60F005060EE /* Assets.xcassets */; };
		8B3DE9E32AD2F60F005060EE /* Main.storyboard in Resources */ = {isa = PBXBuildFile; fileRef = 8B3DE9E12AD2F60F005060EE /* Main.storyboard */; };
		8B3DE9E92AD2F69C005060EE /* Preview.appex in Embed Foundation Extensions */ = {isa = PBXBuildFile; fileRef = 8B4F2C2D2A222626007A15D7 /* Preview.appex */; settings = {ATTRIBUTES = (RemoveHeadersOnCopy, ); }; };
		8B3DE9ED2AD2F6A0005060EE /* Thumbnail.appex in Embed Foundation Extensions */ = {isa = PBXBuildFile; fileRef = 8B4F2C452A2226AD007A15D7 /* Thumbnail.appex */; settings = {ATTRIBUTES = (RemoveHeadersOnCopy, ); }; };
		8B3DE9F12AD2F6A3005060EE /* Fuse in Frameworks */ = {isa = PBXBuildFile; productRef = 8B3DE9F02AD2F6A3005060EE /* Fuse */; };
		8B3DE9F82AD3168A005060EE /* Assets.xcassets in Resources */ = {isa = PBXBuildFile; fileRef = 8B3DE9DF2AD2F60F005060EE /* Assets.xcassets */; };
		8B3DE9FA2AD31AFC005060EE /* AutocompletableSource.swift in Sources */ = {isa = PBXBuildFile; fileRef = 8B87B6FD2A3668BA00287D9F /* AutocompletableSource.swift */; };
		8B3DE9FB2AD31B06005060EE /* Folder.swift in Sources */ = {isa = PBXBuildFile; fileRef = 8B348C6F2A223E18009DD175 /* Folder.swift */; };
		8B3DE9FC2AD31B12005060EE /* GenericFile.swift in Sources */ = {isa = PBXBuildFile; fileRef = 8B348C6D2A223E18009DD175 /* GenericFile.swift */; };
		8B3DE9FD2AD31B12005060EE /* SourceError.swift in Sources */ = {isa = PBXBuildFile; fileRef = 8B348C6A2A223E18009DD175 /* SourceError.swift */; };
		8B3DE9FE2AD31B12005060EE /* TypstSourceFile.swift in Sources */ = {isa = PBXBuildFile; fileRef = 8B348C6B2A223E18009DD175 /* TypstSourceFile.swift */; };
		8B3DE9FF2AD31B12005060EE /* ImageFile.swift in Sources */ = {isa = PBXBuildFile; fileRef = 8B348C6E2A223E18009DD175 /* ImageFile.swift */; };
		8B3DEA002AD31B12005060EE /* SidebarItemViewModel.swift in Sources */ = {isa = PBXBuildFile; fileRef = 8B348C882A22B0A2009DD175 /* SidebarItemViewModel.swift */; };
		8B3DEA012AD31B12005060EE /* SourceProtocol.swift in Sources */ = {isa = PBXBuildFile; fileRef = 8B348C6C2A223E18009DD175 /* SourceProtocol.swift */; };
		8B3DEA022AD31D13005060EE /* DocumentError.swift in Sources */ = {isa = PBXBuildFile; fileRef = 8B4F2C602A223C8B007A15D7 /* DocumentError.swift */; };
		8B3DEA032AD31D16005060EE /* DocumentMetadata.swift in Sources */ = {isa = PBXBuildFile; fileRef = 8B4F2C622A223C8B007A15D7 /* DocumentMetadata.swift */; };
		8B3DEA042AD31D1D005060EE /* SerifianDocument.swift in Sources */ = {isa = PBXBuildFile; fileRef = 8B4F2C5A2A223B64007A15D7 /* SerifianDocument.swift */; };
		8B3DEA052AD31D22005060EE /* SerifianDocument+Thumbnail.swift in Sources */ = {isa = PBXBuildFile; fileRef = 8B4F2C612A223C8B007A15D7 /* SerifianDocument+Thumbnail.swift */; };
		8B3DEA062AD31D22005060EE /* SerifianDocument+Compile.swift in Sources */ = {isa = PBXBuildFile; fileRef = 8B4F2C5F2A223C8B007A15D7 /* SerifianDocument+Compile.swift */; };
		8B3DEA072AD31D22005060EE /* SerifianDocument+FileManager.swift in Sources */ = {isa = PBXBuildFile; fileRef = 8B4F2C632A223C8B007A15D7 /* SerifianDocument+FileManager.swift */; };
		8B3DEA082AD31D22005060EE /* SerifianDocument+Fonts.swift in Sources */ = {isa = PBXBuildFile; fileRef = AD2B64072ABC6C4000DAF85E /* SerifianDocument+Fonts.swift */; };
		8B3DEA0A2AD31D2E005060EE /* Collection+safe.swift in Sources */ = {isa = PBXBuildFile; fileRef = 8B9468552ACB42F8001F3CC6 /* Collection+safe.swift */; };
		8B3DEA0D2AD31D2E005060EE /* AutocompleteResult+Clean.swift in Sources */ = {isa = PBXBuildFile; fileRef = AD2B63C62ABC2B7F00DAF85E /* AutocompleteResult+Clean.swift */; };
		8B3DEA0E2AD31D2E005060EE /* AutocompleteResult+Fuseable.swift in Sources */ = {isa = PBXBuildFile; fileRef = AD49CE1C2AB738090068D5B1 /* AutocompleteResult+Fuseable.swift */; };
		8B3DEA112AD31D2E005060EE /* CGRect+Center.swift in Sources */ = {isa = PBXBuildFile; fileRef = 8B9561B42A23B1DF001E0F6F /* CGRect+Center.swift */; };
		8B3DEA122AD31D2E005060EE /* CompilationError+Identifiable.swift in Sources */ = {isa = PBXBuildFile; fileRef = ADCA135C2AC0C325000A5EFC /* CompilationError+Identifiable.swift */; };
		8B3DEA132AD31D39005060EE /* AutocompletePopup.swift in Sources */ = {isa = PBXBuildFile; fileRef = AD8DC5D42A8E8421008E2717 /* AutocompletePopup.swift */; };
		8B3DEA142AD31D39005060EE /* AutocompletePopupItem.swift in Sources */ = {isa = PBXBuildFile; fileRef = AD49CE1A2AB737CC0068D5B1 /* AutocompletePopupItem.swift */; };
		8B3DEA152AD31D39005060EE /* AutocompleteCoordinator.swift in Sources */ = {isa = PBXBuildFile; fileRef = AD49CE1F2AB7384D0068D5B1 /* AutocompleteCoordinator.swift */; };
		8B3DEA162AD31D39005060EE /* CompilationErrorsView.swift in Sources */ = {isa = PBXBuildFile; fileRef = ADCA135A2AC0C175000A5EFC /* CompilationErrorsView.swift */; };
		8B3DEA172AD31D39005060EE /* DocumentCreationView.swift in Sources */ = {isa = PBXBuildFile; fileRef = 8B348C7E2A22567B009DD175 /* DocumentCreationView.swift */; };
		8B3DEA202AD34BF5005060EE /* NSSerifianDocument.swift in Sources */ = {isa = PBXBuildFile; fileRef = 8B3DEA1F2AD34BF5005060EE /* NSSerifianDocument.swift */; };
		8B4F2B6E2A21376D007A15D7 /* AppDelegate.swift in Sources */ = {isa = PBXBuildFile; fileRef = 8B4F2B6D2A21376D007A15D7 /* AppDelegate.swift */; };
		8B4F2B702A21376D007A15D7 /* DocumentBrowserViewController.swift in Sources */ = {isa = PBXBuildFile; fileRef = 8B4F2B6F2A21376D007A15D7 /* DocumentBrowserViewController.swift */; };
		8B4F2B772A21376D007A15D7 /* Main.storyboard in Resources */ = {isa = PBXBuildFile; fileRef = 8B4F2B752A21376D007A15D7 /* Main.storyboard */; };
		8B4F2B7C2A21376E007A15D7 /* LaunchScreen.storyboard in Resources */ = {isa = PBXBuildFile; fileRef = 8B4F2B7A2A21376E007A15D7 /* LaunchScreen.storyboard */; };
		8B4F2C302A222626007A15D7 /* QuickLook.framework in Frameworks */ = {isa = PBXBuildFile; fileRef = 8B4F2C2F2A222626007A15D7 /* QuickLook.framework */; };
		8B4F2C352A222627007A15D7 /* PreviewProvider.swift in Sources */ = {isa = PBXBuildFile; fileRef = 8B4F2C342A222627007A15D7 /* PreviewProvider.swift */; };
		8B4F2C3C2A222627007A15D7 /* Preview.appex in Embed Foundation Extensions */ = {isa = PBXBuildFile; fileRef = 8B4F2C2D2A222626007A15D7 /* Preview.appex */; settings = {ATTRIBUTES = (RemoveHeadersOnCopy, ); }; };
		8B4F2C472A2226AD007A15D7 /* QuickLookThumbnailing.framework in Frameworks */ = {isa = PBXBuildFile; fileRef = 8B4F2C462A2226AD007A15D7 /* QuickLookThumbnailing.framework */; };
		8B4F2C4A2A2226AD007A15D7 /* ThumbnailProvider.swift in Sources */ = {isa = PBXBuildFile; fileRef = 8B4F2C492A2226AD007A15D7 /* ThumbnailProvider.swift */; };
		8B4F2C4E2A2226AD007A15D7 /* Thumbnail.appex in Embed Foundation Extensions */ = {isa = PBXBuildFile; fileRef = 8B4F2C452A2226AD007A15D7 /* Thumbnail.appex */; settings = {ATTRIBUTES = (RemoveHeadersOnCopy, ); }; };
		8B4F2C542A222E6F007A15D7 /* RootSplitViewController.swift in Sources */ = {isa = PBXBuildFile; fileRef = 8B4F2C532A222E6F007A15D7 /* RootSplitViewController.swift */; };
		8B4F2C582A2236C0007A15D7 /* SidebarViewController.swift in Sources */ = {isa = PBXBuildFile; fileRef = 8B4F2C572A2236C0007A15D7 /* SidebarViewController.swift */; };
		8B4F2C5B2A223B64007A15D7 /* SerifianDocument.swift in Sources */ = {isa = PBXBuildFile; fileRef = 8B4F2C5A2A223B64007A15D7 /* SerifianDocument.swift */; };
		8B4F2C642A223C8B007A15D7 /* SerifianDocument+Compile.swift in Sources */ = {isa = PBXBuildFile; fileRef = 8B4F2C5F2A223C8B007A15D7 /* SerifianDocument+Compile.swift */; };
		8B4F2C652A223C8B007A15D7 /* DocumentError.swift in Sources */ = {isa = PBXBuildFile; fileRef = 8B4F2C602A223C8B007A15D7 /* DocumentError.swift */; };
		8B4F2C662A223C8B007A15D7 /* SerifianDocument+Thumbnail.swift in Sources */ = {isa = PBXBuildFile; fileRef = 8B4F2C612A223C8B007A15D7 /* SerifianDocument+Thumbnail.swift */; };
		8B4F2C672A223C8B007A15D7 /* DocumentMetadata.swift in Sources */ = {isa = PBXBuildFile; fileRef = 8B4F2C622A223C8B007A15D7 /* DocumentMetadata.swift */; };
		8B4F2C682A223C8B007A15D7 /* SerifianDocument+FileManager.swift in Sources */ = {isa = PBXBuildFile; fileRef = 8B4F2C632A223C8B007A15D7 /* SerifianDocument+FileManager.swift */; };
		8B7E91752ADC532D006597C7 /* MainWindowController.swift in Sources */ = {isa = PBXBuildFile; fileRef = 8B7E91732ADC5309006597C7 /* MainWindowController.swift */; };
		8B7E91782ADC57C8006597C7 /* WelcomeWindowController.swift in Sources */ = {isa = PBXBuildFile; fileRef = 8B7E91762ADC5791006597C7 /* WelcomeWindowController.swift */; };
		8B7E917C2ADC596C006597C7 /* WelcomeViewController.swift in Sources */ = {isa = PBXBuildFile; fileRef = 8B7E917A2ADC5966006597C7 /* WelcomeViewController.swift */; };
		8B87B6FE2A3668BA00287D9F /* AutocompletableSource.swift in Sources */ = {isa = PBXBuildFile; fileRef = 8B87B6FD2A3668BA00287D9F /* AutocompletableSource.swift */; };
		8B882E5F2AC8310300BD2FEE /* highlights.scm in Resources */ = {isa = PBXBuildFile; fileRef = 8B882E3F2AC8310200BD2FEE /* highlights.scm */; };
		8B882E602AC8310300BD2FEE /* injections.scm in Resources */ = {isa = PBXBuildFile; fileRef = 8B882E402AC8310200BD2FEE /* injections.scm */; };
		8B882E6B2AC8310300BD2FEE /* scanner.c in Sources */ = {isa = PBXBuildFile; fileRef = 8B882E502AC8310200BD2FEE /* scanner.c */; };
		8B882E6E2AC8310300BD2FEE /* parser.c in Sources */ = {isa = PBXBuildFile; fileRef = 8B882E552AC8310200BD2FEE /* parser.c */; };
		8B882E702AC8577300BD2FEE /* TypstCharacterPair.swift in Sources */ = {isa = PBXBuildFile; fileRef = 8B882E6F2AC8577300BD2FEE /* TypstCharacterPair.swift */; };
		8B9468562ACB42F8001F3CC6 /* Collection+safe.swift in Sources */ = {isa = PBXBuildFile; fileRef = 8B9468552ACB42F8001F3CC6 /* Collection+safe.swift */; };
		8B9561B32A235B6C001E0F6F /* DraggableDividerView.swift in Sources */ = {isa = PBXBuildFile; fileRef = 8B9561B22A235B6B001E0F6F /* DraggableDividerView.swift */; };
		8B9561B52A23B1DF001E0F6F /* CGRect+Center.swift in Sources */ = {isa = PBXBuildFile; fileRef = 8B9561B42A23B1DF001E0F6F /* CGRect+Center.swift */; };
		8BA996B92ADC2C82001CEC62 /* fiction.sr in Resources */ = {isa = PBXBuildFile; fileRef = 8BA996B42ADC2C81001CEC62 /* fiction.sr */; };
		8BA996BA2ADC2C82001CEC62 /* fiction.sr in Resources */ = {isa = PBXBuildFile; fileRef = 8BA996B42ADC2C81001CEC62 /* fiction.sr */; };
		8BA996BB2ADC2C82001CEC62 /* dept-news.sr in Resources */ = {isa = PBXBuildFile; fileRef = 8BA996B52ADC2C81001CEC62 /* dept-news.sr */; };
		8BA996BC2ADC2C82001CEC62 /* dept-news.sr in Resources */ = {isa = PBXBuildFile; fileRef = 8BA996B52ADC2C81001CEC62 /* dept-news.sr */; };
		8BA996BD2ADC2C82001CEC62 /* letter.sr in Resources */ = {isa = PBXBuildFile; fileRef = 8BA996B62ADC2C81001CEC62 /* letter.sr */; };
		8BA996BE2ADC2C82001CEC62 /* letter.sr in Resources */ = {isa = PBXBuildFile; fileRef = 8BA996B62ADC2C81001CEC62 /* letter.sr */; };
		8BA996BF2ADC2C82001CEC62 /* ieee.sr in Resources */ = {isa = PBXBuildFile; fileRef = 8BA996B72ADC2C82001CEC62 /* ieee.sr */; };
		8BA996C02ADC2C82001CEC62 /* ieee.sr in Resources */ = {isa = PBXBuildFile; fileRef = 8BA996B72ADC2C82001CEC62 /* ieee.sr */; };
		8BA996C12ADC2C82001CEC62 /* ams.sr in Resources */ = {isa = PBXBuildFile; fileRef = 8BA996B82ADC2C82001CEC62 /* ams.sr */; };
		8BA996C22ADC2C82001CEC62 /* ams.sr in Resources */ = {isa = PBXBuildFile; fileRef = 8BA996B82ADC2C82001CEC62 /* ams.sr */; };
		8BA996C32ADC2C85001CEC62 /* Empty.sr in Resources */ = {isa = PBXBuildFile; fileRef = ADCA13582AC0ABE1000A5EFC /* Empty.sr */; };
		8BCC9C2B2AC6113300F4522B /* Runestone in Frameworks */ = {isa = PBXBuildFile; productRef = 8BCC9C2A2AC6113300F4522B /* Runestone */; };
		8BD4CB432AC6235E001D4E43 /* EditorTheme.swift in Sources */ = {isa = PBXBuildFile; fileRef = 8BD4CB422AC6235E001D4E43 /* EditorTheme.swift */; };
		8BF64EE32ADC8E8D0050D042 /* WelcomeButton.swift in Sources */ = {isa = PBXBuildFile; fileRef = 8BF64EE12ADC8E680050D042 /* WelcomeButton.swift */; };
		8BF64EE62ADC91060050D042 /* RecentFileCell.xib in Resources */ = {isa = PBXBuildFile; fileRef = 8BF64EE52ADC91060050D042 /* RecentFileCell.xib */; };
		8BF64EE82ADC91B30050D042 /* RecentFileCell.swift in Sources */ = {isa = PBXBuildFile; fileRef = 8BF64EE72ADC91B30050D042 /* RecentFileCell.swift */; };
		8BF64EEB2ADC94600050D042 /* NibLoadable.swift in Sources */ = {isa = PBXBuildFile; fileRef = 8BF64EEA2ADC94600050D042 /* NibLoadable.swift */; };
		AD239B6E2AD8306500C8B82B /* UISerifianDocument.swift in Sources */ = {isa = PBXBuildFile; fileRef = AD239B6D2AD8306500C8B82B /* UISerifianDocument.swift */; };
		AD2B63C72ABC2B7F00DAF85E /* AutocompleteResult+Clean.swift in Sources */ = {isa = PBXBuildFile; fileRef = AD2B63C62ABC2B7F00DAF85E /* AutocompleteResult+Clean.swift */; };
		AD2B63E92ABC6C1D00DAF85E /* InriaSerif-Bold.ttf in Resources */ = {isa = PBXBuildFile; fileRef = AD2B63CB2ABC6C1D00DAF85E /* InriaSerif-Bold.ttf */; };
		AD2B63EA2ABC6C1D00DAF85E /* NotoSerifHebrew-Bold.ttf in Resources */ = {isa = PBXBuildFile; fileRef = AD2B63CC2ABC6C1D00DAF85E /* NotoSerifHebrew-Bold.ttf */; };
		AD2B63EB2ABC6C1D00DAF85E /* NewCMMath-Regular.otf in Resources */ = {isa = PBXBuildFile; fileRef = AD2B63CD2ABC6C1D00DAF85E /* NewCMMath-Regular.otf */; };
		AD2B63EC2ABC6C1D00DAF85E /* IBMPlexSerif-Regular.ttf in Resources */ = {isa = PBXBuildFile; fileRef = AD2B63CE2ABC6C1D00DAF85E /* IBMPlexSerif-Regular.ttf */; };
		AD2B63ED2ABC6C1D00DAF85E /* NewCM10-Regular.otf in Resources */ = {isa = PBXBuildFile; fileRef = AD2B63CF2ABC6C1D00DAF85E /* NewCM10-Regular.otf */; };
		AD2B63EE2ABC6C1D00DAF85E /* InriaSerif-Regular.ttf in Resources */ = {isa = PBXBuildFile; fileRef = AD2B63D02ABC6C1D00DAF85E /* InriaSerif-Regular.ttf */; };
		AD2B63EF2ABC6C1D00DAF85E /* NewCM10-Italic.otf in Resources */ = {isa = PBXBuildFile; fileRef = AD2B63D12ABC6C1D00DAF85E /* NewCM10-Italic.otf */; };
		AD2B63F02ABC6C1D00DAF85E /* Roboto-Regular.ttf in Resources */ = {isa = PBXBuildFile; fileRef = AD2B63D22ABC6C1D00DAF85E /* Roboto-Regular.ttf */; };
		AD2B63F12ABC6C1D00DAF85E /* LinLibertine_RB.ttf in Resources */ = {isa = PBXBuildFile; fileRef = AD2B63D32ABC6C1D00DAF85E /* LinLibertine_RB.ttf */; };
		AD2B63F22ABC6C1D00DAF85E /* DejaVuSansMono-BoldOblique.ttf in Resources */ = {isa = PBXBuildFile; fileRef = AD2B63D42ABC6C1D00DAF85E /* DejaVuSansMono-BoldOblique.ttf */; };
		AD2B63F32ABC6C1D00DAF85E /* NewCMMath-Book.otf in Resources */ = {isa = PBXBuildFile; fileRef = AD2B63D52ABC6C1D00DAF85E /* NewCMMath-Book.otf */; };
		AD2B63F52ABC6C1D00DAF85E /* Ubuntu-Regular.ttf in Resources */ = {isa = PBXBuildFile; fileRef = AD2B63D72ABC6C1D00DAF85E /* Ubuntu-Regular.ttf */; };
		AD2B63F62ABC6C1D00DAF85E /* FiraMath-Regular.otf in Resources */ = {isa = PBXBuildFile; fileRef = AD2B63D82ABC6C1D00DAF85E /* FiraMath-Regular.otf */; };
		AD2B63F72ABC6C1D00DAF85E /* NotoColorEmoji.ttf in Resources */ = {isa = PBXBuildFile; fileRef = AD2B63D92ABC6C1D00DAF85E /* NotoColorEmoji.ttf */; };
		AD2B63F82ABC6C1D00DAF85E /* LinLibertine_RI.ttf in Resources */ = {isa = PBXBuildFile; fileRef = AD2B63DA2ABC6C1D00DAF85E /* LinLibertine_RI.ttf */; };
		AD2B63F92ABC6C1D00DAF85E /* DejaVuSansMono.ttf in Resources */ = {isa = PBXBuildFile; fileRef = AD2B63DB2ABC6C1D00DAF85E /* DejaVuSansMono.ttf */; };
		AD2B63FA2ABC6C1D00DAF85E /* NewCM10-Bold.otf in Resources */ = {isa = PBXBuildFile; fileRef = AD2B63DC2ABC6C1D00DAF85E /* NewCM10-Bold.otf */; };
		AD2B63FB2ABC6C1D00DAF85E /* InriaSerif-Italic.ttf in Resources */ = {isa = PBXBuildFile; fileRef = AD2B63DD2ABC6C1D00DAF85E /* InriaSerif-Italic.ttf */; };
		AD2B63FC2ABC6C1D00DAF85E /* PTSans-Regular.ttf in Resources */ = {isa = PBXBuildFile; fileRef = AD2B63DE2ABC6C1D00DAF85E /* PTSans-Regular.ttf */; };
		AD2B63FE2ABC6C1D00DAF85E /* LinLibertine_R.ttf in Resources */ = {isa = PBXBuildFile; fileRef = AD2B63E02ABC6C1D00DAF85E /* LinLibertine_R.ttf */; };
		AD2B63FF2ABC6C1D00DAF85E /* DejaVuSansMono-Bold.ttf in Resources */ = {isa = PBXBuildFile; fileRef = AD2B63E12ABC6C1D00DAF85E /* DejaVuSansMono-Bold.ttf */; };
		AD2B64002ABC6C1D00DAF85E /* NotoSansSymbols2-Regular.ttf in Resources */ = {isa = PBXBuildFile; fileRef = AD2B63E22ABC6C1D00DAF85E /* NotoSansSymbols2-Regular.ttf */; };
		AD2B64012ABC6C1D00DAF85E /* DejaVuSansMono-Oblique.ttf in Resources */ = {isa = PBXBuildFile; fileRef = AD2B63E32ABC6C1D00DAF85E /* DejaVuSansMono-Oblique.ttf */; };
		AD2B64022ABC6C1D00DAF85E /* NewCM10-BoldItalic.otf in Resources */ = {isa = PBXBuildFile; fileRef = AD2B63E42ABC6C1D00DAF85E /* NewCM10-BoldItalic.otf */; };
		AD2B64032ABC6C1D00DAF85E /* NotoSansArabic-Regular.ttf in Resources */ = {isa = PBXBuildFile; fileRef = AD2B63E52ABC6C1D00DAF85E /* NotoSansArabic-Regular.ttf */; };
		AD2B64042ABC6C1D00DAF85E /* NotoSerifHebrew-Regular.ttf in Resources */ = {isa = PBXBuildFile; fileRef = AD2B63E62ABC6C1D00DAF85E /* NotoSerifHebrew-Regular.ttf */; };
		AD2B64052ABC6C1D00DAF85E /* LinLibertine_RBI.ttf in Resources */ = {isa = PBXBuildFile; fileRef = AD2B63E72ABC6C1D00DAF85E /* LinLibertine_RBI.ttf */; };
		AD2B64062ABC6C1D00DAF85E /* InriaSerif-BoldItalic.ttf in Resources */ = {isa = PBXBuildFile; fileRef = AD2B63E82ABC6C1D00DAF85E /* InriaSerif-BoldItalic.ttf */; };
		AD2B64082ABC6C4000DAF85E /* SerifianDocument+Fonts.swift in Sources */ = {isa = PBXBuildFile; fileRef = AD2B64072ABC6C4000DAF85E /* SerifianDocument+Fonts.swift */; };
		AD334FB72A7703AD006FCB04 /* UIResponder+Swizzle.swift in Sources */ = {isa = PBXBuildFile; fileRef = AD334FB62A7703AD006FCB04 /* UIResponder+Swizzle.swift */; };
		AD49CE1B2AB737CC0068D5B1 /* AutocompletePopupItem.swift in Sources */ = {isa = PBXBuildFile; fileRef = AD49CE1A2AB737CC0068D5B1 /* AutocompletePopupItem.swift */; };
		AD49CE1D2AB738090068D5B1 /* AutocompleteResult+Fuseable.swift in Sources */ = {isa = PBXBuildFile; fileRef = AD49CE1C2AB738090068D5B1 /* AutocompleteResult+Fuseable.swift */; };
		AD49CE202AB7384D0068D5B1 /* AutocompleteCoordinator.swift in Sources */ = {isa = PBXBuildFile; fileRef = AD49CE1F2AB7384D0068D5B1 /* AutocompleteCoordinator.swift */; };
		AD49CE222AB75C240068D5B1 /* UITextRange+Intersection.swift in Sources */ = {isa = PBXBuildFile; fileRef = AD49CE212AB75C240068D5B1 /* UITextRange+Intersection.swift */; };
		AD8DC5D52A8E8421008E2717 /* AutocompletePopup.swift in Sources */ = {isa = PBXBuildFile; fileRef = AD8DC5D42A8E8421008E2717 /* AutocompletePopup.swift */; };
		AD8DC5DA2A900CD1008E2717 /* Fuse in Frameworks */ = {isa = PBXBuildFile; productRef = AD8DC5D92A900CD1008E2717 /* Fuse */; };
		AD9FF0212A90FE9E00C6EADD /* AutocompletePopupHostingController.swift in Sources */ = {isa = PBXBuildFile; fileRef = AD9FF0202A90FE9E00C6EADD /* AutocompletePopupHostingController.swift */; };
		AD9FF0222A9106C700C6EADD /* TypstEditorViewController.swift in Sources */ = {isa = PBXBuildFile; fileRef = 8BE0E0C92A2D27FD00A64EB1 /* TypstEditorViewController.swift */; };
		ADB569E52A8E633400F67C54 /* SwiftyTypst in Frameworks */ = {isa = PBXBuildFile; productRef = ADB569E42A8E633400F67C54 /* SwiftyTypst */; };
		ADCA13592AC0ABE1000A5EFC /* Empty.sr in Resources */ = {isa = PBXBuildFile; fileRef = ADCA13582AC0ABE1000A5EFC /* Empty.sr */; };
		ADCA135B2AC0C175000A5EFC /* CompilationErrorsView.swift in Sources */ = {isa = PBXBuildFile; fileRef = ADCA135A2AC0C175000A5EFC /* CompilationErrorsView.swift */; };
		ADCA135D2AC0C325000A5EFC /* CompilationError+Identifiable.swift in Sources */ = {isa = PBXBuildFile; fileRef = ADCA135C2AC0C325000A5EFC /* CompilationError+Identifiable.swift */; };
/* End PBXBuildFile section */

/* Begin PBXContainerItemProxy section */
		8B3DE9EA2AD2F69C005060EE /* PBXContainerItemProxy */ = {
			isa = PBXContainerItemProxy;
			containerPortal = 8B4F2B622A21376D007A15D7 /* Project object */;
			proxyType = 1;
			remoteGlobalIDString = 8B4F2C2C2A222626007A15D7;
			remoteInfo = Preview;
		};
		8B3DE9EE2AD2F6A0005060EE /* PBXContainerItemProxy */ = {
			isa = PBXContainerItemProxy;
			containerPortal = 8B4F2B622A21376D007A15D7 /* Project object */;
			proxyType = 1;
			remoteGlobalIDString = 8B4F2C442A2226AD007A15D7;
			remoteInfo = Thumbnail;
		};
		8B4F2C3A2A222627007A15D7 /* PBXContainerItemProxy */ = {
			isa = PBXContainerItemProxy;
			containerPortal = 8B4F2B622A21376D007A15D7 /* Project object */;
			proxyType = 1;
			remoteGlobalIDString = 8B4F2C2C2A222626007A15D7;
			remoteInfo = Preview;
		};
		8B4F2C4C2A2226AD007A15D7 /* PBXContainerItemProxy */ = {
			isa = PBXContainerItemProxy;
			containerPortal = 8B4F2B622A21376D007A15D7 /* Project object */;
			proxyType = 1;
			remoteGlobalIDString = 8B4F2C442A2226AD007A15D7;
			remoteInfo = Thumbnail;
		};
/* End PBXContainerItemProxy section */

/* Begin PBXCopyFilesBuildPhase section */
		8B3DE9EC2AD2F69C005060EE /* Embed Foundation Extensions */ = {
			isa = PBXCopyFilesBuildPhase;
			buildActionMask = 2147483647;
			dstPath = "";
			dstSubfolderSpec = 13;
			files = (
				8B3DE9E92AD2F69C005060EE /* Preview.appex in Embed Foundation Extensions */,
				8B3DE9ED2AD2F6A0005060EE /* Thumbnail.appex in Embed Foundation Extensions */,
			);
			name = "Embed Foundation Extensions";
			runOnlyForDeploymentPostprocessing = 0;
		};
		8B4F2C402A222627007A15D7 /* Embed Foundation Extensions */ = {
			isa = PBXCopyFilesBuildPhase;
			buildActionMask = 2147483647;
			dstPath = "";
			dstSubfolderSpec = 13;
			files = (
				8B4F2C3C2A222627007A15D7 /* Preview.appex in Embed Foundation Extensions */,
				8B4F2C4E2A2226AD007A15D7 /* Thumbnail.appex in Embed Foundation Extensions */,
			);
			name = "Embed Foundation Extensions";
			runOnlyForDeploymentPostprocessing = 0;
		};
/* End PBXCopyFilesBuildPhase section */

/* Begin PBXFileReference section */
		8B23FE812AE46D8800E803C1 /* MainSplitViewController.swift */ = {isa = PBXFileReference; lastKnownFileType = sourcecode.swift; path = MainSplitViewController.swift; sourceTree = "<group>"; };
		8B23FE832AE4739100E803C1 /* MultiFileController.swift */ = {isa = PBXFileReference; lastKnownFileType = sourcecode.swift; path = MultiFileController.swift; sourceTree = "<group>"; };
		8B23FE8B2AE4761400E803C1 /* FileTabHeader.swift */ = {isa = PBXFileReference; lastKnownFileType = sourcecode.swift; path = FileTabHeader.swift; sourceTree = "<group>"; };
		8B23FE8C2AE4761400E803C1 /* FileTabHeader.xib */ = {isa = PBXFileReference; lastKnownFileType = file.xib; path = FileTabHeader.xib; sourceTree = "<group>"; };
		8B2C90D32AE1C1C3005D8850 /* URL+Home.swift */ = {isa = PBXFileReference; lastKnownFileType = sourcecode.swift; path = "URL+Home.swift"; sourceTree = "<group>"; };
		8B348C6A2A223E18009DD175 /* SourceError.swift */ = {isa = PBXFileReference; lastKnownFileType = sourcecode.swift; path = SourceError.swift; sourceTree = "<group>"; };
		8B348C6B2A223E18009DD175 /* TypstSourceFile.swift */ = {isa = PBXFileReference; lastKnownFileType = sourcecode.swift; path = TypstSourceFile.swift; sourceTree = "<group>"; };
		8B348C6C2A223E18009DD175 /* SourceProtocol.swift */ = {isa = PBXFileReference; lastKnownFileType = sourcecode.swift; path = SourceProtocol.swift; sourceTree = "<group>"; };
		8B348C6D2A223E18009DD175 /* GenericFile.swift */ = {isa = PBXFileReference; lastKnownFileType = sourcecode.swift; path = GenericFile.swift; sourceTree = "<group>"; };
		8B348C6E2A223E18009DD175 /* ImageFile.swift */ = {isa = PBXFileReference; lastKnownFileType = sourcecode.swift; path = ImageFile.swift; sourceTree = "<group>"; };
		8B348C6F2A223E18009DD175 /* Folder.swift */ = {isa = PBXFileReference; lastKnownFileType = sourcecode.swift; path = Folder.swift; sourceTree = "<group>"; };
		8B348C7C2A225462009DD175 /* WorkbenchViewController.swift */ = {isa = PBXFileReference; lastKnownFileType = sourcecode.swift; path = WorkbenchViewController.swift; sourceTree = "<group>"; };
		8B348C7E2A22567B009DD175 /* DocumentCreationView.swift */ = {isa = PBXFileReference; lastKnownFileType = sourcecode.swift; path = DocumentCreationView.swift; sourceTree = "<group>"; };
		8B348C882A22B0A2009DD175 /* SidebarItemViewModel.swift */ = {isa = PBXFileReference; fileEncoding = 4; lastKnownFileType = sourcecode.swift; path = SidebarItemViewModel.swift; sourceTree = "<group>"; };
		8B3DE9D72AD2F60D005060EE /* Serifian.app */ = {isa = PBXFileReference; explicitFileType = wrapper.application; includeInIndex = 0; path = Serifian.app; sourceTree = BUILT_PRODUCTS_DIR; };
		8B3DE9D92AD2F60D005060EE /* AppDelegate.swift */ = {isa = PBXFileReference; lastKnownFileType = sourcecode.swift; path = AppDelegate.swift; sourceTree = "<group>"; };
		8B3DE9DB2AD2F60D005060EE /* ViewController.swift */ = {isa = PBXFileReference; lastKnownFileType = sourcecode.swift; path = ViewController.swift; sourceTree = "<group>"; };
		8B3DE9DF2AD2F60F005060EE /* Assets.xcassets */ = {isa = PBXFileReference; lastKnownFileType = folder.assetcatalog; path = Assets.xcassets; sourceTree = "<group>"; };
		8B3DE9E22AD2F60F005060EE /* Base */ = {isa = PBXFileReference; lastKnownFileType = file.storyboard; name = Base; path = Base.lproj/Main.storyboard; sourceTree = "<group>"; };
		8B3DE9E42AD2F60F005060EE /* Info.plist */ = {isa = PBXFileReference; lastKnownFileType = text.plist.xml; path = Info.plist; sourceTree = "<group>"; };
		8B3DE9F42AD31520005060EE /* Info.plist */ = {isa = PBXFileReference; fileEncoding = 4; lastKnownFileType = text.plist.xml; path = Info.plist; sourceTree = "<group>"; };
		8B3DE9F62AD3156A005060EE /* Serifian.entitlements */ = {isa = PBXFileReference; fileEncoding = 4; lastKnownFileType = text.plist.entitlements; path = Serifian.entitlements; sourceTree = "<group>"; };
		8B3DE9F92AD317CF005060EE /* Serifian.entitlements */ = {isa = PBXFileReference; lastKnownFileType = text.plist.entitlements; path = Serifian.entitlements; sourceTree = "<group>"; };
		8B3DEA1F2AD34BF5005060EE /* NSSerifianDocument.swift */ = {isa = PBXFileReference; lastKnownFileType = sourcecode.swift; path = NSSerifianDocument.swift; sourceTree = "<group>"; };
		8B4F2B6A2A21376D007A15D7 /* Serifian for iOS.app */ = {isa = PBXFileReference; explicitFileType = wrapper.application; includeInIndex = 0; path = "Serifian for iOS.app"; sourceTree = BUILT_PRODUCTS_DIR; };
		8B4F2B6D2A21376D007A15D7 /* AppDelegate.swift */ = {isa = PBXFileReference; lastKnownFileType = sourcecode.swift; path = AppDelegate.swift; sourceTree = "<group>"; };
		8B4F2B6F2A21376D007A15D7 /* DocumentBrowserViewController.swift */ = {isa = PBXFileReference; lastKnownFileType = sourcecode.swift; path = DocumentBrowserViewController.swift; sourceTree = "<group>"; };
		8B4F2B762A21376D007A15D7 /* Base */ = {isa = PBXFileReference; lastKnownFileType = file.storyboard; name = Base; path = Base.lproj/Main.storyboard; sourceTree = "<group>"; };
		8B4F2B7B2A21376E007A15D7 /* Base */ = {isa = PBXFileReference; lastKnownFileType = file.storyboard; name = Base; path = Base.lproj/LaunchScreen.storyboard; sourceTree = "<group>"; };
		8B4F2C2D2A222626007A15D7 /* Preview.appex */ = {isa = PBXFileReference; explicitFileType = "wrapper.app-extension"; includeInIndex = 0; path = Preview.appex; sourceTree = BUILT_PRODUCTS_DIR; };
		8B4F2C2F2A222626007A15D7 /* QuickLook.framework */ = {isa = PBXFileReference; lastKnownFileType = wrapper.framework; name = QuickLook.framework; path = System/Library/Frameworks/QuickLook.framework; sourceTree = SDKROOT; };
		8B4F2C342A222627007A15D7 /* PreviewProvider.swift */ = {isa = PBXFileReference; lastKnownFileType = sourcecode.swift; path = PreviewProvider.swift; sourceTree = "<group>"; };
		8B4F2C392A222627007A15D7 /* Info.plist */ = {isa = PBXFileReference; lastKnownFileType = text.plist.xml; path = Info.plist; sourceTree = "<group>"; };
		8B4F2C452A2226AD007A15D7 /* Thumbnail.appex */ = {isa = PBXFileReference; explicitFileType = "wrapper.app-extension"; includeInIndex = 0; path = Thumbnail.appex; sourceTree = BUILT_PRODUCTS_DIR; };
		8B4F2C462A2226AD007A15D7 /* QuickLookThumbnailing.framework */ = {isa = PBXFileReference; lastKnownFileType = wrapper.framework; name = QuickLookThumbnailing.framework; path = System/Library/Frameworks/QuickLookThumbnailing.framework; sourceTree = SDKROOT; };
		8B4F2C492A2226AD007A15D7 /* ThumbnailProvider.swift */ = {isa = PBXFileReference; lastKnownFileType = sourcecode.swift; path = ThumbnailProvider.swift; sourceTree = "<group>"; };
		8B4F2C4B2A2226AD007A15D7 /* Info.plist */ = {isa = PBXFileReference; lastKnownFileType = text.plist.xml; path = Info.plist; sourceTree = "<group>"; };
		8B4F2C532A222E6F007A15D7 /* RootSplitViewController.swift */ = {isa = PBXFileReference; lastKnownFileType = sourcecode.swift; path = RootSplitViewController.swift; sourceTree = "<group>"; };
		8B4F2C572A2236C0007A15D7 /* SidebarViewController.swift */ = {isa = PBXFileReference; lastKnownFileType = sourcecode.swift; path = SidebarViewController.swift; sourceTree = "<group>"; };
		8B4F2C5A2A223B64007A15D7 /* SerifianDocument.swift */ = {isa = PBXFileReference; lastKnownFileType = sourcecode.swift; path = SerifianDocument.swift; sourceTree = "<group>"; };
		8B4F2C5F2A223C8B007A15D7 /* SerifianDocument+Compile.swift */ = {isa = PBXFileReference; fileEncoding = 4; lastKnownFileType = sourcecode.swift; path = "SerifianDocument+Compile.swift"; sourceTree = "<group>"; };
		8B4F2C602A223C8B007A15D7 /* DocumentError.swift */ = {isa = PBXFileReference; fileEncoding = 4; lastKnownFileType = sourcecode.swift; path = DocumentError.swift; sourceTree = "<group>"; };
		8B4F2C612A223C8B007A15D7 /* SerifianDocument+Thumbnail.swift */ = {isa = PBXFileReference; fileEncoding = 4; lastKnownFileType = sourcecode.swift; path = "SerifianDocument+Thumbnail.swift"; sourceTree = "<group>"; };
		8B4F2C622A223C8B007A15D7 /* DocumentMetadata.swift */ = {isa = PBXFileReference; fileEncoding = 4; lastKnownFileType = sourcecode.swift; path = DocumentMetadata.swift; sourceTree = "<group>"; };
		8B4F2C632A223C8B007A15D7 /* SerifianDocument+FileManager.swift */ = {isa = PBXFileReference; fileEncoding = 4; lastKnownFileType = sourcecode.swift; path = "SerifianDocument+FileManager.swift"; sourceTree = "<group>"; };
		8B7E91732ADC5309006597C7 /* MainWindowController.swift */ = {isa = PBXFileReference; lastKnownFileType = sourcecode.swift; path = MainWindowController.swift; sourceTree = "<group>"; };
		8B7E91762ADC5791006597C7 /* WelcomeWindowController.swift */ = {isa = PBXFileReference; lastKnownFileType = sourcecode.swift; path = WelcomeWindowController.swift; sourceTree = "<group>"; };
		8B7E917A2ADC5966006597C7 /* WelcomeViewController.swift */ = {isa = PBXFileReference; lastKnownFileType = sourcecode.swift; path = WelcomeViewController.swift; sourceTree = "<group>"; };
		8B87B6FD2A3668BA00287D9F /* AutocompletableSource.swift */ = {isa = PBXFileReference; lastKnownFileType = sourcecode.swift; path = AutocompletableSource.swift; sourceTree = "<group>"; };
		8B882E342AC8310200BD2FEE /* DOC.md */ = {isa = PBXFileReference; fileEncoding = 4; lastKnownFileType = net.daringfireball.markdown; path = DOC.md; sourceTree = "<group>"; };
		8B882E352AC8310200BD2FEE /* Cargo.toml */ = {isa = PBXFileReference; fileEncoding = 4; lastKnownFileType = text; path = Cargo.toml; sourceTree = "<group>"; };
		8B882E362AC8310200BD2FEE /* grammar.js */ = {isa = PBXFileReference; fileEncoding = 4; lastKnownFileType = sourcecode.javascript; path = grammar.js; sourceTree = "<group>"; };
		8B882E372AC8310200BD2FEE /* LICENSE */ = {isa = PBXFileReference; fileEncoding = 4; lastKnownFileType = text; path = LICENSE; sourceTree = "<group>"; };
		8B882E382AC8310200BD2FEE /* binding.gyp */ = {isa = PBXFileReference; fileEncoding = 4; lastKnownFileType = text; path = binding.gyp; sourceTree = "<group>"; };
		8B882E392AC8310200BD2FEE /* Makefile */ = {isa = PBXFileReference; fileEncoding = 4; lastKnownFileType = sourcecode.make; path = Makefile; sourceTree = "<group>"; };
		8B882E3B2AC8310200BD2FEE /* test.scm */ = {isa = PBXFileReference; fileEncoding = 4; lastKnownFileType = text; path = test.scm; sourceTree = "<group>"; };
		8B882E3C2AC8310200BD2FEE /* chaos.scm */ = {isa = PBXFileReference; fileEncoding = 4; lastKnownFileType = text; path = chaos.scm; sourceTree = "<group>"; };
		8B882E3D2AC8310200BD2FEE /* fixme.scm */ = {isa = PBXFileReference; fileEncoding = 4; lastKnownFileType = text; path = fixme.scm; sourceTree = "<group>"; };
		8B882E3F2AC8310200BD2FEE /* highlights.scm */ = {isa = PBXFileReference; fileEncoding = 4; lastKnownFileType = text; path = highlights.scm; sourceTree = "<group>"; };
		8B882E402AC8310200BD2FEE /* injections.scm */ = {isa = PBXFileReference; fileEncoding = 4; lastKnownFileType = text; path = injections.scm; sourceTree = "<group>"; };
		8B882E412AC8310200BD2FEE /* unicode.txt */ = {isa = PBXFileReference; fileEncoding = 4; lastKnownFileType = text; path = unicode.txt; sourceTree = "<group>"; };
		8B882E422AC8310200BD2FEE /* size.txt */ = {isa = PBXFileReference; fileEncoding = 4; lastKnownFileType = text; path = size.txt; sourceTree = "<group>"; };
		8B882E432AC8310200BD2FEE /* README.md */ = {isa = PBXFileReference; fileEncoding = 4; lastKnownFileType = net.daringfireball.markdown; path = README.md; sourceTree = "<group>"; };
		8B882E442AC8310200BD2FEE /* .gitignore */ = {isa = PBXFileReference; fileEncoding = 4; lastKnownFileType = text; path = .gitignore; sourceTree = "<group>"; };
		8B882E452AC8310200BD2FEE /* package.json */ = {isa = PBXFileReference; fileEncoding = 4; lastKnownFileType = text.json; path = package.json; sourceTree = "<group>"; };
		8B882E482AC8310200BD2FEE /* lib.rs */ = {isa = PBXFileReference; fileEncoding = 4; lastKnownFileType = text; path = lib.rs; sourceTree = "<group>"; };
		8B882E492AC8310200BD2FEE /* build.rs */ = {isa = PBXFileReference; fileEncoding = 4; lastKnownFileType = text; path = build.rs; sourceTree = "<group>"; };
		8B882E4B2AC8310200BD2FEE /* binding.cc */ = {isa = PBXFileReference; fileEncoding = 4; lastKnownFileType = sourcecode.cpp.cpp; path = binding.cc; sourceTree = "<group>"; };
		8B882E4C2AC8310200BD2FEE /* index.js */ = {isa = PBXFileReference; fileEncoding = 4; lastKnownFileType = sourcecode.javascript; path = index.js; sourceTree = "<group>"; };
		8B882E4E2AC8310200BD2FEE /* languages.toml */ = {isa = PBXFileReference; fileEncoding = 4; lastKnownFileType = text; path = languages.toml; sourceTree = "<group>"; };
		8B882E502AC8310200BD2FEE /* scanner.c */ = {isa = PBXFileReference; fileEncoding = 4; lastKnownFileType = sourcecode.c.c; path = scanner.c; sourceTree = "<group>"; };
		8B882E512AC8310200BD2FEE /* node-types.json */ = {isa = PBXFileReference; fileEncoding = 4; lastKnownFileType = text.json; path = "node-types.json"; sourceTree = "<group>"; };
		8B882E532AC8310200BD2FEE /* parser.h */ = {isa = PBXFileReference; fileEncoding = 4; lastKnownFileType = sourcecode.c.h; path = parser.h; sourceTree = "<group>"; };
		8B882E542AC8310200BD2FEE /* grammar.json */ = {isa = PBXFileReference; fileEncoding = 4; lastKnownFileType = text.json; path = grammar.json; sourceTree = "<group>"; };
		8B882E552AC8310200BD2FEE /* parser.c */ = {isa = PBXFileReference; fileEncoding = 4; lastKnownFileType = sourcecode.c.c; path = parser.c; sourceTree = "<group>"; };
		8B882E6F2AC8577300BD2FEE /* TypstCharacterPair.swift */ = {isa = PBXFileReference; lastKnownFileType = sourcecode.swift; path = TypstCharacterPair.swift; sourceTree = "<group>"; };
		8B882E722AC86DDB00BD2FEE /* WhatToTest.en-GB.txt */ = {isa = PBXFileReference; lastKnownFileType = text; path = "WhatToTest.en-GB.txt"; sourceTree = "<group>"; };
		8B9468552ACB42F8001F3CC6 /* Collection+safe.swift */ = {isa = PBXFileReference; lastKnownFileType = sourcecode.swift; path = "Collection+safe.swift"; sourceTree = "<group>"; };
		8B9561B22A235B6B001E0F6F /* DraggableDividerView.swift */ = {isa = PBXFileReference; lastKnownFileType = sourcecode.swift; path = DraggableDividerView.swift; sourceTree = "<group>"; };
		8B9561B42A23B1DF001E0F6F /* CGRect+Center.swift */ = {isa = PBXFileReference; lastKnownFileType = sourcecode.swift; path = "CGRect+Center.swift"; sourceTree = "<group>"; };
		8BA996B42ADC2C81001CEC62 /* fiction.sr */ = {isa = PBXFileReference; lastKnownFileType = wrapper; path = fiction.sr; sourceTree = "<group>"; };
		8BA996B52ADC2C81001CEC62 /* dept-news.sr */ = {isa = PBXFileReference; lastKnownFileType = wrapper; path = "dept-news.sr"; sourceTree = "<group>"; };
		8BA996B62ADC2C81001CEC62 /* letter.sr */ = {isa = PBXFileReference; lastKnownFileType = wrapper; path = letter.sr; sourceTree = "<group>"; };
		8BA996B72ADC2C82001CEC62 /* ieee.sr */ = {isa = PBXFileReference; lastKnownFileType = wrapper; path = ieee.sr; sourceTree = "<group>"; };
		8BA996B82ADC2C82001CEC62 /* ams.sr */ = {isa = PBXFileReference; lastKnownFileType = wrapper; path = ams.sr; sourceTree = "<group>"; };
		8BC05B0D2A6C278E00C4B69A /* Preview.entitlements */ = {isa = PBXFileReference; lastKnownFileType = text.plist.entitlements; path = Preview.entitlements; sourceTree = "<group>"; };
		8BC05B0E2A6C278E00C4B69A /* Thumbnail.entitlements */ = {isa = PBXFileReference; lastKnownFileType = text.plist.entitlements; path = Thumbnail.entitlements; sourceTree = "<group>"; };
		8BD4CB422AC6235E001D4E43 /* EditorTheme.swift */ = {isa = PBXFileReference; lastKnownFileType = sourcecode.swift; path = EditorTheme.swift; sourceTree = "<group>"; };
		8BD4CB442AC62DC9001D4E43 /* TreeSitterTypst.h */ = {isa = PBXFileReference; lastKnownFileType = sourcecode.c.h; path = TreeSitterTypst.h; sourceTree = "<group>"; };
		8BE0E0C92A2D27FD00A64EB1 /* TypstEditorViewController.swift */ = {isa = PBXFileReference; lastKnownFileType = sourcecode.swift; path = TypstEditorViewController.swift; sourceTree = "<group>"; };
		8BF64EE12ADC8E680050D042 /* WelcomeButton.swift */ = {isa = PBXFileReference; lastKnownFileType = sourcecode.swift; path = WelcomeButton.swift; sourceTree = "<group>"; };
		8BF64EE52ADC91060050D042 /* RecentFileCell.xib */ = {isa = PBXFileReference; lastKnownFileType = file.xib; path = RecentFileCell.xib; sourceTree = "<group>"; };
		8BF64EE72ADC91B30050D042 /* RecentFileCell.swift */ = {isa = PBXFileReference; lastKnownFileType = sourcecode.swift; path = RecentFileCell.swift; sourceTree = "<group>"; };
		8BF64EEA2ADC94600050D042 /* NibLoadable.swift */ = {isa = PBXFileReference; lastKnownFileType = sourcecode.swift; path = NibLoadable.swift; sourceTree = "<group>"; };
		AD239B6D2AD8306500C8B82B /* UISerifianDocument.swift */ = {isa = PBXFileReference; lastKnownFileType = sourcecode.swift; path = UISerifianDocument.swift; sourceTree = "<group>"; };
		AD2B63C62ABC2B7F00DAF85E /* AutocompleteResult+Clean.swift */ = {isa = PBXFileReference; lastKnownFileType = sourcecode.swift; path = "AutocompleteResult+Clean.swift"; sourceTree = "<group>"; };
		AD2B63CB2ABC6C1D00DAF85E /* InriaSerif-Bold.ttf */ = {isa = PBXFileReference; lastKnownFileType = file; path = "InriaSerif-Bold.ttf"; sourceTree = "<group>"; };
		AD2B63CC2ABC6C1D00DAF85E /* NotoSerifHebrew-Bold.ttf */ = {isa = PBXFileReference; lastKnownFileType = file; path = "NotoSerifHebrew-Bold.ttf"; sourceTree = "<group>"; };
		AD2B63CD2ABC6C1D00DAF85E /* NewCMMath-Regular.otf */ = {isa = PBXFileReference; lastKnownFileType = file; path = "NewCMMath-Regular.otf"; sourceTree = "<group>"; };
		AD2B63CE2ABC6C1D00DAF85E /* IBMPlexSerif-Regular.ttf */ = {isa = PBXFileReference; lastKnownFileType = file; path = "IBMPlexSerif-Regular.ttf"; sourceTree = "<group>"; };
		AD2B63CF2ABC6C1D00DAF85E /* NewCM10-Regular.otf */ = {isa = PBXFileReference; lastKnownFileType = file; path = "NewCM10-Regular.otf"; sourceTree = "<group>"; };
		AD2B63D02ABC6C1D00DAF85E /* InriaSerif-Regular.ttf */ = {isa = PBXFileReference; lastKnownFileType = file; path = "InriaSerif-Regular.ttf"; sourceTree = "<group>"; };
		AD2B63D12ABC6C1D00DAF85E /* NewCM10-Italic.otf */ = {isa = PBXFileReference; lastKnownFileType = file; path = "NewCM10-Italic.otf"; sourceTree = "<group>"; };
		AD2B63D22ABC6C1D00DAF85E /* Roboto-Regular.ttf */ = {isa = PBXFileReference; lastKnownFileType = file; path = "Roboto-Regular.ttf"; sourceTree = "<group>"; };
		AD2B63D32ABC6C1D00DAF85E /* LinLibertine_RB.ttf */ = {isa = PBXFileReference; lastKnownFileType = file; path = LinLibertine_RB.ttf; sourceTree = "<group>"; };
		AD2B63D42ABC6C1D00DAF85E /* DejaVuSansMono-BoldOblique.ttf */ = {isa = PBXFileReference; lastKnownFileType = file; path = "DejaVuSansMono-BoldOblique.ttf"; sourceTree = "<group>"; };
		AD2B63D52ABC6C1D00DAF85E /* NewCMMath-Book.otf */ = {isa = PBXFileReference; lastKnownFileType = file; path = "NewCMMath-Book.otf"; sourceTree = "<group>"; };
		AD2B63D72ABC6C1D00DAF85E /* Ubuntu-Regular.ttf */ = {isa = PBXFileReference; lastKnownFileType = file; path = "Ubuntu-Regular.ttf"; sourceTree = "<group>"; };
		AD2B63D82ABC6C1D00DAF85E /* FiraMath-Regular.otf */ = {isa = PBXFileReference; lastKnownFileType = file; path = "FiraMath-Regular.otf"; sourceTree = "<group>"; };
		AD2B63D92ABC6C1D00DAF85E /* NotoColorEmoji.ttf */ = {isa = PBXFileReference; lastKnownFileType = file; path = NotoColorEmoji.ttf; sourceTree = "<group>"; };
		AD2B63DA2ABC6C1D00DAF85E /* LinLibertine_RI.ttf */ = {isa = PBXFileReference; lastKnownFileType = file; path = LinLibertine_RI.ttf; sourceTree = "<group>"; };
		AD2B63DB2ABC6C1D00DAF85E /* DejaVuSansMono.ttf */ = {isa = PBXFileReference; lastKnownFileType = file; path = DejaVuSansMono.ttf; sourceTree = "<group>"; };
		AD2B63DC2ABC6C1D00DAF85E /* NewCM10-Bold.otf */ = {isa = PBXFileReference; lastKnownFileType = file; path = "NewCM10-Bold.otf"; sourceTree = "<group>"; };
		AD2B63DD2ABC6C1D00DAF85E /* InriaSerif-Italic.ttf */ = {isa = PBXFileReference; lastKnownFileType = file; path = "InriaSerif-Italic.ttf"; sourceTree = "<group>"; };
		AD2B63DE2ABC6C1D00DAF85E /* PTSans-Regular.ttf */ = {isa = PBXFileReference; lastKnownFileType = file; path = "PTSans-Regular.ttf"; sourceTree = "<group>"; };
		AD2B63E02ABC6C1D00DAF85E /* LinLibertine_R.ttf */ = {isa = PBXFileReference; lastKnownFileType = file; path = LinLibertine_R.ttf; sourceTree = "<group>"; };
		AD2B63E12ABC6C1D00DAF85E /* DejaVuSansMono-Bold.ttf */ = {isa = PBXFileReference; lastKnownFileType = file; path = "DejaVuSansMono-Bold.ttf"; sourceTree = "<group>"; };
		AD2B63E22ABC6C1D00DAF85E /* NotoSansSymbols2-Regular.ttf */ = {isa = PBXFileReference; lastKnownFileType = file; path = "NotoSansSymbols2-Regular.ttf"; sourceTree = "<group>"; };
		AD2B63E32ABC6C1D00DAF85E /* DejaVuSansMono-Oblique.ttf */ = {isa = PBXFileReference; lastKnownFileType = file; path = "DejaVuSansMono-Oblique.ttf"; sourceTree = "<group>"; };
		AD2B63E42ABC6C1D00DAF85E /* NewCM10-BoldItalic.otf */ = {isa = PBXFileReference; lastKnownFileType = file; path = "NewCM10-BoldItalic.otf"; sourceTree = "<group>"; };
		AD2B63E52ABC6C1D00DAF85E /* NotoSansArabic-Regular.ttf */ = {isa = PBXFileReference; lastKnownFileType = file; path = "NotoSansArabic-Regular.ttf"; sourceTree = "<group>"; };
		AD2B63E62ABC6C1D00DAF85E /* NotoSerifHebrew-Regular.ttf */ = {isa = PBXFileReference; lastKnownFileType = file; path = "NotoSerifHebrew-Regular.ttf"; sourceTree = "<group>"; };
		AD2B63E72ABC6C1D00DAF85E /* LinLibertine_RBI.ttf */ = {isa = PBXFileReference; lastKnownFileType = file; path = LinLibertine_RBI.ttf; sourceTree = "<group>"; };
		AD2B63E82ABC6C1D00DAF85E /* InriaSerif-BoldItalic.ttf */ = {isa = PBXFileReference; lastKnownFileType = file; path = "InriaSerif-BoldItalic.ttf"; sourceTree = "<group>"; };
		AD2B64072ABC6C4000DAF85E /* SerifianDocument+Fonts.swift */ = {isa = PBXFileReference; lastKnownFileType = sourcecode.swift; path = "SerifianDocument+Fonts.swift"; sourceTree = "<group>"; };
		AD334FB62A7703AD006FCB04 /* UIResponder+Swizzle.swift */ = {isa = PBXFileReference; fileEncoding = 4; lastKnownFileType = sourcecode.swift; path = "UIResponder+Swizzle.swift"; sourceTree = "<group>"; };
		AD49CE1A2AB737CC0068D5B1 /* AutocompletePopupItem.swift */ = {isa = PBXFileReference; lastKnownFileType = sourcecode.swift; path = AutocompletePopupItem.swift; sourceTree = "<group>"; };
		AD49CE1C2AB738090068D5B1 /* AutocompleteResult+Fuseable.swift */ = {isa = PBXFileReference; lastKnownFileType = sourcecode.swift; path = "AutocompleteResult+Fuseable.swift"; sourceTree = "<group>"; };
		AD49CE1F2AB7384D0068D5B1 /* AutocompleteCoordinator.swift */ = {isa = PBXFileReference; lastKnownFileType = sourcecode.swift; path = AutocompleteCoordinator.swift; sourceTree = "<group>"; };
		AD49CE212AB75C240068D5B1 /* UITextRange+Intersection.swift */ = {isa = PBXFileReference; lastKnownFileType = sourcecode.swift; path = "UITextRange+Intersection.swift"; sourceTree = "<group>"; };
		AD8DC5D42A8E8421008E2717 /* AutocompletePopup.swift */ = {isa = PBXFileReference; lastKnownFileType = sourcecode.swift; path = AutocompletePopup.swift; sourceTree = "<group>"; };
		AD9FF0202A90FE9E00C6EADD /* AutocompletePopupHostingController.swift */ = {isa = PBXFileReference; lastKnownFileType = sourcecode.swift; path = AutocompletePopupHostingController.swift; sourceTree = "<group>"; };
		ADCA13582AC0ABE1000A5EFC /* Empty.sr */ = {isa = PBXFileReference; lastKnownFileType = wrapper; path = Empty.sr; sourceTree = "<group>"; };
		ADCA135A2AC0C175000A5EFC /* CompilationErrorsView.swift */ = {isa = PBXFileReference; lastKnownFileType = sourcecode.swift; path = CompilationErrorsView.swift; sourceTree = "<group>"; };
		ADCA135C2AC0C325000A5EFC /* CompilationError+Identifiable.swift */ = {isa = PBXFileReference; lastKnownFileType = sourcecode.swift; path = "CompilationError+Identifiable.swift"; sourceTree = "<group>"; };
/* End PBXFileReference section */

/* Begin PBXFrameworksBuildPhase section */
		8B3DE9D42AD2F60D005060EE /* Frameworks */ = {
			isa = PBXFrameworksBuildPhase;
			buildActionMask = 2147483647;
			files = (
				8B3DE9F12AD2F6A3005060EE /* Fuse in Frameworks */,
			);
			runOnlyForDeploymentPostprocessing = 0;
		};
		8B4F2B672A21376D007A15D7 /* Frameworks */ = {
			isa = PBXFrameworksBuildPhase;
			buildActionMask = 2147483647;
			files = (
				8BCC9C2B2AC6113300F4522B /* Runestone in Frameworks */,
				ADB569E52A8E633400F67C54 /* SwiftyTypst in Frameworks */,
				AD8DC5DA2A900CD1008E2717 /* Fuse in Frameworks */,
			);
			runOnlyForDeploymentPostprocessing = 0;
		};
		8B4F2C2A2A222626007A15D7 /* Frameworks */ = {
			isa = PBXFrameworksBuildPhase;
			buildActionMask = 2147483647;
			files = (
				8B4F2C302A222626007A15D7 /* QuickLook.framework in Frameworks */,
			);
			runOnlyForDeploymentPostprocessing = 0;
		};
		8B4F2C422A2226AD007A15D7 /* Frameworks */ = {
			isa = PBXFrameworksBuildPhase;
			buildActionMask = 2147483647;
			files = (
				8B4F2C472A2226AD007A15D7 /* QuickLookThumbnailing.framework in Frameworks */,
			);
			runOnlyForDeploymentPostprocessing = 0;
		};
/* End PBXFrameworksBuildPhase section */

/* Begin PBXGroup section */
		8B348C762A223E22009DD175 /* Sources */ = {
			isa = PBXGroup;
			children = (
				8B87B6FF2A366D5D00287D9F /* Protocols */,
				8B348C6F2A223E18009DD175 /* Folder.swift */,
				8B348C6D2A223E18009DD175 /* GenericFile.swift */,
				8B348C6E2A223E18009DD175 /* ImageFile.swift */,
				8B348C882A22B0A2009DD175 /* SidebarItemViewModel.swift */,
				8B348C6A2A223E18009DD175 /* SourceError.swift */,
				8B348C6B2A223E18009DD175 /* TypstSourceFile.swift */,
			);
			path = Sources;
			sourceTree = "<group>";
		};
		8B348C772A224A66009DD175 /* SwiftUI Views */ = {
			isa = PBXGroup;
			children = (
				AD49CE1E2AB7383B0068D5B1 /* Autocomplete */,
				ADCA135A2AC0C175000A5EFC /* CompilationErrorsView.swift */,
				8B348C7E2A22567B009DD175 /* DocumentCreationView.swift */,
			);
			path = "SwiftUI Views";
			sourceTree = "<group>";
		};
		8B348C802A225925009DD175 /* Templates */ = {
			isa = PBXGroup;
			children = (
				8BA996B82ADC2C82001CEC62 /* ams.sr */,
				8BA996B52ADC2C81001CEC62 /* dept-news.sr */,
				8BA996B42ADC2C81001CEC62 /* fiction.sr */,
				8BA996B72ADC2C82001CEC62 /* ieee.sr */,
				8BA996B62ADC2C81001CEC62 /* letter.sr */,
				ADCA13582AC0ABE1000A5EFC /* Empty.sr */,
			);
			path = Templates;
			sourceTree = "<group>";
		};
		8B348C852A22A66C009DD175 /* Utilities */ = {
			isa = PBXGroup;
			children = (
				AD2B63C62ABC2B7F00DAF85E /* AutocompleteResult+Clean.swift */,
				AD49CE1C2AB738090068D5B1 /* AutocompleteResult+Fuseable.swift */,
				8B9561B42A23B1DF001E0F6F /* CGRect+Center.swift */,
				8B9468552ACB42F8001F3CC6 /* Collection+safe.swift */,
				ADCA135C2AC0C325000A5EFC /* CompilationError+Identifiable.swift */,
			);
			path = Utilities;
			sourceTree = "<group>";
		};
		8B3DE9D12AD2F467005060EE /* macOS */ = {
			isa = PBXGroup;
			children = (
				8BF64EE92ADC94560050D042 /* Utilities */,
				8B3DEA1E2AD34BE3005060EE /* Models */,
				8B7E91722ADC52F2006597C7 /* View Controllers */,
				8BF64EDE2ADC8E000050D042 /* Views */,
				8B3DE9D92AD2F60D005060EE /* AppDelegate.swift */,
				8B3DE9DB2AD2F60D005060EE /* ViewController.swift */,
				8B3DE9E42AD2F60F005060EE /* Info.plist */,
				8B3DE9E12AD2F60F005060EE /* Main.storyboard */,
				8B3DE9F92AD317CF005060EE /* Serifian.entitlements */,
			);
			path = macOS;
			sourceTree = "<group>";
		};
		8B3DE9D22AD2F46F005060EE /* iOS */ = {
			isa = PBXGroup;
			children = (
				8B3DEA192AD31D59005060EE /* Models */,
				8B3DEA1D2AD34760005060EE /* Utilities */,
				8B4F2C522A222E1C007A15D7 /* View Controllers */,
				8B4F2B6D2A21376D007A15D7 /* AppDelegate.swift */,
				8B9561B22A235B6B001E0F6F /* DraggableDividerView.swift */,
				8B3DE9F42AD31520005060EE /* Info.plist */,
				8B4F2B752A21376D007A15D7 /* Main.storyboard */,
				8B4F2B7A2A21376E007A15D7 /* LaunchScreen.storyboard */,
				8B3DE9F62AD3156A005060EE /* Serifian.entitlements */,
			);
			path = iOS;
			sourceTree = "<group>";
		};
		8B3DEA192AD31D59005060EE /* Models */ = {
			isa = PBXGroup;
			children = (
				AD239B6D2AD8306500C8B82B /* UISerifianDocument.swift */,
			);
			path = Models;
			sourceTree = "<group>";
		};
		8B3DEA1D2AD34760005060EE /* Utilities */ = {
			isa = PBXGroup;
			children = (
				8BD4CB422AC6235E001D4E43 /* EditorTheme.swift */,
				8B882E6F2AC8577300BD2FEE /* TypstCharacterPair.swift */,
				AD334FB62A7703AD006FCB04 /* UIResponder+Swizzle.swift */,
				AD49CE212AB75C240068D5B1 /* UITextRange+Intersection.swift */,
			);
			path = Utilities;
			sourceTree = "<group>";
		};
		8B3DEA1E2AD34BE3005060EE /* Models */ = {
			isa = PBXGroup;
			children = (
				8B3DEA1F2AD34BF5005060EE /* NSSerifianDocument.swift */,
			);
			path = Models;
			sourceTree = "<group>";
		};
		8B4F2B612A21376D007A15D7 = {
			isa = PBXGroup;
			children = (
				AD2B63CA2ABC6C1D00DAF85E /* Fonts */,
				8B348C802A225925009DD175 /* Templates */,
				8B4F2B6C2A21376D007A15D7 /* Serifian */,
				8B4F2C312A222627007A15D7 /* Preview */,
				8B4F2C482A2226AD007A15D7 /* Thumbnail */,
				8B882E332AC8310200BD2FEE /* TreeSitterTypst */,
				8BD4CB442AC62DC9001D4E43 /* TreeSitterTypst.h */,
				8B882E712AC86D8E00BD2FEE /* TestFlight */,
				8B4F2C2E2A222626007A15D7 /* Frameworks */,
				8B4F2B6B2A21376D007A15D7 /* Products */,
			);
			sourceTree = "<group>";
		};
		8B4F2B6B2A21376D007A15D7 /* Products */ = {
			isa = PBXGroup;
			children = (
				8B4F2B6A2A21376D007A15D7 /* Serifian for iOS.app */,
				8B4F2C2D2A222626007A15D7 /* Preview.appex */,
				8B4F2C452A2226AD007A15D7 /* Thumbnail.appex */,
				8B3DE9D72AD2F60D005060EE /* Serifian.app */,
			);
			name = Products;
			sourceTree = "<group>";
		};
		8B4F2B6C2A21376D007A15D7 /* Serifian */ = {
			isa = PBXGroup;
			children = (
				8B3DE9D22AD2F46F005060EE /* iOS */,
				8B3DE9D12AD2F467005060EE /* macOS */,
				8B4F2C592A223B46007A15D7 /* Models */,
				8B348C852A22A66C009DD175 /* Utilities */,
				8B348C772A224A66009DD175 /* SwiftUI Views */,
				8B3DE9DF2AD2F60F005060EE /* Assets.xcassets */,
			);
			path = Serifian;
			sourceTree = "<group>";
		};
		8B4F2C2E2A222626007A15D7 /* Frameworks */ = {
			isa = PBXGroup;
			children = (
				8B4F2C2F2A222626007A15D7 /* QuickLook.framework */,
				8B4F2C462A2226AD007A15D7 /* QuickLookThumbnailing.framework */,
			);
			name = Frameworks;
			sourceTree = "<group>";
		};
		8B4F2C312A222627007A15D7 /* Preview */ = {
			isa = PBXGroup;
			children = (
				8BC05B0D2A6C278E00C4B69A /* Preview.entitlements */,
				8B4F2C342A222627007A15D7 /* PreviewProvider.swift */,
				8B4F2C392A222627007A15D7 /* Info.plist */,
			);
			path = Preview;
			sourceTree = "<group>";
		};
		8B4F2C482A2226AD007A15D7 /* Thumbnail */ = {
			isa = PBXGroup;
			children = (
				8BC05B0E2A6C278E00C4B69A /* Thumbnail.entitlements */,
				8B4F2C492A2226AD007A15D7 /* ThumbnailProvider.swift */,
				8B4F2C4B2A2226AD007A15D7 /* Info.plist */,
			);
			path = Thumbnail;
			sourceTree = "<group>";
		};
		8B4F2C522A222E1C007A15D7 /* View Controllers */ = {
			isa = PBXGroup;
			children = (
				AD9FF0202A90FE9E00C6EADD /* AutocompletePopupHostingController.swift */,
				8B4F2B6F2A21376D007A15D7 /* DocumentBrowserViewController.swift */,
				8B4F2C532A222E6F007A15D7 /* RootSplitViewController.swift */,
				8B4F2C572A2236C0007A15D7 /* SidebarViewController.swift */,
				8BE0E0C92A2D27FD00A64EB1 /* TypstEditorViewController.swift */,
				8B348C7C2A225462009DD175 /* WorkbenchViewController.swift */,
			);
			path = "View Controllers";
			sourceTree = "<group>";
		};
		8B4F2C592A223B46007A15D7 /* Models */ = {
			isa = PBXGroup;
			children = (
				8B348C762A223E22009DD175 /* Sources */,
				8B4F2C5E2A223C77007A15D7 /* Document */,
			);
			path = Models;
			sourceTree = "<group>";
		};
		8B4F2C5E2A223C77007A15D7 /* Document */ = {
			isa = PBXGroup;
			children = (
				8B4F2C602A223C8B007A15D7 /* DocumentError.swift */,
				8B4F2C622A223C8B007A15D7 /* DocumentMetadata.swift */,
				8B4F2C5A2A223B64007A15D7 /* SerifianDocument.swift */,
				8B4F2C5F2A223C8B007A15D7 /* SerifianDocument+Compile.swift */,
				8B4F2C632A223C8B007A15D7 /* SerifianDocument+FileManager.swift */,
				AD2B64072ABC6C4000DAF85E /* SerifianDocument+Fonts.swift */,
				8B4F2C612A223C8B007A15D7 /* SerifianDocument+Thumbnail.swift */,
			);
			path = Document;
			sourceTree = "<group>";
		};
		8B7E91722ADC52F2006597C7 /* View Controllers */ = {
			isa = PBXGroup;
			children = (
				8B7E91792ADC58D1006597C7 /* Window Controllers */,
				8B23FE812AE46D8800E803C1 /* MainSplitViewController.swift */,
				8B23FE832AE4739100E803C1 /* MultiFileController.swift */,
				8B7E917A2ADC5966006597C7 /* WelcomeViewController.swift */,
			);
			path = "View Controllers";
			sourceTree = "<group>";
		};
		8B7E91792ADC58D1006597C7 /* Window Controllers */ = {
			isa = PBXGroup;
			children = (
				8B7E91732ADC5309006597C7 /* MainWindowController.swift */,
				8B7E91762ADC5791006597C7 /* WelcomeWindowController.swift */,
			);
			path = "Window Controllers";
			sourceTree = "<group>";
		};
		8B87B6FF2A366D5D00287D9F /* Protocols */ = {
			isa = PBXGroup;
			children = (
				8B87B6FD2A3668BA00287D9F /* AutocompletableSource.swift */,
				8B348C6C2A223E18009DD175 /* SourceProtocol.swift */,
			);
			path = Protocols;
			sourceTree = "<group>";
		};
		8B882E332AC8310200BD2FEE /* TreeSitterTypst */ = {
			isa = PBXGroup;
			children = (
				8B882E342AC8310200BD2FEE /* DOC.md */,
				8B882E352AC8310200BD2FEE /* Cargo.toml */,
				8B882E362AC8310200BD2FEE /* grammar.js */,
				8B882E372AC8310200BD2FEE /* LICENSE */,
				8B882E382AC8310200BD2FEE /* binding.gyp */,
				8B882E392AC8310200BD2FEE /* Makefile */,
				8B882E3A2AC8310200BD2FEE /* corpus */,
				8B882E3E2AC8310200BD2FEE /* queries */,
				8B882E412AC8310200BD2FEE /* unicode.txt */,
				8B882E422AC8310200BD2FEE /* size.txt */,
				8B882E432AC8310200BD2FEE /* README.md */,
				8B882E442AC8310200BD2FEE /* .gitignore */,
				8B882E452AC8310200BD2FEE /* package.json */,
				8B882E462AC8310200BD2FEE /* bindings */,
				8B882E4D2AC8310200BD2FEE /* helix */,
				8B882E4F2AC8310200BD2FEE /* src */,
			);
			path = TreeSitterTypst;
			sourceTree = "<group>";
		};
		8B882E3A2AC8310200BD2FEE /* corpus */ = {
			isa = PBXGroup;
			children = (
				8B882E3B2AC8310200BD2FEE /* test.scm */,
				8B882E3C2AC8310200BD2FEE /* chaos.scm */,
				8B882E3D2AC8310200BD2FEE /* fixme.scm */,
			);
			path = corpus;
			sourceTree = "<group>";
		};
		8B882E3E2AC8310200BD2FEE /* queries */ = {
			isa = PBXGroup;
			children = (
				8B882E3F2AC8310200BD2FEE /* highlights.scm */,
				8B882E402AC8310200BD2FEE /* injections.scm */,
			);
			path = queries;
			sourceTree = "<group>";
		};
		8B882E462AC8310200BD2FEE /* bindings */ = {
			isa = PBXGroup;
			children = (
				8B882E472AC8310200BD2FEE /* rust */,
				8B882E4A2AC8310200BD2FEE /* node */,
			);
			path = bindings;
			sourceTree = "<group>";
		};
		8B882E472AC8310200BD2FEE /* rust */ = {
			isa = PBXGroup;
			children = (
				8B882E482AC8310200BD2FEE /* lib.rs */,
				8B882E492AC8310200BD2FEE /* build.rs */,
			);
			path = rust;
			sourceTree = "<group>";
		};
		8B882E4A2AC8310200BD2FEE /* node */ = {
			isa = PBXGroup;
			children = (
				8B882E4B2AC8310200BD2FEE /* binding.cc */,
				8B882E4C2AC8310200BD2FEE /* index.js */,
			);
			path = node;
			sourceTree = "<group>";
		};
		8B882E4D2AC8310200BD2FEE /* helix */ = {
			isa = PBXGroup;
			children = (
				8B882E4E2AC8310200BD2FEE /* languages.toml */,
			);
			path = helix;
			sourceTree = "<group>";
		};
		8B882E4F2AC8310200BD2FEE /* src */ = {
			isa = PBXGroup;
			children = (
				8B882E502AC8310200BD2FEE /* scanner.c */,
				8B882E512AC8310200BD2FEE /* node-types.json */,
				8B882E522AC8310200BD2FEE /* tree_sitter */,
				8B882E542AC8310200BD2FEE /* grammar.json */,
				8B882E552AC8310200BD2FEE /* parser.c */,
			);
			path = src;
			sourceTree = "<group>";
		};
		8B882E522AC8310200BD2FEE /* tree_sitter */ = {
			isa = PBXGroup;
			children = (
				8B882E532AC8310200BD2FEE /* parser.h */,
			);
			path = tree_sitter;
			sourceTree = "<group>";
		};
		8B882E712AC86D8E00BD2FEE /* TestFlight */ = {
			isa = PBXGroup;
			children = (
				8B882E722AC86DDB00BD2FEE /* WhatToTest.en-GB.txt */,
			);
			path = TestFlight;
			sourceTree = "<group>";
		};
		8BF64EDE2ADC8E000050D042 /* Views */ = {
			isa = PBXGroup;
			children = (
				8B23FE8B2AE4761400E803C1 /* FileTabHeader.swift */,
				8B23FE8C2AE4761400E803C1 /* FileTabHeader.xib */,
				8BF64EE72ADC91B30050D042 /* RecentFileCell.swift */,
				8BF64EE52ADC91060050D042 /* RecentFileCell.xib */,
				8BF64EE12ADC8E680050D042 /* WelcomeButton.swift */,
			);
			path = Views;
			sourceTree = "<group>";
		};
		8BF64EE92ADC94560050D042 /* Utilities */ = {
			isa = PBXGroup;
			children = (
				8BF64EEA2ADC94600050D042 /* NibLoadable.swift */,
				8B2C90D32AE1C1C3005D8850 /* URL+Home.swift */,
			);
			path = Utilities;
			sourceTree = "<group>";
		};
		AD2B63CA2ABC6C1D00DAF85E /* Fonts */ = {
			isa = PBXGroup;
			children = (
				AD2B63CB2ABC6C1D00DAF85E /* InriaSerif-Bold.ttf */,
				AD2B63CC2ABC6C1D00DAF85E /* NotoSerifHebrew-Bold.ttf */,
				AD2B63CD2ABC6C1D00DAF85E /* NewCMMath-Regular.otf */,
				AD2B63CE2ABC6C1D00DAF85E /* IBMPlexSerif-Regular.ttf */,
				AD2B63CF2ABC6C1D00DAF85E /* NewCM10-Regular.otf */,
				AD2B63D02ABC6C1D00DAF85E /* InriaSerif-Regular.ttf */,
				AD2B63D12ABC6C1D00DAF85E /* NewCM10-Italic.otf */,
				AD2B63D22ABC6C1D00DAF85E /* Roboto-Regular.ttf */,
				AD2B63D32ABC6C1D00DAF85E /* LinLibertine_RB.ttf */,
				AD2B63D42ABC6C1D00DAF85E /* DejaVuSansMono-BoldOblique.ttf */,
				AD2B63D52ABC6C1D00DAF85E /* NewCMMath-Book.otf */,
				AD2B63D72ABC6C1D00DAF85E /* Ubuntu-Regular.ttf */,
				AD2B63D82ABC6C1D00DAF85E /* FiraMath-Regular.otf */,
				AD2B63D92ABC6C1D00DAF85E /* NotoColorEmoji.ttf */,
				AD2B63DA2ABC6C1D00DAF85E /* LinLibertine_RI.ttf */,
				AD2B63DB2ABC6C1D00DAF85E /* DejaVuSansMono.ttf */,
				AD2B63DC2ABC6C1D00DAF85E /* NewCM10-Bold.otf */,
				AD2B63DD2ABC6C1D00DAF85E /* InriaSerif-Italic.ttf */,
				AD2B63DE2ABC6C1D00DAF85E /* PTSans-Regular.ttf */,
				AD2B63E02ABC6C1D00DAF85E /* LinLibertine_R.ttf */,
				AD2B63E12ABC6C1D00DAF85E /* DejaVuSansMono-Bold.ttf */,
				AD2B63E22ABC6C1D00DAF85E /* NotoSansSymbols2-Regular.ttf */,
				AD2B63E32ABC6C1D00DAF85E /* DejaVuSansMono-Oblique.ttf */,
				AD2B63E42ABC6C1D00DAF85E /* NewCM10-BoldItalic.otf */,
				AD2B63E52ABC6C1D00DAF85E /* NotoSansArabic-Regular.ttf */,
				AD2B63E62ABC6C1D00DAF85E /* NotoSerifHebrew-Regular.ttf */,
				AD2B63E72ABC6C1D00DAF85E /* LinLibertine_RBI.ttf */,
				AD2B63E82ABC6C1D00DAF85E /* InriaSerif-BoldItalic.ttf */,
			);
			path = Fonts;
			sourceTree = "<group>";
		};
		AD49CE1E2AB7383B0068D5B1 /* Autocomplete */ = {
			isa = PBXGroup;
			children = (
				AD8DC5D42A8E8421008E2717 /* AutocompletePopup.swift */,
				AD49CE1A2AB737CC0068D5B1 /* AutocompletePopupItem.swift */,
				AD49CE1F2AB7384D0068D5B1 /* AutocompleteCoordinator.swift */,
			);
			path = Autocomplete;
			sourceTree = "<group>";
		};
/* End PBXGroup section */

/* Begin PBXNativeTarget section */
		8B3DE9D62AD2F60D005060EE /* Serifian for macOS */ = {
			isa = PBXNativeTarget;
			buildConfigurationList = 8B3DE9E62AD2F60F005060EE /* Build configuration list for PBXNativeTarget "Serifian for macOS" */;
			buildPhases = (
				8B3DE9D32AD2F60D005060EE /* Sources */,
				8B3DE9D42AD2F60D005060EE /* Frameworks */,
				8B3DE9D52AD2F60D005060EE /* Resources */,
				8B3DE9EC2AD2F69C005060EE /* Embed Foundation Extensions */,
			);
			buildRules = (
			);
			dependencies = (
				8B3DE9EB2AD2F69C005060EE /* PBXTargetDependency */,
				8B3DE9EF2AD2F6A0005060EE /* PBXTargetDependency */,
			);
			name = "Serifian for macOS";
			packageProductDependencies = (
				8B3DE9F02AD2F6A3005060EE /* Fuse */,
			);
			productName = Serifian;
			productReference = 8B3DE9D72AD2F60D005060EE /* Serifian.app */;
			productType = "com.apple.product-type.application";
		};
		8B4F2B692A21376D007A15D7 /* Serifian for iOS */ = {
			isa = PBXNativeTarget;
			buildConfigurationList = 8B4F2B802A21376E007A15D7 /* Build configuration list for PBXNativeTarget "Serifian for iOS" */;
			buildPhases = (
				8B4F2B662A21376D007A15D7 /* Sources */,
				8B4F2B672A21376D007A15D7 /* Frameworks */,
				8B4F2B682A21376D007A15D7 /* Resources */,
				8B4F2C402A222627007A15D7 /* Embed Foundation Extensions */,
			);
			buildRules = (
			);
			dependencies = (
				8B4F2C3B2A222627007A15D7 /* PBXTargetDependency */,
				8B4F2C4D2A2226AD007A15D7 /* PBXTargetDependency */,
			);
			name = "Serifian for iOS";
			packageProductDependencies = (
				ADB569E42A8E633400F67C54 /* SwiftyTypst */,
				AD8DC5D92A900CD1008E2717 /* Fuse */,
				8BCC9C2A2AC6113300F4522B /* Runestone */,
			);
			productName = Serifian;
			productReference = 8B4F2B6A2A21376D007A15D7 /* Serifian for iOS.app */;
			productType = "com.apple.product-type.application";
		};
		8B4F2C2C2A222626007A15D7 /* Preview */ = {
			isa = PBXNativeTarget;
			buildConfigurationList = 8B4F2C3D2A222627007A15D7 /* Build configuration list for PBXNativeTarget "Preview" */;
			buildPhases = (
				8B4F2C292A222626007A15D7 /* Sources */,
				8B4F2C2A2A222626007A15D7 /* Frameworks */,
				8B4F2C2B2A222626007A15D7 /* Resources */,
			);
			buildRules = (
			);
			dependencies = (
			);
			name = Preview;
			productName = Preview;
			productReference = 8B4F2C2D2A222626007A15D7 /* Preview.appex */;
			productType = "com.apple.product-type.app-extension";
		};
		8B4F2C442A2226AD007A15D7 /* Thumbnail */ = {
			isa = PBXNativeTarget;
			buildConfigurationList = 8B4F2C4F2A2226AD007A15D7 /* Build configuration list for PBXNativeTarget "Thumbnail" */;
			buildPhases = (
				8B4F2C412A2226AD007A15D7 /* Sources */,
				8B4F2C422A2226AD007A15D7 /* Frameworks */,
				8B4F2C432A2226AD007A15D7 /* Resources */,
			);
			buildRules = (
			);
			dependencies = (
			);
			name = Thumbnail;
			productName = Thumbnail;
			productReference = 8B4F2C452A2226AD007A15D7 /* Thumbnail.appex */;
			productType = "com.apple.product-type.app-extension";
		};
/* End PBXNativeTarget section */

/* Begin PBXProject section */
		8B4F2B622A21376D007A15D7 /* Project object */ = {
			isa = PBXProject;
			attributes = {
				BuildIndependentTargetsInParallel = 1;
				LastSwiftUpdateCheck = 1500;
				LastUpgradeCheck = 1500;
				TargetAttributes = {
					8B3DE9D62AD2F60D005060EE = {
						CreatedOnToolsVersion = 15.0;
					};
					8B4F2B692A21376D007A15D7 = {
						CreatedOnToolsVersion = 14.3;
					};
					8B4F2C2C2A222626007A15D7 = {
						CreatedOnToolsVersion = 14.3;
					};
					8B4F2C442A2226AD007A15D7 = {
						CreatedOnToolsVersion = 14.3;
					};
				};
			};
			buildConfigurationList = 8B4F2B652A21376D007A15D7 /* Build configuration list for PBXProject "Serifian" */;
			compatibilityVersion = "Xcode 14.0";
			developmentRegion = en;
			hasScannedForEncodings = 0;
			knownRegions = (
				en,
				Base,
			);
			mainGroup = 8B4F2B612A21376D007A15D7;
			packageReferences = (
				AD8DC5D82A900C83008E2717 /* XCRemoteSwiftPackageReference "fuse-swift" */,
				8BCC9C292AC6113300F4522B /* XCRemoteSwiftPackageReference "Runestone" */,
				8B72E21C2AF814EE00F03727 /* XCLocalSwiftPackageReference "../SwiftyTypst" */,
			);
			productRefGroup = 8B4F2B6B2A21376D007A15D7 /* Products */;
			projectDirPath = "";
			projectRoot = "";
			targets = (
				8B4F2B692A21376D007A15D7 /* Serifian for iOS */,
				8B3DE9D62AD2F60D005060EE /* Serifian for macOS */,
				8B4F2C2C2A222626007A15D7 /* Preview */,
				8B4F2C442A2226AD007A15D7 /* Thumbnail */,
			);
		};
/* End PBXProject section */

/* Begin PBXResourcesBuildPhase section */
		8B3DE9D52AD2F60D005060EE /* Resources */ = {
			isa = PBXResourcesBuildPhase;
			buildActionMask = 2147483647;
			files = (
				8BA996C02ADC2C82001CEC62 /* ieee.sr in Resources */,
				8BA996BA2ADC2C82001CEC62 /* fiction.sr in Resources */,
				8B23FE8E2AE4761400E803C1 /* FileTabHeader.xib in Resources */,
				8BA996C32ADC2C85001CEC62 /* Empty.sr in Resources */,
				8BA996C22ADC2C82001CEC62 /* ams.sr in Resources */,
				8B3DE9E02AD2F60F005060EE /* Assets.xcassets in Resources */,
				8BA996BC2ADC2C82001CEC62 /* dept-news.sr in Resources */,
				8BF64EE62ADC91060050D042 /* RecentFileCell.xib in Resources */,
				8BA996BE2ADC2C82001CEC62 /* letter.sr in Resources */,
				8B3DE9E32AD2F60F005060EE /* Main.storyboard in Resources */,
			);
			runOnlyForDeploymentPostprocessing = 0;
		};
		8B4F2B682A21376D007A15D7 /* Resources */ = {
			isa = PBXResourcesBuildPhase;
			buildActionMask = 2147483647;
			files = (
				8B3DE9F82AD3168A005060EE /* Assets.xcassets in Resources */,
				AD2B63ED2ABC6C1D00DAF85E /* NewCM10-Regular.otf in Resources */,
				AD2B64062ABC6C1D00DAF85E /* InriaSerif-BoldItalic.ttf in Resources */,
				AD2B64002ABC6C1D00DAF85E /* NotoSansSymbols2-Regular.ttf in Resources */,
				AD2B63EA2ABC6C1D00DAF85E /* NotoSerifHebrew-Bold.ttf in Resources */,
				ADCA13592AC0ABE1000A5EFC /* Empty.sr in Resources */,
				AD2B63F92ABC6C1D00DAF85E /* DejaVuSansMono.ttf in Resources */,
				AD2B63EC2ABC6C1D00DAF85E /* IBMPlexSerif-Regular.ttf in Resources */,
				AD2B63E92ABC6C1D00DAF85E /* InriaSerif-Bold.ttf in Resources */,
				AD2B63F82ABC6C1D00DAF85E /* LinLibertine_RI.ttf in Resources */,
				8BA996BD2ADC2C82001CEC62 /* letter.sr in Resources */,
				8B4F2B7C2A21376E007A15D7 /* LaunchScreen.storyboard in Resources */,
				AD2B63FC2ABC6C1D00DAF85E /* PTSans-Regular.ttf in Resources */,
				AD2B64012ABC6C1D00DAF85E /* DejaVuSansMono-Oblique.ttf in Resources */,
				AD2B64022ABC6C1D00DAF85E /* NewCM10-BoldItalic.otf in Resources */,
				AD2B64032ABC6C1D00DAF85E /* NotoSansArabic-Regular.ttf in Resources */,
				AD2B63F22ABC6C1D00DAF85E /* DejaVuSansMono-BoldOblique.ttf in Resources */,
				AD2B63F32ABC6C1D00DAF85E /* NewCMMath-Book.otf in Resources */,
				AD2B63EB2ABC6C1D00DAF85E /* NewCMMath-Regular.otf in Resources */,
				8B882E602AC8310300BD2FEE /* injections.scm in Resources */,
				AD2B63F52ABC6C1D00DAF85E /* Ubuntu-Regular.ttf in Resources */,
				AD2B63F02ABC6C1D00DAF85E /* Roboto-Regular.ttf in Resources */,
				AD2B63FE2ABC6C1D00DAF85E /* LinLibertine_R.ttf in Resources */,
				AD2B64052ABC6C1D00DAF85E /* LinLibertine_RBI.ttf in Resources */,
				8BA996BB2ADC2C82001CEC62 /* dept-news.sr in Resources */,
				8BA996BF2ADC2C82001CEC62 /* ieee.sr in Resources */,
				AD2B63F72ABC6C1D00DAF85E /* NotoColorEmoji.ttf in Resources */,
				AD2B63FA2ABC6C1D00DAF85E /* NewCM10-Bold.otf in Resources */,
				8BA996B92ADC2C82001CEC62 /* fiction.sr in Resources */,
				8BA996C12ADC2C82001CEC62 /* ams.sr in Resources */,
				AD2B63F62ABC6C1D00DAF85E /* FiraMath-Regular.otf in Resources */,
				AD2B63EE2ABC6C1D00DAF85E /* InriaSerif-Regular.ttf in Resources */,
				AD2B63FB2ABC6C1D00DAF85E /* InriaSerif-Italic.ttf in Resources */,
				8B882E5F2AC8310300BD2FEE /* highlights.scm in Resources */,
				AD2B63FF2ABC6C1D00DAF85E /* DejaVuSansMono-Bold.ttf in Resources */,
				AD2B64042ABC6C1D00DAF85E /* NotoSerifHebrew-Regular.ttf in Resources */,
				8B4F2B772A21376D007A15D7 /* Main.storyboard in Resources */,
				AD2B63F12ABC6C1D00DAF85E /* LinLibertine_RB.ttf in Resources */,
				AD2B63EF2ABC6C1D00DAF85E /* NewCM10-Italic.otf in Resources */,
			);
			runOnlyForDeploymentPostprocessing = 0;
		};
		8B4F2C2B2A222626007A15D7 /* Resources */ = {
			isa = PBXResourcesBuildPhase;
			buildActionMask = 2147483647;
			files = (
			);
			runOnlyForDeploymentPostprocessing = 0;
		};
		8B4F2C432A2226AD007A15D7 /* Resources */ = {
			isa = PBXResourcesBuildPhase;
			buildActionMask = 2147483647;
			files = (
			);
			runOnlyForDeploymentPostprocessing = 0;
		};
/* End PBXResourcesBuildPhase section */

/* Begin PBXSourcesBuildPhase section */
		8B3DE9D32AD2F60D005060EE /* Sources */ = {
			isa = PBXSourcesBuildPhase;
			buildActionMask = 2147483647;
			files = (
				8B3DEA0D2AD31D2E005060EE /* AutocompleteResult+Clean.swift in Sources */,
				8B7E917C2ADC596C006597C7 /* WelcomeViewController.swift in Sources */,
				8BF64EE82ADC91B30050D042 /* RecentFileCell.swift in Sources */,
				8B3DEA012AD31B12005060EE /* SourceProtocol.swift in Sources */,
				8B3DE9FF2AD31B12005060EE /* ImageFile.swift in Sources */,
				8B23FE852AE4739100E803C1 /* MultiFileController.swift in Sources */,
				8B3DE9FA2AD31AFC005060EE /* AutocompletableSource.swift in Sources */,
				8B3DEA042AD31D1D005060EE /* SerifianDocument.swift in Sources */,
				8B3DEA052AD31D22005060EE /* SerifianDocument+Thumbnail.swift in Sources */,
				8B3DEA172AD31D39005060EE /* DocumentCreationView.swift in Sources */,
				8B3DEA0A2AD31D2E005060EE /* Collection+safe.swift in Sources */,
				8B3DEA022AD31D13005060EE /* DocumentError.swift in Sources */,
				8B3DEA112AD31D2E005060EE /* CGRect+Center.swift in Sources */,
				8B3DEA082AD31D22005060EE /* SerifianDocument+Fonts.swift in Sources */,
				8B3DE9FB2AD31B06005060EE /* Folder.swift in Sources */,
				8B3DEA162AD31D39005060EE /* CompilationErrorsView.swift in Sources */,
				8B2C90D42AE1C1C3005D8850 /* URL+Home.swift in Sources */,
				8B7E91752ADC532D006597C7 /* MainWindowController.swift in Sources */,
				8B3DEA152AD31D39005060EE /* AutocompleteCoordinator.swift in Sources */,
				8BF64EE32ADC8E8D0050D042 /* WelcomeButton.swift in Sources */,
				8B23FE822AE46D8800E803C1 /* MainSplitViewController.swift in Sources */,
				8B3DE9DC2AD2F60D005060EE /* ViewController.swift in Sources */,
				8B3DEA002AD31B12005060EE /* SidebarItemViewModel.swift in Sources */,
				8B3DE9DA2AD2F60D005060EE /* AppDelegate.swift in Sources */,
				8B3DEA032AD31D16005060EE /* DocumentMetadata.swift in Sources */,
				8BF64EEB2ADC94600050D042 /* NibLoadable.swift in Sources */,
				8B3DE9FE2AD31B12005060EE /* TypstSourceFile.swift in Sources */,
				8B3DEA062AD31D22005060EE /* SerifianDocument+Compile.swift in Sources */,
				8B23FE8D2AE4761400E803C1 /* FileTabHeader.swift in Sources */,
				8B3DE9FD2AD31B12005060EE /* SourceError.swift in Sources */,
				8B3DEA122AD31D2E005060EE /* CompilationError+Identifiable.swift in Sources */,
				8B3DE9FC2AD31B12005060EE /* GenericFile.swift in Sources */,
				8B3DEA0E2AD31D2E005060EE /* AutocompleteResult+Fuseable.swift in Sources */,
				8B3DEA202AD34BF5005060EE /* NSSerifianDocument.swift in Sources */,
				8B3DEA132AD31D39005060EE /* AutocompletePopup.swift in Sources */,
				8B7E91782ADC57C8006597C7 /* WelcomeWindowController.swift in Sources */,
				8B3DEA072AD31D22005060EE /* SerifianDocument+FileManager.swift in Sources */,
				8B3DEA142AD31D39005060EE /* AutocompletePopupItem.swift in Sources */,
			);
			runOnlyForDeploymentPostprocessing = 0;
		};
		8B4F2B662A21376D007A15D7 /* Sources */ = {
			isa = PBXSourcesBuildPhase;
			buildActionMask = 2147483647;
			files = (
				8B4F2C672A223C8B007A15D7 /* DocumentMetadata.swift in Sources */,
				8B4F2C582A2236C0007A15D7 /* SidebarViewController.swift in Sources */,
				ADCA135D2AC0C325000A5EFC /* CompilationError+Identifiable.swift in Sources */,
				8B882E702AC8577300BD2FEE /* TypstCharacterPair.swift in Sources */,
				8B4F2C642A223C8B007A15D7 /* SerifianDocument+Compile.swift in Sources */,
				AD49CE1D2AB738090068D5B1 /* AutocompleteResult+Fuseable.swift in Sources */,
				8B9468562ACB42F8001F3CC6 /* Collection+safe.swift in Sources */,
				8B4F2B702A21376D007A15D7 /* DocumentBrowserViewController.swift in Sources */,
				AD2B63C72ABC2B7F00DAF85E /* AutocompleteResult+Clean.swift in Sources */,
				8B348C7F2A22567B009DD175 /* DocumentCreationView.swift in Sources */,
				8B348C732A223E18009DD175 /* SourceProtocol.swift in Sources */,
				8B4F2B6E2A21376D007A15D7 /* AppDelegate.swift in Sources */,
				8B4F2C662A223C8B007A15D7 /* SerifianDocument+Thumbnail.swift in Sources */,
				8B9561B32A235B6C001E0F6F /* DraggableDividerView.swift in Sources */,
				8B882E6B2AC8310300BD2FEE /* scanner.c in Sources */,
				AD8DC5D52A8E8421008E2717 /* AutocompletePopup.swift in Sources */,
				AD49CE222AB75C240068D5B1 /* UITextRange+Intersection.swift in Sources */,
				AD239B6E2AD8306500C8B82B /* UISerifianDocument.swift in Sources */,
				AD9FF0212A90FE9E00C6EADD /* AutocompletePopupHostingController.swift in Sources */,
				AD49CE1B2AB737CC0068D5B1 /* AutocompletePopupItem.swift in Sources */,
				AD49CE202AB7384D0068D5B1 /* AutocompleteCoordinator.swift in Sources */,
				8B348C7D2A225462009DD175 /* WorkbenchViewController.swift in Sources */,
				8B348C712A223E18009DD175 /* SourceError.swift in Sources */,
				8B348C742A223E18009DD175 /* GenericFile.swift in Sources */,
				8B4F2C682A223C8B007A15D7 /* SerifianDocument+FileManager.swift in Sources */,
				ADCA135B2AC0C175000A5EFC /* CompilationErrorsView.swift in Sources */,
				8B348C722A223E18009DD175 /* TypstSourceFile.swift in Sources */,
				AD9FF0222A9106C700C6EADD /* TypstEditorViewController.swift in Sources */,
				8B4F2C542A222E6F007A15D7 /* RootSplitViewController.swift in Sources */,
				8BD4CB432AC6235E001D4E43 /* EditorTheme.swift in Sources */,
				8B87B6FE2A3668BA00287D9F /* AutocompletableSource.swift in Sources */,
				8B348C892A22B0A2009DD175 /* SidebarItemViewModel.swift in Sources */,
				8B348C752A223E18009DD175 /* ImageFile.swift in Sources */,
				8B4F2C652A223C8B007A15D7 /* DocumentError.swift in Sources */,
				8B9561B52A23B1DF001E0F6F /* CGRect+Center.swift in Sources */,
				AD334FB72A7703AD006FCB04 /* UIResponder+Swizzle.swift in Sources */,
				8B4F2C5B2A223B64007A15D7 /* SerifianDocument.swift in Sources */,
				8B348C702A223E18009DD175 /* Folder.swift in Sources */,
				8B882E6E2AC8310300BD2FEE /* parser.c in Sources */,
				AD2B64082ABC6C4000DAF85E /* SerifianDocument+Fonts.swift in Sources */,
			);
			runOnlyForDeploymentPostprocessing = 0;
		};
		8B4F2C292A222626007A15D7 /* Sources */ = {
			isa = PBXSourcesBuildPhase;
			buildActionMask = 2147483647;
			files = (
				8B4F2C352A222627007A15D7 /* PreviewProvider.swift in Sources */,
			);
			runOnlyForDeploymentPostprocessing = 0;
		};
		8B4F2C412A2226AD007A15D7 /* Sources */ = {
			isa = PBXSourcesBuildPhase;
			buildActionMask = 2147483647;
			files = (
				8B4F2C4A2A2226AD007A15D7 /* ThumbnailProvider.swift in Sources */,
			);
			runOnlyForDeploymentPostprocessing = 0;
		};
/* End PBXSourcesBuildPhase section */

/* Begin PBXTargetDependency section */
		8B3DE9EB2AD2F69C005060EE /* PBXTargetDependency */ = {
			isa = PBXTargetDependency;
			target = 8B4F2C2C2A222626007A15D7 /* Preview */;
			targetProxy = 8B3DE9EA2AD2F69C005060EE /* PBXContainerItemProxy */;
		};
		8B3DE9EF2AD2F6A0005060EE /* PBXTargetDependency */ = {
			isa = PBXTargetDependency;
			target = 8B4F2C442A2226AD007A15D7 /* Thumbnail */;
			targetProxy = 8B3DE9EE2AD2F6A0005060EE /* PBXContainerItemProxy */;
		};
		8B4F2C3B2A222627007A15D7 /* PBXTargetDependency */ = {
			isa = PBXTargetDependency;
			target = 8B4F2C2C2A222626007A15D7 /* Preview */;
			targetProxy = 8B4F2C3A2A222627007A15D7 /* PBXContainerItemProxy */;
		};
		8B4F2C4D2A2226AD007A15D7 /* PBXTargetDependency */ = {
			isa = PBXTargetDependency;
			target = 8B4F2C442A2226AD007A15D7 /* Thumbnail */;
			targetProxy = 8B4F2C4C2A2226AD007A15D7 /* PBXContainerItemProxy */;
		};
/* End PBXTargetDependency section */

/* Begin PBXVariantGroup section */
		8B3DE9E12AD2F60F005060EE /* Main.storyboard */ = {
			isa = PBXVariantGroup;
			children = (
				8B3DE9E22AD2F60F005060EE /* Base */,
			);
			name = Main.storyboard;
			sourceTree = "<group>";
		};
		8B4F2B752A21376D007A15D7 /* Main.storyboard */ = {
			isa = PBXVariantGroup;
			children = (
				8B4F2B762A21376D007A15D7 /* Base */,
			);
			name = Main.storyboard;
			sourceTree = "<group>";
		};
		8B4F2B7A2A21376E007A15D7 /* LaunchScreen.storyboard */ = {
			isa = PBXVariantGroup;
			children = (
				8B4F2B7B2A21376E007A15D7 /* Base */,
			);
			name = LaunchScreen.storyboard;
			sourceTree = "<group>";
		};
/* End PBXVariantGroup section */

/* Begin XCBuildConfiguration section */
		8B3DE9E72AD2F60F005060EE /* Debug */ = {
			isa = XCBuildConfiguration;
			buildSettings = {
				ASSETCATALOG_COMPILER_APPICON_NAME = "macOS Icon";
				ASSETCATALOG_COMPILER_GENERATE_SWIFT_ASSET_SYMBOL_EXTENSIONS = YES;
				ASSETCATALOG_COMPILER_GLOBAL_ACCENT_COLOR_NAME = AccentColor;
				CODE_SIGN_ENTITLEMENTS = Serifian/macOS/Serifian.entitlements;
				CODE_SIGN_STYLE = Automatic;
				COMBINE_HIDPI_IMAGES = YES;
				CURRENT_PROJECT_VERSION = 23;
				DEVELOPMENT_TEAM = BZTVD28H6K;
				ENABLE_HARDENED_RUNTIME = YES;
				ENABLE_USER_SCRIPT_SANDBOXING = YES;
				GCC_C_LANGUAGE_STANDARD = gnu17;
				GENERATE_INFOPLIST_FILE = YES;
				INFOPLIST_FILE = Serifian/macOS/Info.plist;
				INFOPLIST_KEY_CFBundleDisplayName = Serifian;
				INFOPLIST_KEY_LSApplicationCategoryType = "public.app-category.productivity";
				INFOPLIST_KEY_NSHumanReadableCopyright = "";
				INFOPLIST_KEY_NSMainStoryboardFile = Main;
				INFOPLIST_KEY_NSPrincipalClass = NSApplication;
				LD_RUNPATH_SEARCH_PATHS = (
					"$(inherited)",
					"@executable_path/../Frameworks",
				);
				LOCALIZATION_PREFERS_STRING_CATALOGS = YES;
				MARKETING_VERSION = 1.0;
				PRODUCT_BUNDLE_IDENTIFIER = com.persello.Serifian;
				PRODUCT_NAME = Serifian;
				SDKROOT = macosx;
				SWIFT_ACTIVE_COMPILATION_CONDITIONS = "DEBUG $(inherited)";
				SWIFT_EMIT_LOC_STRINGS = YES;
				SWIFT_VERSION = 5.0;
			};
			name = Debug;
		};
		8B3DE9E82AD2F60F005060EE /* Release */ = {
			isa = XCBuildConfiguration;
			buildSettings = {
				ASSETCATALOG_COMPILER_APPICON_NAME = "macOS Beta Icon";
				ASSETCATALOG_COMPILER_GENERATE_SWIFT_ASSET_SYMBOL_EXTENSIONS = YES;
				ASSETCATALOG_COMPILER_GLOBAL_ACCENT_COLOR_NAME = AccentColor;
				CODE_SIGN_ENTITLEMENTS = Serifian/macOS/Serifian.entitlements;
				CODE_SIGN_STYLE = Automatic;
				COMBINE_HIDPI_IMAGES = YES;
				CURRENT_PROJECT_VERSION = 23;
				DEVELOPMENT_TEAM = BZTVD28H6K;
				ENABLE_HARDENED_RUNTIME = YES;
				ENABLE_USER_SCRIPT_SANDBOXING = YES;
				GCC_C_LANGUAGE_STANDARD = gnu17;
				GENERATE_INFOPLIST_FILE = YES;
				INFOPLIST_FILE = Serifian/macOS/Info.plist;
				INFOPLIST_KEY_CFBundleDisplayName = Serifian;
				INFOPLIST_KEY_LSApplicationCategoryType = "public.app-category.productivity";
				INFOPLIST_KEY_NSHumanReadableCopyright = "";
				INFOPLIST_KEY_NSMainStoryboardFile = Main;
				INFOPLIST_KEY_NSPrincipalClass = NSApplication;
				LD_RUNPATH_SEARCH_PATHS = (
					"$(inherited)",
					"@executable_path/../Frameworks",
				);
				LOCALIZATION_PREFERS_STRING_CATALOGS = YES;
				MARKETING_VERSION = 1.0;
				PRODUCT_BUNDLE_IDENTIFIER = com.persello.Serifian;
				PRODUCT_NAME = Serifian;
				SDKROOT = macosx;
				SWIFT_EMIT_LOC_STRINGS = YES;
				SWIFT_VERSION = 5.0;
			};
			name = Release;
		};
		8B4F2B7E2A21376E007A15D7 /* Debug */ = {
			isa = XCBuildConfiguration;
			buildSettings = {
				ALWAYS_SEARCH_USER_PATHS = NO;
				CLANG_ANALYZER_NONNULL = YES;
				CLANG_ANALYZER_NUMBER_OBJECT_CONVERSION = YES_AGGRESSIVE;
				CLANG_CXX_LANGUAGE_STANDARD = "gnu++20";
				CLANG_ENABLE_MODULES = YES;
				CLANG_ENABLE_OBJC_ARC = YES;
				CLANG_ENABLE_OBJC_WEAK = YES;
				CLANG_WARN_BLOCK_CAPTURE_AUTORELEASING = YES;
				CLANG_WARN_BOOL_CONVERSION = YES;
				CLANG_WARN_COMMA = YES;
				CLANG_WARN_CONSTANT_CONVERSION = YES;
				CLANG_WARN_DEPRECATED_OBJC_IMPLEMENTATIONS = YES;
				CLANG_WARN_DIRECT_OBJC_ISA_USAGE = YES_ERROR;
				CLANG_WARN_DOCUMENTATION_COMMENTS = YES;
				CLANG_WARN_EMPTY_BODY = YES;
				CLANG_WARN_ENUM_CONVERSION = YES;
				CLANG_WARN_INFINITE_RECURSION = YES;
				CLANG_WARN_INT_CONVERSION = YES;
				CLANG_WARN_NON_LITERAL_NULL_CONVERSION = YES;
				CLANG_WARN_OBJC_IMPLICIT_RETAIN_SELF = YES;
				CLANG_WARN_OBJC_LITERAL_CONVERSION = YES;
				CLANG_WARN_OBJC_ROOT_CLASS = YES_ERROR;
				CLANG_WARN_QUOTED_INCLUDE_IN_FRAMEWORK_HEADER = YES;
				CLANG_WARN_RANGE_LOOP_ANALYSIS = YES;
				CLANG_WARN_STRICT_PROTOTYPES = YES;
				CLANG_WARN_SUSPICIOUS_MOVE = YES;
				CLANG_WARN_UNGUARDED_AVAILABILITY = YES_AGGRESSIVE;
				CLANG_WARN_UNREACHABLE_CODE = YES;
				CLANG_WARN__DUPLICATE_METHOD_MATCH = YES;
				COPY_PHASE_STRIP = NO;
				DEBUG_INFORMATION_FORMAT = dwarf;
				ENABLE_STRICT_OBJC_MSGSEND = YES;
				ENABLE_TESTABILITY = YES;
				GCC_C_LANGUAGE_STANDARD = gnu11;
				GCC_DYNAMIC_NO_PIC = NO;
				GCC_NO_COMMON_BLOCKS = YES;
				GCC_OPTIMIZATION_LEVEL = 0;
				GCC_PREPROCESSOR_DEFINITIONS = (
					"DEBUG=1",
					"$(inherited)",
				);
				GCC_WARN_64_TO_32_BIT_CONVERSION = YES;
				GCC_WARN_ABOUT_RETURN_TYPE = YES_ERROR;
				GCC_WARN_UNDECLARED_SELECTOR = YES;
				GCC_WARN_UNINITIALIZED_AUTOS = YES_AGGRESSIVE;
				GCC_WARN_UNUSED_FUNCTION = YES;
				GCC_WARN_UNUSED_VARIABLE = YES;
				IPHONEOS_DEPLOYMENT_TARGET = 17.0;
				MACOSX_DEPLOYMENT_TARGET = 14.0;
				MTL_ENABLE_DEBUG_INFO = INCLUDE_SOURCE;
				MTL_FAST_MATH = YES;
				ONLY_ACTIVE_ARCH = YES;
				SDKROOT = iphoneos;
				SWIFT_ACTIVE_COMPILATION_CONDITIONS = DEBUG;
				SWIFT_OPTIMIZATION_LEVEL = "-Onone";
			};
			name = Debug;
		};
		8B4F2B7F2A21376E007A15D7 /* Release */ = {
			isa = XCBuildConfiguration;
			buildSettings = {
				ALWAYS_SEARCH_USER_PATHS = NO;
				CLANG_ANALYZER_NONNULL = YES;
				CLANG_ANALYZER_NUMBER_OBJECT_CONVERSION = YES_AGGRESSIVE;
				CLANG_CXX_LANGUAGE_STANDARD = "gnu++20";
				CLANG_ENABLE_MODULES = YES;
				CLANG_ENABLE_OBJC_ARC = YES;
				CLANG_ENABLE_OBJC_WEAK = YES;
				CLANG_WARN_BLOCK_CAPTURE_AUTORELEASING = YES;
				CLANG_WARN_BOOL_CONVERSION = YES;
				CLANG_WARN_COMMA = YES;
				CLANG_WARN_CONSTANT_CONVERSION = YES;
				CLANG_WARN_DEPRECATED_OBJC_IMPLEMENTATIONS = YES;
				CLANG_WARN_DIRECT_OBJC_ISA_USAGE = YES_ERROR;
				CLANG_WARN_DOCUMENTATION_COMMENTS = YES;
				CLANG_WARN_EMPTY_BODY = YES;
				CLANG_WARN_ENUM_CONVERSION = YES;
				CLANG_WARN_INFINITE_RECURSION = YES;
				CLANG_WARN_INT_CONVERSION = YES;
				CLANG_WARN_NON_LITERAL_NULL_CONVERSION = YES;
				CLANG_WARN_OBJC_IMPLICIT_RETAIN_SELF = YES;
				CLANG_WARN_OBJC_LITERAL_CONVERSION = YES;
				CLANG_WARN_OBJC_ROOT_CLASS = YES_ERROR;
				CLANG_WARN_QUOTED_INCLUDE_IN_FRAMEWORK_HEADER = YES;
				CLANG_WARN_RANGE_LOOP_ANALYSIS = YES;
				CLANG_WARN_STRICT_PROTOTYPES = YES;
				CLANG_WARN_SUSPICIOUS_MOVE = YES;
				CLANG_WARN_UNGUARDED_AVAILABILITY = YES_AGGRESSIVE;
				CLANG_WARN_UNREACHABLE_CODE = YES;
				CLANG_WARN__DUPLICATE_METHOD_MATCH = YES;
				COPY_PHASE_STRIP = NO;
				DEBUG_INFORMATION_FORMAT = "dwarf-with-dsym";
				ENABLE_NS_ASSERTIONS = NO;
				ENABLE_STRICT_OBJC_MSGSEND = YES;
				GCC_C_LANGUAGE_STANDARD = gnu11;
				GCC_NO_COMMON_BLOCKS = YES;
				GCC_WARN_64_TO_32_BIT_CONVERSION = YES;
				GCC_WARN_ABOUT_RETURN_TYPE = YES_ERROR;
				GCC_WARN_UNDECLARED_SELECTOR = YES;
				GCC_WARN_UNINITIALIZED_AUTOS = YES_AGGRESSIVE;
				GCC_WARN_UNUSED_FUNCTION = YES;
				GCC_WARN_UNUSED_VARIABLE = YES;
				IPHONEOS_DEPLOYMENT_TARGET = 17.0;
				MACOSX_DEPLOYMENT_TARGET = 14.0;
				MTL_ENABLE_DEBUG_INFO = NO;
				MTL_FAST_MATH = YES;
				SDKROOT = iphoneos;
				SWIFT_COMPILATION_MODE = wholemodule;
				SWIFT_OPTIMIZATION_LEVEL = "-O";
				VALIDATE_PRODUCT = YES;
			};
			name = Release;
		};
		8B4F2B812A21376E007A15D7 /* Debug */ = {
			isa = XCBuildConfiguration;
			buildSettings = {
				ALWAYS_EMBED_SWIFT_STANDARD_LIBRARIES = YES;
				ASSETCATALOG_COMPILER_APPICON_NAME = "";
				"ASSETCATALOG_COMPILER_APPICON_NAME[sdk=iphoneos*]" = "iOS Icon";
				ASSETCATALOG_COMPILER_GLOBAL_ACCENT_COLOR_NAME = AccentColor;
				CODE_SIGN_ENTITLEMENTS = Serifian/iOS/Serifian.entitlements;
				CODE_SIGN_IDENTITY = "Apple Development";
				CODE_SIGN_STYLE = Automatic;
				CURRENT_PROJECT_VERSION = 23;
				DEVELOPMENT_TEAM = BZTVD28H6K;
				EXCLUDED_ARCHS = "";
				GENERATE_INFOPLIST_FILE = YES;
				INFOPLIST_FILE = Serifian/iOS/Info.plist;
				INFOPLIST_KEY_CFBundleDisplayName = Serifian;
				INFOPLIST_KEY_LSApplicationCategoryType = "public.app-category.productivity";
				INFOPLIST_KEY_UIApplicationSupportsIndirectInputEvents = YES;
				INFOPLIST_KEY_UILaunchStoryboardName = LaunchScreen;
				INFOPLIST_KEY_UIMainStoryboardFile = Main;
				INFOPLIST_KEY_UISupportedInterfaceOrientations_iPad = "UIInterfaceOrientationPortrait UIInterfaceOrientationPortraitUpsideDown UIInterfaceOrientationLandscapeLeft UIInterfaceOrientationLandscapeRight";
				INFOPLIST_KEY_UISupportedInterfaceOrientations_iPhone = "UIInterfaceOrientationPortrait UIInterfaceOrientationLandscapeLeft UIInterfaceOrientationLandscapeRight";
				INFOPLIST_KEY_UISupportsDocumentBrowser = YES;
				IPHONEOS_DEPLOYMENT_TARGET = 17.0;
				LD_RUNPATH_SEARCH_PATHS = (
					"$(inherited)",
					"@executable_path/Frameworks",
				);
				MARKETING_VERSION = 1.0;
				PRODUCT_BUNDLE_IDENTIFIER = com.persello.Serifian;
				PRODUCT_NAME = "$(TARGET_NAME)";
				PROVISIONING_PROFILE_SPECIFIER = "";
				SUPPORTED_PLATFORMS = "iphoneos iphonesimulator";
				SUPPORTS_MACCATALYST = NO;
				SUPPORTS_MAC_DESIGNED_FOR_IPHONE_IPAD = NO;
				SUPPORTS_XR_DESIGNED_FOR_IPHONE_IPAD = NO;
				SWIFT_EMIT_LOC_STRINGS = YES;
				SWIFT_OBJC_BRIDGING_HEADER = TreeSitterTypst.h;
				SWIFT_VERSION = 5.0;
				TARGETED_DEVICE_FAMILY = 2;
			};
			name = Debug;
		};
		8B4F2B822A21376E007A15D7 /* Release */ = {
			isa = XCBuildConfiguration;
			buildSettings = {
				ALWAYS_EMBED_SWIFT_STANDARD_LIBRARIES = YES;
				ASSETCATALOG_COMPILER_APPICON_NAME = "";
				"ASSETCATALOG_COMPILER_APPICON_NAME[sdk=iphoneos*]" = "iOS Icon";
				ASSETCATALOG_COMPILER_GLOBAL_ACCENT_COLOR_NAME = AccentColor;
				CODE_SIGN_ENTITLEMENTS = Serifian/iOS/Serifian.entitlements;
				CODE_SIGN_IDENTITY = "Apple Development";
				CODE_SIGN_STYLE = Automatic;
				CURRENT_PROJECT_VERSION = 23;
				DEVELOPMENT_TEAM = BZTVD28H6K;
				EXCLUDED_ARCHS = "";
				GENERATE_INFOPLIST_FILE = YES;
				INFOPLIST_FILE = Serifian/iOS/Info.plist;
				INFOPLIST_KEY_CFBundleDisplayName = Serifian;
				INFOPLIST_KEY_LSApplicationCategoryType = "public.app-category.productivity";
				INFOPLIST_KEY_UIApplicationSupportsIndirectInputEvents = YES;
				INFOPLIST_KEY_UILaunchStoryboardName = LaunchScreen;
				INFOPLIST_KEY_UIMainStoryboardFile = Main;
				INFOPLIST_KEY_UISupportedInterfaceOrientations_iPad = "UIInterfaceOrientationPortrait UIInterfaceOrientationPortraitUpsideDown UIInterfaceOrientationLandscapeLeft UIInterfaceOrientationLandscapeRight";
				INFOPLIST_KEY_UISupportedInterfaceOrientations_iPhone = "UIInterfaceOrientationPortrait UIInterfaceOrientationLandscapeLeft UIInterfaceOrientationLandscapeRight";
				INFOPLIST_KEY_UISupportsDocumentBrowser = YES;
				IPHONEOS_DEPLOYMENT_TARGET = 17.0;
				LD_RUNPATH_SEARCH_PATHS = (
					"$(inherited)",
					"@executable_path/Frameworks",
				);
				MARKETING_VERSION = 1.0;
				PRODUCT_BUNDLE_IDENTIFIER = com.persello.Serifian;
				PRODUCT_NAME = "$(TARGET_NAME)";
				PROVISIONING_PROFILE_SPECIFIER = "";
				SUPPORTED_PLATFORMS = "iphoneos iphonesimulator";
				SUPPORTS_MACCATALYST = NO;
				SUPPORTS_MAC_DESIGNED_FOR_IPHONE_IPAD = NO;
				SUPPORTS_XR_DESIGNED_FOR_IPHONE_IPAD = NO;
				SWIFT_EMIT_LOC_STRINGS = YES;
				SWIFT_OBJC_BRIDGING_HEADER = TreeSitterTypst.h;
				SWIFT_VERSION = 5.0;
				TARGETED_DEVICE_FAMILY = 2;
			};
			name = Release;
		};
		8B4F2C3E2A222627007A15D7 /* Debug */ = {
			isa = XCBuildConfiguration;
			buildSettings = {
				CODE_SIGN_ENTITLEMENTS = Preview/Preview.entitlements;
				CODE_SIGN_STYLE = Automatic;
				CURRENT_PROJECT_VERSION = 1;
				DEVELOPMENT_TEAM = BZTVD28H6K;
				GENERATE_INFOPLIST_FILE = YES;
				INFOPLIST_FILE = Preview/Info.plist;
				INFOPLIST_KEY_CFBundleDisplayName = Preview;
				INFOPLIST_KEY_NSHumanReadableCopyright = "";
				IPHONEOS_DEPLOYMENT_TARGET = 17.0;
				LD_RUNPATH_SEARCH_PATHS = (
					"$(inherited)",
					"@executable_path/Frameworks",
					"@executable_path/../../Frameworks",
				);
				MARKETING_VERSION = 1.0;
				PRODUCT_BUNDLE_IDENTIFIER = com.persello.Serifian.Preview;
				PRODUCT_NAME = "$(TARGET_NAME)";
				SKIP_INSTALL = YES;
				SUPPORTED_PLATFORMS = "iphoneos iphonesimulator macosx";
				SUPPORTS_MACCATALYST = NO;
				SUPPORTS_MAC_DESIGNED_FOR_IPHONE_IPAD = NO;
				SWIFT_EMIT_LOC_STRINGS = YES;
				SWIFT_VERSION = 5.0;
				TARGETED_DEVICE_FAMILY = "1,2";
			};
			name = Debug;
		};
		8B4F2C3F2A222627007A15D7 /* Release */ = {
			isa = XCBuildConfiguration;
			buildSettings = {
				CODE_SIGN_ENTITLEMENTS = Preview/Preview.entitlements;
				CODE_SIGN_STYLE = Automatic;
				CURRENT_PROJECT_VERSION = 1;
				DEVELOPMENT_TEAM = BZTVD28H6K;
				GENERATE_INFOPLIST_FILE = YES;
				INFOPLIST_FILE = Preview/Info.plist;
				INFOPLIST_KEY_CFBundleDisplayName = Preview;
				INFOPLIST_KEY_NSHumanReadableCopyright = "";
				IPHONEOS_DEPLOYMENT_TARGET = 17.0;
				LD_RUNPATH_SEARCH_PATHS = (
					"$(inherited)",
					"@executable_path/Frameworks",
					"@executable_path/../../Frameworks",
				);
				MARKETING_VERSION = 1.0;
				PRODUCT_BUNDLE_IDENTIFIER = com.persello.Serifian.Preview;
				PRODUCT_NAME = "$(TARGET_NAME)";
				SKIP_INSTALL = YES;
				SUPPORTED_PLATFORMS = "iphoneos iphonesimulator macosx";
				SUPPORTS_MACCATALYST = NO;
				SUPPORTS_MAC_DESIGNED_FOR_IPHONE_IPAD = NO;
				SWIFT_EMIT_LOC_STRINGS = YES;
				SWIFT_VERSION = 5.0;
				TARGETED_DEVICE_FAMILY = "1,2";
			};
			name = Release;
		};
		8B4F2C502A2226AD007A15D7 /* Debug */ = {
			isa = XCBuildConfiguration;
			buildSettings = {
				CODE_SIGN_ENTITLEMENTS = Thumbnail/Thumbnail.entitlements;
				CODE_SIGN_STYLE = Automatic;
				CURRENT_PROJECT_VERSION = 1;
				DEVELOPMENT_TEAM = BZTVD28H6K;
				GENERATE_INFOPLIST_FILE = YES;
				INFOPLIST_FILE = Thumbnail/Info.plist;
				INFOPLIST_KEY_CFBundleDisplayName = Thumbnail;
				INFOPLIST_KEY_NSHumanReadableCopyright = "";
				IPHONEOS_DEPLOYMENT_TARGET = 17.0;
				LD_RUNPATH_SEARCH_PATHS = (
					"$(inherited)",
					"@executable_path/Frameworks",
					"@executable_path/../../Frameworks",
				);
				MARKETING_VERSION = 1.0;
				PRODUCT_BUNDLE_IDENTIFIER = com.persello.Serifian.Thumbnail;
				PRODUCT_NAME = "$(TARGET_NAME)";
				SKIP_INSTALL = YES;
				SUPPORTED_PLATFORMS = "iphoneos iphonesimulator macosx";
				SUPPORTS_MACCATALYST = NO;
				SUPPORTS_MAC_DESIGNED_FOR_IPHONE_IPAD = NO;
				SWIFT_EMIT_LOC_STRINGS = YES;
				SWIFT_VERSION = 5.0;
				TARGETED_DEVICE_FAMILY = "1,2";
			};
			name = Debug;
		};
		8B4F2C512A2226AD007A15D7 /* Release */ = {
			isa = XCBuildConfiguration;
			buildSettings = {
				CODE_SIGN_ENTITLEMENTS = Thumbnail/Thumbnail.entitlements;
				CODE_SIGN_STYLE = Automatic;
				CURRENT_PROJECT_VERSION = 1;
				DEVELOPMENT_TEAM = BZTVD28H6K;
				GENERATE_INFOPLIST_FILE = YES;
				INFOPLIST_FILE = Thumbnail/Info.plist;
				INFOPLIST_KEY_CFBundleDisplayName = Thumbnail;
				INFOPLIST_KEY_NSHumanReadableCopyright = "";
				IPHONEOS_DEPLOYMENT_TARGET = 17.0;
				LD_RUNPATH_SEARCH_PATHS = (
					"$(inherited)",
					"@executable_path/Frameworks",
					"@executable_path/../../Frameworks",
				);
				MARKETING_VERSION = 1.0;
				PRODUCT_BUNDLE_IDENTIFIER = com.persello.Serifian.Thumbnail;
				PRODUCT_NAME = "$(TARGET_NAME)";
				SKIP_INSTALL = YES;
				SUPPORTED_PLATFORMS = "iphoneos iphonesimulator macosx";
				SUPPORTS_MACCATALYST = NO;
				SUPPORTS_MAC_DESIGNED_FOR_IPHONE_IPAD = NO;
				SWIFT_EMIT_LOC_STRINGS = YES;
				SWIFT_VERSION = 5.0;
				TARGETED_DEVICE_FAMILY = "1,2";
			};
			name = Release;
		};
/* End XCBuildConfiguration section */

/* Begin XCConfigurationList section */
		8B3DE9E62AD2F60F005060EE /* Build configuration list for PBXNativeTarget "Serifian for macOS" */ = {
			isa = XCConfigurationList;
			buildConfigurations = (
				8B3DE9E72AD2F60F005060EE /* Debug */,
				8B3DE9E82AD2F60F005060EE /* Release */,
			);
			defaultConfigurationIsVisible = 0;
			defaultConfigurationName = Release;
		};
		8B4F2B652A21376D007A15D7 /* Build configuration list for PBXProject "Serifian" */ = {
			isa = XCConfigurationList;
			buildConfigurations = (
				8B4F2B7E2A21376E007A15D7 /* Debug */,
				8B4F2B7F2A21376E007A15D7 /* Release */,
			);
			defaultConfigurationIsVisible = 0;
			defaultConfigurationName = Release;
		};
		8B4F2B802A21376E007A15D7 /* Build configuration list for PBXNativeTarget "Serifian for iOS" */ = {
			isa = XCConfigurationList;
			buildConfigurations = (
				8B4F2B812A21376E007A15D7 /* Debug */,
				8B4F2B822A21376E007A15D7 /* Release */,
			);
			defaultConfigurationIsVisible = 0;
			defaultConfigurationName = Release;
		};
		8B4F2C3D2A222627007A15D7 /* Build configuration list for PBXNativeTarget "Preview" */ = {
			isa = XCConfigurationList;
			buildConfigurations = (
				8B4F2C3E2A222627007A15D7 /* Debug */,
				8B4F2C3F2A222627007A15D7 /* Release */,
			);
			defaultConfigurationIsVisible = 0;
			defaultConfigurationName = Release;
		};
		8B4F2C4F2A2226AD007A15D7 /* Build configuration list for PBXNativeTarget "Thumbnail" */ = {
			isa = XCConfigurationList;
			buildConfigurations = (
				8B4F2C502A2226AD007A15D7 /* Debug */,
				8B4F2C512A2226AD007A15D7 /* Release */,
			);
			defaultConfigurationIsVisible = 0;
			defaultConfigurationName = Release;
		};
/* End XCConfigurationList section */

/* Begin XCLocalSwiftPackageReference section */
		8B72E21C2AF814EE00F03727 /* XCLocalSwiftPackageReference "../SwiftyTypst" */ = {
			isa = XCLocalSwiftPackageReference;
			relativePath = ../SwiftyTypst;
		};
/* End XCLocalSwiftPackageReference section */

/* Begin XCRemoteSwiftPackageReference section */
		8BCC9C292AC6113300F4522B /* XCRemoteSwiftPackageReference "Runestone" */ = {
			isa = XCRemoteSwiftPackageReference;
			repositoryURL = "https://github.com/simonbs/Runestone";
			requirement = {
				kind = upToNextMajorVersion;
				minimumVersion = 0.3.2;
			};
		};
		AD8DC5D82A900C83008E2717 /* XCRemoteSwiftPackageReference "fuse-swift" */ = {
			isa = XCRemoteSwiftPackageReference;
			repositoryURL = "https://github.com/krisk/fuse-swift";
			requirement = {
				kind = upToNextMajorVersion;
				minimumVersion = 1.4.0;
			};
		};
/* End XCRemoteSwiftPackageReference section */

/* Begin XCSwiftPackageProductDependency section */
		8B3DE9F02AD2F6A3005060EE /* Fuse */ = {
			isa = XCSwiftPackageProductDependency;
			package = AD8DC5D82A900C83008E2717 /* XCRemoteSwiftPackageReference "fuse-swift" */;
			productName = Fuse;
		};
		8BCC9C2A2AC6113300F4522B /* Runestone */ = {
			isa = XCSwiftPackageProductDependency;
			package = 8BCC9C292AC6113300F4522B /* XCRemoteSwiftPackageReference "Runestone" */;
			productName = Runestone;
		};
		AD8DC5D92A900CD1008E2717 /* Fuse */ = {
			isa = XCSwiftPackageProductDependency;
			package = AD8DC5D82A900C83008E2717 /* XCRemoteSwiftPackageReference "fuse-swift" */;
			productName = Fuse;
		};
		ADB569E42A8E633400F67C54 /* SwiftyTypst */ = {
			isa = XCSwiftPackageProductDependency;
			productName = SwiftyTypst;
		};
/* End XCSwiftPackageProductDependency section */
	};
	rootObject = 8B4F2B622A21376D007A15D7 /* Project object */;
}
