{
  "pins" : [
    {
      "identity" : "fuse-swift",
      "kind" : "remoteSourceControl",
      "location" : "https://github.com/krisk/fuse-swift",
      "state" : {
        "revision" : "26ba868691b2d8b7bf2b1322951eb591be70ccca",
        "version" : "1.4.0"
      }
    },
    {
      "identity" : "runestone",
      "kind" : "remoteSourceControl",
      "location" : "https://github.com/simonbs/Runestone",
      "state" : {
        "revision" : "00dee9fbc9c93b709f6b1b052bce84cb971e493a",
        "version" : "0.3.2"
      }
    },
    {
      "identity" : "swiftytypst",
      "kind" : "remoteSourceControl",
      "location" : "https://github.com/persello/SwiftyTypst",
      "state" : {
        "branch" : "master",
        "revision" : "18fc45ff0ce84ca769a39e5ce83a360fe84a646f"
      }
    },
    {
      "identity" : "tree-sitter",
      "kind" : "remoteSourceControl",
      "location" : "https://github.com/simonbs/tree-sitter",
      "state" : {
        "revision" : "f88ae4ebe351d8aa99c31a17111607017d805118",
        "version" : "0.20.9-beta-1"
      }
    }
  ],
  "version" : 2
}
